{
  "version": 4,
  "terraform_version": "1.10.0",
  "serial": 25,
  "lineage": "9ddd66f9-1c5e-60f2-219b-e7169a8406c1",
  "outputs": {
    "cluster_name_suffix": {
      "value": "e7ep",
      "type": "string"
    },
    "private_subnets": {
      "value": [
        "subnet-05517ae92e72d7b1f",
        "subnet-0b2756dabb1c7a507",
        "subnet-00d5d3b5f0962c0fe"
      ],
      "type": [
        "tuple",
        [
          "string",
          "string",
          "string"
        ]
      ]
    },
    "public_subnets": {
      "value": [
        "subnet-030a9020e7a068654",
        "subnet-03e1470ae8b6a57dd",
        "subnet-0cefd4ff2644f859c"
      ],
      "type": [
        "tuple",
        [
          "string",
          "string",
          "string"
        ]
      ]
    },
    "vpc_cidr_block": {
      "value": "10.0.0.0/16",
      "type": "string"
    },
    "vpc_id": {
      "value": "vpc-0a659ec6c624d7c05",
      "type": "string"
    }
  },
  "resources": [
    {
      "mode": "data",
      "type": "aws_availability_zones",
      "name": "available",
      "provider": "provider[\"registry.terraform.io/hashicorp/aws\"]",
      "instances": [
        {
          "schema_version": 0,
          "attributes": {
            "all_availability_zones": null,
            "exclude_names": null,
            "exclude_zone_ids": null,
            "filter": null,
            "group_names": [
              "us-west-2-zg-1"
            ],
            "id": "us-west-2",
            "names": [
              "us-west-2a",
              "us-west-2b",
              "us-west-2c",
              "us-west-2d"
            ],
            "state": "available",
            "timeouts": null,
            "zone_ids": [
              "usw2-az2",
              "usw2-az1",
              "usw2-az3",
              "usw2-az4"
            ]
          },
          "sensitive_attributes": []
        }
      ]
    },
    {
      "mode": "data",
      "type": "aws_caller_identity",
      "name": "current",
      "provider": "provider[\"registry.terraform.io/hashicorp/aws\"]",
      "instances": [
        {
          "schema_version": 0,
          "attributes": {
            "account_id": "195663986124",
            "arn": "arn:aws:iam::195663986124:user/Retail",
            "id": "195663986124",
            "user_id": "AIDAS3DT3PXGO7Z7N6FPX"
          },
          "sensitive_attributes": []
        }
      ]
    },
    {
      "mode": "managed",
      "type": "random_string",
      "name": "suffix",
      "provider": "provider[\"registry.terraform.io/hashicorp/random\"]",
      "instances": [
        {
          "schema_version": 2,
          "attributes": {
            "id": "e7ep",
            "keepers": null,
            "length": 4,
            "lower": true,
            "min_lower": 0,
            "min_numeric": 0,
            "min_special": 0,
            "min_upper": 0,
            "number": true,
            "numeric": true,
            "override_special": null,
            "result": "e7ep",
            "special": false,
            "upper": false
          },
          "sensitive_attributes": [],
          "create_before_destroy": true
        }
      ]
    },
    {
      "module": "module.vpc",
      "mode": "managed",
      "type": "aws_default_network_acl",
      "name": "this",
      "provider": "provider[\"registry.terraform.io/hashicorp/aws\"]",
      "instances": [
        {
          "index_key": 0,
          "schema_version": 0,
          "attributes": {
            "arn": "arn:aws:ec2:us-west-2:195663986124:network-acl/acl-06d79ac94ff1641f3",
            "default_network_acl_id": "acl-06d79ac94ff1641f3",
            "egress": [
              {
                "action": "allow",
                "cidr_block": "",
                "from_port": 0,
                "icmp_code": null,
                "icmp_type": null,
                "ipv6_cidr_block": "::/0",
                "protocol": "-1",
                "rule_no": 101,
                "to_port": 0
              },
              {
                "action": "allow",
                "cidr_block": "0.0.0.0/0",
                "from_port": 0,
                "icmp_code": null,
                "icmp_type": null,
                "ipv6_cidr_block": "",
                "protocol": "-1",
                "rule_no": 100,
                "to_port": 0
              }
            ],
            "id": "acl-06d79ac94ff1641f3",
            "ingress": [
              {
                "action": "allow",
                "cidr_block": "",
                "from_port": 0,
                "icmp_code": null,
                "icmp_type": null,
                "ipv6_cidr_block": "::/0",
                "protocol": "-1",
                "rule_no": 101,
                "to_port": 0
              },
              {
                "action": "allow",
                "cidr_block": "0.0.0.0/0",
                "from_port": 0,
                "icmp_code": null,
                "icmp_type": null,
                "ipv6_cidr_block": "",
                "protocol": "-1",
                "rule_no": 100,
                "to_port": 0
              }
            ],
            "owner_id": "195663986124",
            "subnet_ids": [
              "subnet-00d5d3b5f0962c0fe",
              "subnet-030a9020e7a068654",
              "subnet-03e1470ae8b6a57dd",
              "subnet-05517ae92e72d7b1f",
              "subnet-0cefd4ff2644f859c"
            ],
            "tags": {
              "CreatedBy": "TrainWithShubhamCommunity",
              "CreatedDate": "2026-08-15",
              "Environment": "dev",
              "ManagedBy": "terraform",
              "Name": "retail-store-default-nacl",
              "Owner": "AIDAS3DT3PXGO7Z7N6FPX",
              "Project": "retail-store"
            },
            "tags_all": {
              "CreatedBy": "TrainWithShubhamCommunity",
              "CreatedDate": "2026-08-15",
              "Environment": "dev",
              "ManagedBy": "terraform",
              "Name": "retail-store-default-nacl",
              "Owner": "AIDAS3DT3PXGO7Z7N6FPX",
              "Project": "retail-store"
            },
            "vpc_id": "vpc-0a659ec6c624d7c05"
          },
          "sensitive_attributes": [],
          "private": "bnVsbA==",
          "dependencies": [
            "data.aws_caller_identity.current",
            "module.vpc.aws_vpc.this"
          ]
        }
      ]
    },
    {
      "module": "module.vpc",
      "mode": "managed",
      "type": "aws_default_route_table",
      "name": "default",
      "provider": "provider[\"registry.terraform.io/hashicorp/aws\"]",
      "instances": [
        {
          "index_key": 0,
          "schema_version": 0,
          "attributes": {
            "arn": "arn:aws:ec2:us-west-2:195663986124:route-table/rtb-00dfaeac56f5b481e",
            "default_route_table_id": "rtb-00dfaeac56f5b481e",
            "id": "rtb-00dfaeac56f5b481e",
            "owner_id": "195663986124",
            "propagating_vgws": null,
            "route": [],
            "tags": {
              "CreatedBy": "TrainWithShubhamCommunity",
              "CreatedDate": "2026-08-15",
              "Environment": "dev",
              "ManagedBy": "terraform",
              "Name": "retail-store-default-rt",
              "Owner": "AIDAS3DT3PXGO7Z7N6FPX",
              "Project": "retail-store"
            },
            "tags_all": {
              "CreatedBy": "TrainWithShubhamCommunity",
              "CreatedDate": "2026-08-15",
              "Environment": "dev",
              "ManagedBy": "terraform",
              "Name": "retail-store-default-rt",
              "Owner": "AIDAS3DT3PXGO7Z7N6FPX",
              "Project": "retail-store"
            },
            "timeouts": {
              "create": "5m",
              "update": "5m"
            },
            "vpc_id": "vpc-0a659ec6c624d7c05"
          },
          "sensitive_attributes": [],
          "private": "eyJlMmJmYjczMC1lY2FhLTExZTYtOGY4OC0zNDM2M2JjN2M0YzAiOnsiY3JlYXRlIjozMDAwMDAwMDAwMDAsInVwZGF0ZSI6MzAwMDAwMDAwMDAwfX0=",
          "dependencies": [
            "data.aws_caller_identity.current",
            "module.vpc.aws_vpc.this"
          ]
        }
      ]
    },
    {
      "module": "module.vpc",
      "mode": "managed",
      "type": "aws_default_security_group",
      "name": "this",
      "provider": "provider[\"registry.terraform.io/hashicorp/aws\"]",
      "instances": [
        {
          "index_key": 0,
          "schema_version": 1,
          "attributes": {
            "arn": "arn:aws:ec2:us-west-2:195663986124:security-group/sg-0ab8cdb7b2599d1d4",
            "description": "default VPC security group",
            "egress": [],
            "id": "sg-0ab8cdb7b2599d1d4",
            "ingress": [],
            "name": "default",
            "name_prefix": "",
            "owner_id": "195663986124",
            "revoke_rules_on_delete": false,
            "tags": {
              "CreatedBy": "TrainWithShubhamCommunity",
              "CreatedDate": "2026-08-15",
              "Environment": "dev",
              "ManagedBy": "terraform",
              "Name": "retail-store-default-sg",
              "Owner": "AIDAS3DT3PXGO7Z7N6FPX",
              "Project": "retail-store"
            },
            "tags_all": {
              "CreatedBy": "TrainWithShubhamCommunity",
              "CreatedDate": "2026-08-15",
              "Environment": "dev",
              "ManagedBy": "terraform",
              "Name": "retail-store-default-sg",
              "Owner": "AIDAS3DT3PXGO7Z7N6FPX",
              "Project": "retail-store"
            },
            "vpc_id": "vpc-0a659ec6c624d7c05"
          },
          "sensitive_attributes": [],
          "private": "eyJzY2hlbWFfdmVyc2lvbiI6IjEifQ==",
          "dependencies": [
            "data.aws_caller_identity.current",
            "module.vpc.aws_vpc.this"
          ]
        }
      ]
    },
    {
      "module": "module.vpc",
      "mode": "managed",
      "type": "aws_eip",
      "name": "nat",
      "provider": "provider[\"registry.terraform.io/hashicorp/aws\"]",
      "instances": [
        {
          "index_key": 0,
          "schema_version": 0,
          "attributes": {
            "address": null,
            "allocation_id": "eipalloc-05d4f7dc54cef4775",
            "arn": "arn:aws:ec2:us-west-2:195663986124:elastic-ip/eipalloc-05d4f7dc54cef4775",
            "associate_with_private_ip": null,
            "association_id": "",
            "carrier_ip": "",
            "customer_owned_ip": "",
            "customer_owned_ipv4_pool": "",
            "domain": "vpc",
            "id": "eipalloc-05d4f7dc54cef4775",
            "instance": "",
            "ipam_pool_id": null,
            "network_border_group": "us-west-2",
            "network_interface": "",
            "private_dns": null,
            "private_ip": "",
            "ptr_record": "",
            "public_dns": "ec2-35-161-55-192.us-west-2.compute.amazonaws.com",
            "public_ip": "35.161.55.192",
            "public_ipv4_pool": "amazon",
            "tags": {
              "CreatedBy": "TrainWithShubhamCommunity",
              "CreatedDate": "2026-08-15",
              "Environment": "dev",
              "ManagedBy": "terraform",
              "Name": "retail-store-vpc-us-west-2a",
              "Owner": "AIDAS3DT3PXGO7Z7N6FPX",
              "Project": "retail-store"
            },
            "tags_all": {
              "CreatedBy": "TrainWithShubhamCommunity",
              "CreatedDate": "2026-08-15",
              "Environment": "dev",
              "ManagedBy": "terraform",
              "Name": "retail-store-vpc-us-west-2a",
              "Owner": "AIDAS3DT3PXGO7Z7N6FPX",
              "Project": "retail-store"
            },
            "timeouts": null,
            "vpc": true
          },
          "sensitive_attributes": [],
          "private": "eyJlMmJmYjczMC1lY2FhLTExZTYtOGY4OC0zNDM2M2JjN2M0YzAiOnsiZGVsZXRlIjoxODAwMDAwMDAwMDAsInJlYWQiOjkwMDAwMDAwMDAwMCwidXBkYXRlIjozMDAwMDAwMDAwMDB9fQ==",
          "dependencies": [
            "data.aws_availability_zones.available",
            "data.aws_caller_identity.current",
            "module.vpc.aws_internet_gateway.this",
            "module.vpc.aws_vpc.this",
            "module.vpc.aws_vpc_ipv4_cidr_block_association.this"
          ]
        }
      ]
    },
    {
      "module": "module.vpc",
      "mode": "managed",
      "type": "aws_internet_gateway",
      "name": "this",
      "provider": "provider[\"registry.terraform.io/hashicorp/aws\"]",
      "instances": [
        {
          "index_key": 0,
          "schema_version": 0,
          "attributes": {
            "arn": "arn:aws:ec2:us-west-2:195663986124:internet-gateway/igw-01d54d99556038814",
            "id": "igw-01d54d99556038814",
            "owner_id": "195663986124",
            "tags": {
              "CreatedBy": "TrainWithShubhamCommunity",
              "CreatedDate": "2026-08-15",
              "Environment": "dev",
              "ManagedBy": "terraform",
              "Name": "retail-store-vpc",
              "Owner": "AIDAS3DT3PXGO7Z7N6FPX",
              "Project": "retail-store"
            },
            "tags_all": {
              "CreatedBy": "TrainWithShubhamCommunity",
              "CreatedDate": "2026-08-15",
              "Environment": "dev",
              "ManagedBy": "terraform",
              "Name": "retail-store-vpc",
              "Owner": "AIDAS3DT3PXGO7Z7N6FPX",
              "Project": "retail-store"
            },
            "timeouts": null,
            "vpc_id": "vpc-0a659ec6c624d7c05"
          },
          "sensitive_attributes": [],
          "private": "eyJlMmJmYjczMC1lY2FhLTExZTYtOGY4OC0zNDM2M2JjN2M0YzAiOnsiY3JlYXRlIjoxMjAwMDAwMDAwMDAwLCJkZWxldGUiOjEyMDAwMDAwMDAwMDAsInVwZGF0ZSI6MTIwMDAwMDAwMDAwMH19",
          "dependencies": [
            "data.aws_availability_zones.available",
            "data.aws_caller_identity.current",
            "module.vpc.aws_vpc.this",
            "module.vpc.aws_vpc_ipv4_cidr_block_association.this"
          ]
        }
      ]
    },
    {
      "module": "module.vpc",
      "mode": "managed",
      "type": "aws_nat_gateway",
      "name": "this",
      "provider": "provider[\"registry.terraform.io/hashicorp/aws\"]",
      "instances": [
        {
          "index_key": 0,
          "schema_version": 0,
          "attributes": {
            "allocation_id": "eipalloc-05d4f7dc54cef4775",
            "association_id": "eipassoc-0a2123d2b7481ea56",
            "connectivity_type": "public",
            "id": "nat-07a82578009a80913",
            "network_interface_id": "eni-01c1a4b874495af81",
            "private_ip": "10.0.0.103",
            "public_ip": "35.161.55.192",
            "secondary_allocation_ids": null,
            "secondary_private_ip_address_count": 0,
            "secondary_private_ip_addresses": [],
            "subnet_id": "subnet-030a9020e7a068654",
            "tags": {
              "CreatedBy": "TrainWithShubhamCommunity",
              "CreatedDate": "2026-08-15",
              "Environment": "dev",
              "ManagedBy": "terraform",
              "Name": "retail-store-vpc-us-west-2a",
              "Owner": "AIDAS3DT3PXGO7Z7N6FPX",
              "Project": "retail-store"
            },
            "tags_all": {
              "CreatedBy": "TrainWithShubhamCommunity",
              "CreatedDate": "2026-08-15",
              "Environment": "dev",
              "ManagedBy": "terraform",
              "Name": "retail-store-vpc-us-west-2a",
              "Owner": "AIDAS3DT3PXGO7Z7N6FPX",
              "Project": "retail-store"
            },
            "timeouts": null
          },
          "sensitive_attributes": [],
          "private": "eyJlMmJmYjczMC1lY2FhLTExZTYtOGY4OC0zNDM2M2JjN2M0YzAiOnsiY3JlYXRlIjo2MDAwMDAwMDAwMDAsImRlbGV0ZSI6MTgwMDAwMDAwMDAwMCwidXBkYXRlIjo2MDAwMDAwMDAwMDB9fQ==",
          "dependencies": [
            "data.aws_availability_zones.available",
            "data.aws_caller_identity.current",
            "module.vpc.aws_eip.nat",
            "module.vpc.aws_internet_gateway.this",
            "module.vpc.aws_subnet.public",
            "module.vpc.aws_vpc.this",
            "module.vpc.aws_vpc_ipv4_cidr_block_association.this",
            "random_string.suffix"
          ]
        }
      ]
    },
    {
      "module": "module.vpc",
      "mode": "managed",
      "type": "aws_route",
      "name": "private_nat_gateway",
      "provider": "provider[\"registry.terraform.io/hashicorp/aws\"]",
      "instances": [
        {
          "index_key": 0,
          "schema_version": 0,
          "attributes": {
            "carrier_gateway_id": "",
            "core_network_arn": "",
            "destination_cidr_block": "0.0.0.0/0",
            "destination_ipv6_cidr_block": "",
            "destination_prefix_list_id": "",
            "egress_only_gateway_id": "",
            "gateway_id": "",
            "id": "r-rtb-0894c84fef5fcbe0d1080289494",
            "instance_id": "",
            "instance_owner_id": "",
            "local_gateway_id": "",
            "nat_gateway_id": "nat-07a82578009a80913",
            "network_interface_id": "",
            "origin": "CreateRoute",
            "route_table_id": "rtb-0894c84fef5fcbe0d",
            "state": "active",
            "timeouts": {
              "create": "5m",
              "delete": null,
              "update": null
            },
            "transit_gateway_id": "",
            "vpc_endpoint_id": "",
            "vpc_peering_connection_id": ""
          },
          "sensitive_attributes": [],
          "private": "eyJlMmJmYjczMC1lY2FhLTExZTYtOGY4OC0zNDM2M2JjN2M0YzAiOnsiY3JlYXRlIjozMDAwMDAwMDAwMDAsImRlbGV0ZSI6MzAwMDAwMDAwMDAwLCJ1cGRhdGUiOjEyMDAwMDAwMDAwMH19",
          "dependencies": [
            "data.aws_availability_zones.available",
            "data.aws_caller_identity.current",
            "module.vpc.aws_eip.nat",
            "module.vpc.aws_internet_gateway.this",
            "module.vpc.aws_nat_gateway.this",
            "module.vpc.aws_route_table.private",
            "module.vpc.aws_subnet.public",
            "module.vpc.aws_vpc.this",
            "module.vpc.aws_vpc_ipv4_cidr_block_association.this",
            "random_string.suffix"
          ]
        }
      ]
    },
    {
      "module": "module.vpc",
      "mode": "managed",
      "type": "aws_route",
      "name": "public_internet_gateway",
      "provider": "provider[\"registry.terraform.io/hashicorp/aws\"]",
      "instances": [
        {
          "index_key": 0,
          "schema_version": 0,
          "attributes": {
            "carrier_gateway_id": "",
            "core_network_arn": "",
            "destination_cidr_block": "0.0.0.0/0",
            "destination_ipv6_cidr_block": "",
            "destination_prefix_list_id": "",
            "egress_only_gateway_id": "",
            "gateway_id": "igw-01d54d99556038814",
            "id": "r-rtb-00784669fe36ec4db1080289494",
            "instance_id": "",
            "instance_owner_id": "",
            "local_gateway_id": "",
            "nat_gateway_id": "",
            "network_interface_id": "",
            "origin": "CreateRoute",
            "route_table_id": "rtb-00784669fe36ec4db",
            "state": "active",
            "timeouts": {
              "create": "5m",
              "delete": null,
              "update": null
            },
            "transit_gateway_id": "",
            "vpc_endpoint_id": "",
            "vpc_peering_connection_id": ""
          },
          "sensitive_attributes": [],
          "private": "eyJlMmJmYjczMC1lY2FhLTExZTYtOGY4OC0zNDM2M2JjN2M0YzAiOnsiY3JlYXRlIjozMDAwMDAwMDAwMDAsImRlbGV0ZSI6MzAwMDAwMDAwMDAwLCJ1cGRhdGUiOjEyMDAwMDAwMDAwMH19",
          "dependencies": [
            "data.aws_availability_zones.available",
            "data.aws_caller_identity.current",
            "module.vpc.aws_internet_gateway.this",
            "module.vpc.aws_route_table.public",
            "module.vpc.aws_vpc.this",
            "module.vpc.aws_vpc_ipv4_cidr_block_association.this"
          ]
        }
      ]
    },
    {
      "module": "module.vpc",
      "mode": "managed",
      "type": "aws_route_table",
      "name": "private",
      "provider": "provider[\"registry.terraform.io/hashicorp/aws\"]",
      "instances": [
        {
          "index_key": 0,
          "schema_version": 0,
          "attributes": {
            "arn": "arn:aws:ec2:us-west-2:195663986124:route-table/rtb-0894c84fef5fcbe0d",
            "id": "rtb-0894c84fef5fcbe0d",
            "owner_id": "195663986124",
            "propagating_vgws": [],
            "route": [],
            "tags": {
              "CreatedBy": "TrainWithShubhamCommunity",
              "CreatedDate": "2026-08-15",
              "Environment": "dev",
              "ManagedBy": "terraform",
              "Name": "retail-store-vpc-private",
              "Owner": "AIDAS3DT3PXGO7Z7N6FPX",
              "Project": "retail-store"
            },
            "tags_all": {
              "CreatedBy": "TrainWithShubhamCommunity",
              "CreatedDate": "2026-08-15",
              "Environment": "dev",
              "ManagedBy": "terraform",
              "Name": "retail-store-vpc-private",
              "Owner": "AIDAS3DT3PXGO7Z7N6FPX",
              "Project": "retail-store"
            },
            "timeouts": null,
            "vpc_id": "vpc-0a659ec6c624d7c05"
          },
          "sensitive_attributes": [],
          "private": "eyJlMmJmYjczMC1lY2FhLTExZTYtOGY4OC0zNDM2M2JjN2M0YzAiOnsiY3JlYXRlIjozMDAwMDAwMDAwMDAsImRlbGV0ZSI6MzAwMDAwMDAwMDAwLCJ1cGRhdGUiOjEyMDAwMDAwMDAwMH19",
          "dependencies": [
            "data.aws_availability_zones.available",
            "data.aws_caller_identity.current",
            "module.vpc.aws_vpc.this",
            "module.vpc.aws_vpc_ipv4_cidr_block_association.this"
          ]
        }
      ]
    },
    {
      "module": "module.vpc",
      "mode": "managed",
      "type": "aws_route_table",
      "name": "public",
      "provider": "provider[\"registry.terraform.io/hashicorp/aws\"]",
      "instances": [
        {
          "index_key": 0,
          "schema_version": 0,
          "attributes": {
            "arn": "arn:aws:ec2:us-west-2:195663986124:route-table/rtb-00784669fe36ec4db",
            "id": "rtb-00784669fe36ec4db",
            "owner_id": "195663986124",
            "propagating_vgws": [],
            "route": [],
            "tags": {
              "CreatedBy": "TrainWithShubhamCommunity",
              "CreatedDate": "2026-08-15",
              "Environment": "dev",
              "ManagedBy": "terraform",
              "Name": "retail-store-vpc-public",
              "Owner": "AIDAS3DT3PXGO7Z7N6FPX",
              "Project": "retail-store"
            },
            "tags_all": {
              "CreatedBy": "TrainWithShubhamCommunity",
              "CreatedDate": "2026-08-15",
              "Environment": "dev",
              "ManagedBy": "terraform",
              "Name": "retail-store-vpc-public",
              "Owner": "AIDAS3DT3PXGO7Z7N6FPX",
              "Project": "retail-store"
            },
            "timeouts": null,
            "vpc_id": "vpc-0a659ec6c624d7c05"
          },
          "sensitive_attributes": [],
          "private": "eyJlMmJmYjczMC1lY2FhLTExZTYtOGY4OC0zNDM2M2JjN2M0YzAiOnsiY3JlYXRlIjozMDAwMDAwMDAwMDAsImRlbGV0ZSI6MzAwMDAwMDAwMDAwLCJ1cGRhdGUiOjEyMDAwMDAwMDAwMH19",
          "dependencies": [
            "data.aws_availability_zones.available",
            "data.aws_caller_identity.current",
            "module.vpc.aws_vpc.this",
            "module.vpc.aws_vpc_ipv4_cidr_block_association.this"
          ]
        }
      ]
    },
    {
      "module": "module.vpc",
      "mode": "managed",
      "type": "aws_route_table_association",
      "name": "private",
      "provider": "provider[\"registry.terraform.io/hashicorp/aws\"]",
      "instances": [
        {
          "index_key": 0,
          "schema_version": 0,
          "attributes": {
            "gateway_id": "",
            "id": "rtbassoc-0cc59f1c39c1492b2",
            "route_table_id": "rtb-0894c84fef5fcbe0d",
            "subnet_id": "subnet-05517ae92e72d7b1f",
            "timeouts": null
          },
          "sensitive_attributes": [],
          "private": "eyJlMmJmYjczMC1lY2FhLTExZTYtOGY4OC0zNDM2M2JjN2M0YzAiOnsiY3JlYXRlIjozMDAwMDAwMDAwMDAsImRlbGV0ZSI6MzAwMDAwMDAwMDAwLCJ1cGRhdGUiOjEyMDAwMDAwMDAwMH19",
          "dependencies": [
            "data.aws_availability_zones.available",
            "data.aws_caller_identity.current",
            "module.vpc.aws_route_table.private",
            "module.vpc.aws_subnet.private",
            "module.vpc.aws_vpc.this",
            "module.vpc.aws_vpc_ipv4_cidr_block_association.this",
            "random_string.suffix"
          ]
        },
        {
          "index_key": 1,
          "schema_version": 0,
          "attributes": {
            "gateway_id": "",
            "id": "rtbassoc-01f952acdd9075865",
            "route_table_id": "rtb-0894c84fef5fcbe0d",
            "subnet_id": "subnet-0b2756dabb1c7a507",
            "timeouts": null
          },
          "sensitive_attributes": [],
          "private": "eyJlMmJmYjczMC1lY2FhLTExZTYtOGY4OC0zNDM2M2JjN2M0YzAiOnsiY3JlYXRlIjozMDAwMDAwMDAwMDAsImRlbGV0ZSI6MzAwMDAwMDAwMDAwLCJ1cGRhdGUiOjEyMDAwMDAwMDAwMH19",
          "dependencies": [
            "data.aws_availability_zones.available",
            "data.aws_caller_identity.current",
            "module.vpc.aws_route_table.private",
            "module.vpc.aws_subnet.private",
            "module.vpc.aws_vpc.this",
            "module.vpc.aws_vpc_ipv4_cidr_block_association.this",
            "random_string.suffix"
          ]
        },
        {
          "index_key": 2,
          "schema_version": 0,
          "attributes": {
            "gateway_id": "",
            "id": "rtbassoc-012f7e1a4867a15f8",
            "route_table_id": "rtb-0894c84fef5fcbe0d",
            "subnet_id": "subnet-00d5d3b5f0962c0fe",
            "timeouts": null
          },
          "sensitive_attributes": [],
          "private": "eyJlMmJmYjczMC1lY2FhLTExZTYtOGY4OC0zNDM2M2JjN2M0YzAiOnsiY3JlYXRlIjozMDAwMDAwMDAwMDAsImRlbGV0ZSI6MzAwMDAwMDAwMDAwLCJ1cGRhdGUiOjEyMDAwMDAwMDAwMH19",
          "dependencies": [
            "data.aws_availability_zones.available",
            "data.aws_caller_identity.current",
            "module.vpc.aws_route_table.private",
            "module.vpc.aws_subnet.private",
            "module.vpc.aws_vpc.this",
            "module.vpc.aws_vpc_ipv4_cidr_block_association.this",
            "random_string.suffix"
          ]
        }
      ]
    },
    {
      "module": "module.vpc",
      "mode": "managed",
      "type": "aws_route_table_association",
      "name": "public",
      "provider": "provider[\"registry.terraform.io/hashicorp/aws\"]",
      "instances": [
        {
          "index_key": 0,
          "schema_version": 0,
          "attributes": {
            "gateway_id": "",
            "id": "rtbassoc-03ec73ddb4cc799aa",
            "route_table_id": "rtb-00784669fe36ec4db",
            "subnet_id": "subnet-030a9020e7a068654",
            "timeouts": null
          },
          "sensitive_attributes": [],
          "private": "eyJlMmJmYjczMC1lY2FhLTExZTYtOGY4OC0zNDM2M2JjN2M0YzAiOnsiY3JlYXRlIjozMDAwMDAwMDAwMDAsImRlbGV0ZSI6MzAwMDAwMDAwMDAwLCJ1cGRhdGUiOjEyMDAwMDAwMDAwMH19",
          "dependencies": [
            "data.aws_availability_zones.available",
            "data.aws_caller_identity.current",
            "module.vpc.aws_route_table.public",
            "module.vpc.aws_subnet.public",
            "module.vpc.aws_vpc.this",
            "module.vpc.aws_vpc_ipv4_cidr_block_association.this",
            "random_string.suffix"
          ]
        },
        {
          "index_key": 1,
          "schema_version": 0,
          "attributes": {
            "gateway_id": "",
            "id": "rtbassoc-09195b931e3eb2bd1",
            "route_table_id": "rtb-00784669fe36ec4db",
            "subnet_id": "subnet-03e1470ae8b6a57dd",
            "timeouts": null
          },
          "sensitive_attributes": [],
          "private": "eyJlMmJmYjczMC1lY2FhLTExZTYtOGY4OC0zNDM2M2JjN2M0YzAiOnsiY3JlYXRlIjozMDAwMDAwMDAwMDAsImRlbGV0ZSI6MzAwMDAwMDAwMDAwLCJ1cGRhdGUiOjEyMDAwMDAwMDAwMH19",
          "dependencies": [
            "data.aws_availability_zones.available",
            "data.aws_caller_identity.current",
            "module.vpc.aws_route_table.public",
            "module.vpc.aws_subnet.public",
            "module.vpc.aws_vpc.this",
            "module.vpc.aws_vpc_ipv4_cidr_block_association.this",
            "random_string.suffix"
          ]
        },
        {
          "index_key": 2,
          "schema_version": 0,
          "attributes": {
            "gateway_id": "",
            "id": "rtbassoc-0855349f95be3c024",
            "route_table_id": "rtb-00784669fe36ec4db",
            "subnet_id": "subnet-0cefd4ff2644f859c",
            "timeouts": null
          },
          "sensitive_attributes": [],
          "private": "eyJlMmJmYjczMC1lY2FhLTExZTYtOGY4OC0zNDM2M2JjN2M0YzAiOnsiY3JlYXRlIjozMDAwMDAwMDAwMDAsImRlbGV0ZSI6MzAwMDAwMDAwMDAwLCJ1cGRhdGUiOjEyMDAwMDAwMDAwMH19",
          "dependencies": [
            "data.aws_availability_zones.available",
            "data.aws_caller_identity.current",
            "module.vpc.aws_route_table.public",
            "module.vpc.aws_subnet.public",
            "module.vpc.aws_vpc.this",
            "module.vpc.aws_vpc_ipv4_cidr_block_association.this",
            "random_string.suffix"
          ]
        }
      ]
    },
    {
      "module": "module.vpc",
      "mode": "managed",
      "type": "aws_subnet",
      "name": "private",
      "provider": "provider[\"registry.terraform.io/hashicorp/aws\"]",
      "instances": [
        {
          "index_key": 0,
          "schema_version": 1,
          "attributes": {
            "arn": "arn:aws:ec2:us-west-2:195663986124:subnet/subnet-05517ae92e72d7b1f",
            "assign_ipv6_address_on_creation": false,
            "availability_zone": "us-west-2a",
            "availability_zone_id": "usw2-az2",
            "cidr_block": "10.0.10.0/24",
            "customer_owned_ipv4_pool": "",
            "enable_dns64": false,
            "enable_lni_at_device_index": 0,
            "enable_resource_name_dns_a_record_on_launch": false,
            "enable_resource_name_dns_aaaa_record_on_launch": false,
            "id": "subnet-05517ae92e72d7b1f",
            "ipv6_cidr_block": "",
            "ipv6_cidr_block_association_id": "",
            "ipv6_native": false,
            "map_customer_owned_ip_on_launch": false,
            "map_public_ip_on_launch": false,
            "outpost_arn": "",
            "owner_id": "195663986124",
            "private_dns_hostname_type_on_launch": "ip-name",
            "tags": {
              "CreatedBy": "TrainWithShubhamCommunity",
              "CreatedDate": "2026-08-15",
              "Environment": "dev",
              "ManagedBy": "terraform",
              "Name": "retail-store-vpc-private-us-west-2a",
              "Owner": "AIDAS3DT3PXGO7Z7N6FPX",
              "Project": "retail-store",
              "kubernetes.io/cluster/retail-store-e7ep": "shared",
              "kubernetes.io/role/internal-elb": "1"
            },
            "tags_all": {
              "CreatedBy": "TrainWithShubhamCommunity",
              "CreatedDate": "2026-08-15",
              "Environment": "dev",
              "ManagedBy": "terraform",
              "Name": "retail-store-vpc-private-us-west-2a",
              "Owner": "AIDAS3DT3PXGO7Z7N6FPX",
              "Project": "retail-store",
              "kubernetes.io/cluster/retail-store-e7ep": "shared",
              "kubernetes.io/role/internal-elb": "1"
            },
            "timeouts": null,
            "vpc_id": "vpc-0a659ec6c624d7c05"
          },
          "sensitive_attributes": [],
          "private": "eyJlMmJmYjczMC1lY2FhLTExZTYtOGY4OC0zNDM2M2JjN2M0YzAiOnsiY3JlYXRlIjo2MDAwMDAwMDAwMDAsImRlbGV0ZSI6MTIwMDAwMDAwMDAwMH0sInNjaGVtYV92ZXJzaW9uIjoiMSJ9",
          "dependencies": [
            "data.aws_availability_zones.available",
            "data.aws_caller_identity.current",
            "module.vpc.aws_vpc.this",
            "module.vpc.aws_vpc_ipv4_cidr_block_association.this",
            "random_string.suffix"
          ],
          "create_before_destroy": true
        },
        {
          "index_key": 1,
          "schema_version": 1,
          "attributes": {
            "arn": "arn:aws:ec2:us-west-2:195663986124:subnet/subnet-0b2756dabb1c7a507",
            "assign_ipv6_address_on_creation": false,
            "availability_zone": "us-west-2b",
            "availability_zone_id": "usw2-az1",
            "cidr_block": "10.0.11.0/24",
            "customer_owned_ipv4_pool": "",
            "enable_dns64": false,
            "enable_lni_at_device_index": 0,
            "enable_resource_name_dns_a_record_on_launch": false,
            "enable_resource_name_dns_aaaa_record_on_launch": false,
            "id": "subnet-0b2756dabb1c7a507",
            "ipv6_cidr_block": "",
            "ipv6_cidr_block_association_id": "",
            "ipv6_native": false,
            "map_customer_owned_ip_on_launch": false,
            "map_public_ip_on_launch": false,
            "outpost_arn": "",
            "owner_id": "195663986124",
            "private_dns_hostname_type_on_launch": "ip-name",
            "tags": {
              "CreatedBy": "TrainWithShubhamCommunity",
              "CreatedDate": "2026-08-15",
              "Environment": "dev",
              "ManagedBy": "terraform",
              "Name": "retail-store-vpc-private-us-west-2b",
              "Owner": "AIDAS3DT3PXGO7Z7N6FPX",
              "Project": "retail-store",
              "kubernetes.io/cluster/retail-store-e7ep": "shared",
              "kubernetes.io/role/internal-elb": "1"
            },
            "tags_all": {
              "CreatedBy": "TrainWithShubhamCommunity",
              "CreatedDate": "2026-08-15",
              "Environment": "dev",
              "ManagedBy": "terraform",
              "Name": "retail-store-vpc-private-us-west-2b",
              "Owner": "AIDAS3DT3PXGO7Z7N6FPX",
              "Project": "retail-store",
              "kubernetes.io/cluster/retail-store-e7ep": "shared",
              "kubernetes.io/role/internal-elb": "1"
            },
            "timeouts": null,
            "vpc_id": "vpc-0a659ec6c624d7c05"
          },
          "sensitive_attributes": [],
          "private": "eyJlMmJmYjczMC1lY2FhLTExZTYtOGY4OC0zNDM2M2JjN2M0YzAiOnsiY3JlYXRlIjo2MDAwMDAwMDAwMDAsImRlbGV0ZSI6MTIwMDAwMDAwMDAwMH0sInNjaGVtYV92ZXJzaW9uIjoiMSJ9",
          "dependencies": [
            "data.aws_availability_zones.available",
            "data.aws_caller_identity.current",
            "module.vpc.aws_vpc.this",
            "module.vpc.aws_vpc_ipv4_cidr_block_association.this",
            "random_string.suffix"
          ],
          "create_before_destroy": true
        },
        {
          "index_key": 2,
          "schema_version": 1,
          "attributes": {
            "arn": "arn:aws:ec2:us-west-2:195663986124:subnet/subnet-00d5d3b5f0962c0fe",
            "assign_ipv6_address_on_creation": false,
            "availability_zone": "us-west-2c",
            "availability_zone_id": "usw2-az3",
            "cidr_block": "10.0.12.0/24",
            "customer_owned_ipv4_pool": "",
            "enable_dns64": false,
            "enable_lni_at_device_index": 0,
            "enable_resource_name_dns_a_record_on_launch": false,
            "enable_resource_name_dns_aaaa_record_on_launch": false,
            "id": "subnet-00d5d3b5f0962c0fe",
            "ipv6_cidr_block": "",
            "ipv6_cidr_block_association_id": "",
            "ipv6_native": false,
            "map_customer_owned_ip_on_launch": false,
            "map_public_ip_on_launch": false,
            "outpost_arn": "",
            "owner_id": "195663986124",
            "private_dns_hostname_type_on_launch": "ip-name",
            "tags": {
              "CreatedBy": "TrainWithShubhamCommunity",
              "CreatedDate": "2026-08-15",
              "Environment": "dev",
              "ManagedBy": "terraform",
              "Name": "retail-store-vpc-private-us-west-2c",
              "Owner": "AIDAS3DT3PXGO7Z7N6FPX",
              "Project": "retail-store",
              "kubernetes.io/cluster/retail-store-e7ep": "shared",
              "kubernetes.io/role/internal-elb": "1"
            },
            "tags_all": {
              "CreatedBy": "TrainWithShubhamCommunity",
              "CreatedDate": "2026-08-15",
              "Environment": "dev",
              "ManagedBy": "terraform",
              "Name": "retail-store-vpc-private-us-west-2c",
              "Owner": "AIDAS3DT3PXGO7Z7N6FPX",
              "Project": "retail-store",
              "kubernetes.io/cluster/retail-store-e7ep": "shared",
              "kubernetes.io/role/internal-elb": "1"
            },
            "timeouts": null,
            "vpc_id": "vpc-0a659ec6c624d7c05"
          },
          "sensitive_attributes": [],
          "private": "eyJlMmJmYjczMC1lY2FhLTExZTYtOGY4OC0zNDM2M2JjN2M0YzAiOnsiY3JlYXRlIjo2MDAwMDAwMDAwMDAsImRlbGV0ZSI6MTIwMDAwMDAwMDAwMH0sInNjaGVtYV92ZXJzaW9uIjoiMSJ9",
          "dependencies": [
            "data.aws_availability_zones.available",
            "data.aws_caller_identity.current",
            "module.vpc.aws_vpc.this",
            "module.vpc.aws_vpc_ipv4_cidr_block_association.this",
            "random_string.suffix"
          ],
          "create_before_destroy": true
        }
      ]
    },
    {
      "module": "module.vpc",
      "mode": "managed",
      "type": "aws_subnet",
      "name": "public",
      "provider": "provider[\"registry.terraform.io/hashicorp/aws\"]",
      "instances": [
        {
          "index_key": 0,
          "schema_version": 1,
          "attributes": {
            "arn": "arn:aws:ec2:us-west-2:195663986124:subnet/subnet-030a9020e7a068654",
            "assign_ipv6_address_on_creation": false,
            "availability_zone": "us-west-2a",
            "availability_zone_id": "usw2-az2",
            "cidr_block": "10.0.0.0/24",
            "customer_owned_ipv4_pool": "",
            "enable_dns64": false,
            "enable_lni_at_device_index": 0,
            "enable_resource_name_dns_a_record_on_launch": false,
            "enable_resource_name_dns_aaaa_record_on_launch": false,
            "id": "subnet-030a9020e7a068654",
            "ipv6_cidr_block": "",
            "ipv6_cidr_block_association_id": "",
            "ipv6_native": false,
            "map_customer_owned_ip_on_launch": false,
            "map_public_ip_on_launch": false,
            "outpost_arn": "",
            "owner_id": "195663986124",
            "private_dns_hostname_type_on_launch": "ip-name",
            "tags": {
              "CreatedBy": "TrainWithShubhamCommunity",
              "CreatedDate": "2026-08-15",
              "Environment": "dev",
              "ManagedBy": "terraform",
              "Name": "retail-store-vpc-public-us-west-2a",
              "Owner": "AIDAS3DT3PXGO7Z7N6FPX",
              "Project": "retail-store",
              "kubernetes.io/cluster/retail-store-e7ep": "shared",
              "kubernetes.io/role/elb": "1"
            },
            "tags_all": {
              "CreatedBy": "TrainWithShubhamCommunity",
              "CreatedDate": "2026-08-15",
              "Environment": "dev",
              "ManagedBy": "terraform",
              "Name": "retail-store-vpc-public-us-west-2a",
              "Owner": "AIDAS3DT3PXGO7Z7N6FPX",
              "Project": "retail-store",
              "kubernetes.io/cluster/retail-store-e7ep": "shared",
              "kubernetes.io/role/elb": "1"
            },
            "timeouts": null,
            "vpc_id": "vpc-0a659ec6c624d7c05"
          },
          "sensitive_attributes": [],
          "private": "eyJlMmJmYjczMC1lY2FhLTExZTYtOGY4OC0zNDM2M2JjN2M0YzAiOnsiY3JlYXRlIjo2MDAwMDAwMDAwMDAsImRlbGV0ZSI6MTIwMDAwMDAwMDAwMH0sInNjaGVtYV92ZXJzaW9uIjoiMSJ9",
          "dependencies": [
            "data.aws_availability_zones.available",
            "data.aws_caller_identity.current",
            "module.vpc.aws_vpc.this",
            "module.vpc.aws_vpc_ipv4_cidr_block_association.this",
            "random_string.suffix"
          ]
        },
        {
          "index_key": 1,
          "schema_version": 1,
          "attributes": {
            "arn": "arn:aws:ec2:us-west-2:195663986124:subnet/subnet-03e1470ae8b6a57dd",
            "assign_ipv6_address_on_creation": false,
            "availability_zone": "us-west-2b",
            "availability_zone_id": "usw2-az1",
            "cidr_block": "10.0.1.0/24",
            "customer_owned_ipv4_pool": "",
            "enable_dns64": false,
            "enable_lni_at_device_index": 0,
            "enable_resource_name_dns_a_record_on_launch": false,
            "enable_resource_name_dns_aaaa_record_on_launch": false,
            "id": "subnet-03e1470ae8b6a57dd",
            "ipv6_cidr_block": "",
            "ipv6_cidr_block_association_id": "",
            "ipv6_native": false,
            "map_customer_owned_ip_on_launch": false,
            "map_public_ip_on_launch": false,
            "outpost_arn": "",
            "owner_id": "195663986124",
            "private_dns_hostname_type_on_launch": "ip-name",
            "tags": {
              "CreatedBy": "TrainWithShubhamCommunity",
              "CreatedDate": "2026-08-15",
              "Environment": "dev",
              "ManagedBy": "terraform",
              "Name": "retail-store-vpc-public-us-west-2b",
              "Owner": "AIDAS3DT3PXGO7Z7N6FPX",
              "Project": "retail-store",
              "kubernetes.io/cluster/retail-store-e7ep": "shared",
              "kubernetes.io/role/elb": "1"
            },
            "tags_all": {
              "CreatedBy": "TrainWithShubhamCommunity",
              "CreatedDate": "2026-08-15",
              "Environment": "dev",
              "ManagedBy": "terraform",
              "Name": "retail-store-vpc-public-us-west-2b",
              "Owner": "AIDAS3DT3PXGO7Z7N6FPX",
              "Project": "retail-store",
              "kubernetes.io/cluster/retail-store-e7ep": "shared",
              "kubernetes.io/role/elb": "1"
            },
            "timeouts": null,
            "vpc_id": "vpc-0a659ec6c624d7c05"
          },
          "sensitive_attributes": [],
          "private": "eyJlMmJmYjczMC1lY2FhLTExZTYtOGY4OC0zNDM2M2JjN2M0YzAiOnsiY3JlYXRlIjo2MDAwMDAwMDAwMDAsImRlbGV0ZSI6MTIwMDAwMDAwMDAwMH0sInNjaGVtYV92ZXJzaW9uIjoiMSJ9",
          "dependencies": [
            "data.aws_availability_zones.available",
            "data.aws_caller_identity.current",
            "module.vpc.aws_vpc.this",
            "module.vpc.aws_vpc_ipv4_cidr_block_association.this",
            "random_string.suffix"
          ]
        },
        {
          "index_key": 2,
          "schema_version": 1,
          "attributes": {
            "arn": "arn:aws:ec2:us-west-2:195663986124:subnet/subnet-0cefd4ff2644f859c",
            "assign_ipv6_address_on_creation": false,
            "availability_zone": "us-west-2c",
            "availability_zone_id": "usw2-az3",
            "cidr_block": "10.0.2.0/24",
            "customer_owned_ipv4_pool": "",
            "enable_dns64": false,
            "enable_lni_at_device_index": 0,
            "enable_resource_name_dns_a_record_on_launch": false,
            "enable_resource_name_dns_aaaa_record_on_launch": false,
            "id": "subnet-0cefd4ff2644f859c",
            "ipv6_cidr_block": "",
            "ipv6_cidr_block_association_id": "",
            "ipv6_native": false,
            "map_customer_owned_ip_on_launch": false,
            "map_public_ip_on_launch": false,
            "outpost_arn": "",
            "owner_id": "195663986124",
            "private_dns_hostname_type_on_launch": "ip-name",
            "tags": {
              "CreatedBy": "TrainWithShubhamCommunity",
              "CreatedDate": "2026-08-15",
              "Environment": "dev",
              "ManagedBy": "terraform",
              "Name": "retail-store-vpc-public-us-west-2c",
              "Owner": "AIDAS3DT3PXGO7Z7N6FPX",
              "Project": "retail-store",
              "kubernetes.io/cluster/retail-store-e7ep": "shared",
              "kubernetes.io/role/elb": "1"
            },
            "tags_all": {
              "CreatedBy": "TrainWithShubhamCommunity",
              "CreatedDate": "2026-08-15",
              "Environment": "dev",
              "ManagedBy": "terraform",
              "Name": "retail-store-vpc-public-us-west-2c",
              "Owner": "AIDAS3DT3PXGO7Z7N6FPX",
              "Project": "retail-store",
              "kubernetes.io/cluster/retail-store-e7ep": "shared",
              "kubernetes.io/role/elb": "1"
            },
            "timeouts": null,
            "vpc_id": "vpc-0a659ec6c624d7c05"
          },
          "sensitive_attributes": [],
          "private": "eyJlMmJmYjczMC1lY2FhLTExZTYtOGY4OC0zNDM2M2JjN2M0YzAiOnsiY3JlYXRlIjo2MDAwMDAwMDAwMDAsImRlbGV0ZSI6MTIwMDAwMDAwMDAwMH0sInNjaGVtYV92ZXJzaW9uIjoiMSJ9",
          "dependencies": [
            "data.aws_availability_zones.available",
            "data.aws_caller_identity.current",
            "module.vpc.aws_vpc.this",
            "module.vpc.aws_vpc_ipv4_cidr_block_association.this",
            "random_string.suffix"
          ]
        }
      ]
    },
    {
      "module": "module.vpc",
      "mode": "managed",
      "type": "aws_vpc",
      "name": "this",
      "provider": "provider[\"registry.terraform.io/hashicorp/aws\"]",
      "instances": [
        {
          "index_key": 0,
          "schema_version": 1,
          "attributes": {
            "arn": "arn:aws:ec2:us-west-2:195663986124:vpc/vpc-0a659ec6c624d7c05",
            "assign_generated_ipv6_cidr_block": false,
            "cidr_block": "10.0.0.0/16",
            "default_network_acl_id": "acl-06d79ac94ff1641f3",
            "default_route_table_id": "rtb-00dfaeac56f5b481e",
            "default_security_group_id": "sg-0ab8cdb7b2599d1d4",
            "dhcp_options_id": "dopt-0bff19c1ed86abee6",
            "enable_dns_hostnames": true,
            "enable_dns_support": true,
            "enable_network_address_usage_metrics": false,
            "id": "vpc-0a659ec6c624d7c05",
            "instance_tenancy": "default",
            "ipv4_ipam_pool_id": null,
            "ipv4_netmask_length": null,
            "ipv6_association_id": "",
            "ipv6_cidr_block": "",
            "ipv6_cidr_block_network_border_group": "",
            "ipv6_ipam_pool_id": "",
            "ipv6_netmask_length": 0,
            "main_route_table_id": "rtb-00dfaeac56f5b481e",
            "owner_id": "195663986124",
            "tags": {
              "CreatedBy": "TrainWithShubhamCommunity",
              "CreatedDate": "2026-08-15",
              "Environment": "dev",
              "ManagedBy": "terraform",
              "Name": "retail-store-vpc",
              "Owner": "AIDAS3DT3PXGO7Z7N6FPX",
              "Project": "retail-store"
            },
            "tags_all": {
              "CreatedBy": "TrainWithShubhamCommunity",
              "CreatedDate": "2026-08-15",
              "Environment": "dev",
              "ManagedBy": "terraform",
              "Name": "retail-store-vpc",
              "Owner": "AIDAS3DT3PXGO7Z7N6FPX",
              "Project": "retail-store"
            }
          },
          "sensitive_attributes": [],
          "private": "eyJzY2hlbWFfdmVyc2lvbiI6IjEifQ==",
          "dependencies": [
            "data.aws_caller_identity.current"
          ],
          "create_before_destroy": true
        }
      ]
    }
  ],
  "check_results": [
    {
      "object_kind": "var",
      "config_addr": "module.retail_app_eks.module.self_managed_node_group.var.platform",
      "status": "unknown",
      "objects": null
    },
    {
      "object_kind": "resource",
      "config_addr": "module.retail_app_eks.module.self_managed_node_group.module.user_data.null_resource.validate_cluster_service_cidr",
      "status": "unknown",
      "objects": null
    },
    {
      "object_kind": "resource",
      "config_addr": "module.retail_app_eks.module.eks_managed_node_group.module.user_data.null_resource.validate_cluster_service_cidr",
      "status": "unknown",
      "objects": null
    }
  ]
}
