{
  "version": 4,
  "terraform_version": "1.10.0",
  "serial": 68,
  "lineage": "9ddd66f9-1c5e-60f2-219b-e7169a8406c1",
  "outputs": {
    "cluster_endpoint": {
      "value": "https://6E80F06ECCC4D63A6EED47D9F289BFBF.gr7.us-west-2.eks.amazonaws.com",
      "type": "string"
    },
    "cluster_name": {
      "value": "retail-store-e7ep",
      "type": "string"
    },
    "cluster_name_suffix": {
      "value": "e7ep",
      "type": "string"
    },
    "cluster_oidc_issuer_url": {
      "value": "https://oidc.eks.us-west-2.amazonaws.com/id/6E80F06ECCC4D63A6EED47D9F289BFBF",
      "type": "string"
    },
    "cluster_security_group_id": {
      "value": "sg-0dc2c684cb556a46a",
      "type": "string"
    },
    "cluster_version": {
      "value": "1.33",
      "type": "string"
    },
    "configure_kubectl": {
      "value": "aws eks update-kubeconfig --region us-west-2 --name retail-store-e7ep",
      "type": "string"
    },
    "private_subnets": {
      "value": [
        "subnet-05517ae92e72d7b1f",
        "subnet-0b2756dabb1c7a507",
        "subnet-00d5d3b5f0962c0fe"
      ],
      "type": [
        "tuple",
        [
          "string",
          "string",
          "string"
        ]
      ]
    },
    "public_subnets": {
      "value": [
        "subnet-030a9020e7a068654",
        "subnet-03e1470ae8b6a57dd",
        "subnet-0cefd4ff2644f859c"
      ],
      "type": [
        "tuple",
        [
          "string",
          "string",
          "string"
        ]
      ]
    },
    "vpc_cidr_block": {
      "value": "10.0.0.0/16",
      "type": "string"
    },
    "vpc_id": {
      "value": "vpc-0a659ec6c624d7c05",
      "type": "string"
    }
  },
  "resources": [
    {
      "mode": "data",
      "type": "aws_availability_zones",
      "name": "available",
      "provider": "provider[\"registry.terraform.io/hashicorp/aws\"]",
      "instances": [
        {
          "schema_version": 0,
          "attributes": {
            "all_availability_zones": null,
            "exclude_names": null,
            "exclude_zone_ids": null,
            "filter": null,
            "group_names": [
              "us-west-2-zg-1"
            ],
            "id": "us-west-2",
            "names": [
              "us-west-2a",
              "us-west-2b",
              "us-west-2c",
              "us-west-2d"
            ],
            "state": "available",
            "timeouts": null,
            "zone_ids": [
              "usw2-az2",
              "usw2-az1",
              "usw2-az3",
              "usw2-az4"
            ]
          },
          "sensitive_attributes": []
        }
      ]
    },
    {
      "mode": "data",
      "type": "aws_caller_identity",
      "name": "current",
      "provider": "provider[\"registry.terraform.io/hashicorp/aws\"]",
      "instances": [
        {
          "schema_version": 0,
          "attributes": {
            "account_id": "195663986124",
            "arn": "arn:aws:iam::195663986124:user/Retail",
            "id": "195663986124",
            "user_id": "AIDAS3DT3PXGO7Z7N6FPX"
          },
          "sensitive_attributes": []
        }
      ]
    },
    {
      "mode": "managed",
      "type": "random_string",
      "name": "suffix",
      "provider": "provider[\"registry.terraform.io/hashicorp/random\"]",
      "instances": [
        {
          "schema_version": 2,
          "attributes": {
            "id": "e7ep",
            "keepers": null,
            "length": 4,
            "lower": true,
            "min_lower": 0,
            "min_numeric": 0,
            "min_special": 0,
            "min_upper": 0,
            "number": true,
            "numeric": true,
            "override_special": null,
            "result": "e7ep",
            "special": false,
            "upper": false
          },
          "sensitive_attributes": [],
          "create_before_destroy": true
        }
      ]
    },
    {
      "module": "module.retail_app_eks",
      "mode": "data",
      "type": "aws_caller_identity",
      "name": "current",
      "provider": "provider[\"registry.terraform.io/hashicorp/aws\"]",
      "instances": [
        {
          "index_key": 0,
          "schema_version": 0,
          "attributes": {
            "account_id": "195663986124",
            "arn": "arn:aws:iam::195663986124:user/Retail",
            "id": "195663986124",
            "user_id": "AIDAS3DT3PXGO7Z7N6FPX"
          },
          "sensitive_attributes": []
        }
      ]
    },
    {
      "module": "module.retail_app_eks",
      "mode": "data",
      "type": "aws_iam_policy_document",
      "name": "assume_role_policy",
      "provider": "provider[\"registry.terraform.io/hashicorp/aws\"]",
      "instances": [
        {
          "index_key": 0,
          "schema_version": 0,
          "attributes": {
            "id": "2830595799",
            "json": "{\n  \"Version\": \"2012-10-17\",\n  \"Statement\": [\n    {\n      \"Sid\": \"EKSClusterAssumeRole\",\n      \"Effect\": \"Allow\",\n      \"Action\": [\n        \"sts:TagSession\",\n        \"sts:AssumeRole\"\n      ],\n      \"Principal\": {\n        \"Service\": \"eks.amazonaws.com\"\n      }\n    }\n  ]\n}",
            "minified_json": "{\"Version\":\"2012-10-17\",\"Statement\":[{\"Sid\":\"EKSClusterAssumeRole\",\"Effect\":\"Allow\",\"Action\":[\"sts:TagSession\",\"sts:AssumeRole\"],\"Principal\":{\"Service\":\"eks.amazonaws.com\"}}]}",
            "override_json": null,
            "override_policy_documents": null,
            "policy_id": null,
            "source_json": null,
            "source_policy_documents": null,
            "statement": [
              {
                "actions": [
                  "sts:AssumeRole",
                  "sts:TagSession"
                ],
                "condition": [],
                "effect": "Allow",
                "not_actions": [],
                "not_principals": [],
                "not_resources": [],
                "principals": [
                  {
                    "identifiers": [
                      "eks.amazonaws.com"
                    ],
                    "type": "Service"
                  }
                ],
                "resources": [],
                "sid": "EKSClusterAssumeRole"
              }
            ],
            "version": "2012-10-17"
          },
          "sensitive_attributes": []
        }
      ]
    },
    {
      "module": "module.retail_app_eks",
      "mode": "data",
      "type": "aws_iam_policy_document",
      "name": "custom",
      "provider": "provider[\"registry.terraform.io/hashicorp/aws\"]",
      "instances": [
        {
          "index_key": 0,
          "schema_version": 0,
          "attributes": {
            "id": "513122117",
            "json": "{\n  \"Version\": \"2012-10-17\",\n  \"Statement\": [\n    {\n      \"Sid\": \"Compute\",\n      \"Effect\": \"Allow\",\n      \"Action\": [\n        \"ec2:RunInstances\",\n        \"ec2:CreateLaunchTemplate\",\n        \"ec2:CreateFleet\"\n      ],\n      \"Resource\": \"*\",\n      \"Condition\": {\n        \"StringEquals\": {\n          \"aws:RequestTag/eks:eks-cluster-name\": \"${aws:PrincipalTag/eks:eks-cluster-name}\"\n        },\n        \"StringLike\": {\n          \"aws:RequestTag/eks:kubernetes-node-class-name\": \"*\",\n          \"aws:RequestTag/eks:kubernetes-node-pool-name\": \"*\"\n        }\n      }\n    },\n    {\n      \"Sid\": \"Storage\",\n      \"Effect\": \"Allow\",\n      \"Action\": [\n        \"ec2:CreateVolume\",\n        \"ec2:CreateSnapshot\"\n      ],\n      \"Resource\": [\n        \"arn:aws:ec2:*:*:volume/*\",\n        \"arn:aws:ec2:*:*:snapshot/*\"\n      ],\n      \"Condition\": {\n        \"StringEquals\": {\n          \"aws:RequestTag/eks:eks-cluster-name\": \"${aws:PrincipalTag/eks:eks-cluster-name}\"\n        }\n      }\n    },\n    {\n      \"Sid\": \"Networking\",\n      \"Effect\": \"Allow\",\n      \"Action\": \"ec2:CreateNetworkInterface\",\n      \"Resource\": \"*\",\n      \"Condition\": {\n        \"StringEquals\": {\n          \"aws:RequestTag/eks:eks-cluster-name\": \"${aws:PrincipalTag/eks:eks-cluster-name}\",\n          \"aws:RequestTag/eks:kubernetes-cni-node-name\": \"*\"\n        }\n      }\n    },\n    {\n      \"Sid\": \"LoadBalancer\",\n      \"Effect\": \"Allow\",\n      \"Action\": [\n        \"elasticloadbalancing:CreateTargetGroup\",\n        \"elasticloadbalancing:CreateRule\",\n        \"elasticloadbalancing:CreateLoadBalancer\",\n        \"elasticloadbalancing:CreateListener\",\n        \"ec2:CreateSecurityGroup\"\n      ],\n      \"Resource\": \"*\",\n      \"Condition\": {\n        \"StringEquals\": {\n          \"aws:RequestTag/eks:eks-cluster-name\": \"${aws:PrincipalTag/eks:eks-cluster-name}\"\n        }\n      }\n    },\n    {\n      \"Sid\": \"ShieldProtection\",\n      \"Effect\": \"Allow\",\n      \"Action\": \"shield:CreateProtection\",\n      \"Resource\": \"*\",\n      \"Condition\": {\n        \"StringEquals\": {\n          \"aws:RequestTag/eks:eks-cluster-name\": \"${aws:PrincipalTag/eks:eks-cluster-name}\"\n        }\n      }\n    },\n    {\n      \"Sid\": \"ShieldTagResource\",\n      \"Effect\": \"Allow\",\n      \"Action\": \"shield:TagResource\",\n      \"Resource\": \"arn:aws:shield::*:protection/*\",\n      \"Condition\": {\n        \"StringEquals\": {\n          \"aws:RequestTag/eks:eks-cluster-name\": \"${aws:PrincipalTag/eks:eks-cluster-name}\"\n        }\n      }\n    }\n  ]\n}",
            "minified_json": "{\"Version\":\"2012-10-17\",\"Statement\":[{\"Sid\":\"Compute\",\"Effect\":\"Allow\",\"Action\":[\"ec2:RunInstances\",\"ec2:CreateLaunchTemplate\",\"ec2:CreateFleet\"],\"Resource\":\"*\",\"Condition\":{\"StringEquals\":{\"aws:RequestTag/eks:eks-cluster-name\":\"${aws:PrincipalTag/eks:eks-cluster-name}\"},\"StringLike\":{\"aws:RequestTag/eks:kubernetes-node-class-name\":\"*\",\"aws:RequestTag/eks:kubernetes-node-pool-name\":\"*\"}}},{\"Sid\":\"Storage\",\"Effect\":\"Allow\",\"Action\":[\"ec2:CreateVolume\",\"ec2:CreateSnapshot\"],\"Resource\":[\"arn:aws:ec2:*:*:volume/*\",\"arn:aws:ec2:*:*:snapshot/*\"],\"Condition\":{\"StringEquals\":{\"aws:RequestTag/eks:eks-cluster-name\":\"${aws:PrincipalTag/eks:eks-cluster-name}\"}}},{\"Sid\":\"Networking\",\"Effect\":\"Allow\",\"Action\":\"ec2:CreateNetworkInterface\",\"Resource\":\"*\",\"Condition\":{\"StringEquals\":{\"aws:RequestTag/eks:eks-cluster-name\":\"${aws:PrincipalTag/eks:eks-cluster-name}\",\"aws:RequestTag/eks:kubernetes-cni-node-name\":\"*\"}}},{\"Sid\":\"LoadBalancer\",\"Effect\":\"Allow\",\"Action\":[\"elasticloadbalancing:CreateTargetGroup\",\"elasticloadbalancing:CreateRule\",\"elasticloadbalancing:CreateLoadBalancer\",\"elasticloadbalancing:CreateListener\",\"ec2:CreateSecurityGroup\"],\"Resource\":\"*\",\"Condition\":{\"StringEquals\":{\"aws:RequestTag/eks:eks-cluster-name\":\"${aws:PrincipalTag/eks:eks-cluster-name}\"}}},{\"Sid\":\"ShieldProtection\",\"Effect\":\"Allow\",\"Action\":\"shield:CreateProtection\",\"Resource\":\"*\",\"Condition\":{\"StringEquals\":{\"aws:RequestTag/eks:eks-cluster-name\":\"${aws:PrincipalTag/eks:eks-cluster-name}\"}}},{\"Sid\":\"ShieldTagResource\",\"Effect\":\"Allow\",\"Action\":\"shield:TagResource\",\"Resource\":\"arn:aws:shield::*:protection/*\",\"Condition\":{\"StringEquals\":{\"aws:RequestTag/eks:eks-cluster-name\":\"${aws:PrincipalTag/eks:eks-cluster-name}\"}}}]}",
            "override_json": null,
            "override_policy_documents": null,
            "policy_id": null,
            "source_json": null,
            "source_policy_documents": null,
            "statement": [
              {
                "actions": [
                  "ec2:CreateFleet",
                  "ec2:CreateLaunchTemplate",
                  "ec2:RunInstances"
                ],
                "condition": [
                  {
                    "test": "StringEquals",
                    "values": [
                      "${aws:PrincipalTag/eks:eks-cluster-name}"
                    ],
                    "variable": "aws:RequestTag/eks:eks-cluster-name"
                  },
                  {
                    "test": "StringLike",
                    "values": [
                      "*"
                    ],
                    "variable": "aws:RequestTag/eks:kubernetes-node-class-name"
                  },
                  {
                    "test": "StringLike",
                    "values": [
                      "*"
                    ],
                    "variable": "aws:RequestTag/eks:kubernetes-node-pool-name"
                  }
                ],
                "effect": "Allow",
                "not_actions": [],
                "not_principals": [],
                "not_resources": [],
                "principals": [],
                "resources": [
                  "*"
                ],
                "sid": "Compute"
              },
              {
                "actions": [
                  "ec2:CreateSnapshot",
                  "ec2:CreateVolume"
                ],
                "condition": [
                  {
                    "test": "StringEquals",
                    "values": [
                      "${aws:PrincipalTag/eks:eks-cluster-name}"
                    ],
                    "variable": "aws:RequestTag/eks:eks-cluster-name"
                  }
                ],
                "effect": "Allow",
                "not_actions": [],
                "not_principals": [],
                "not_resources": [],
                "principals": [],
                "resources": [
                  "arn:aws:ec2:*:*:snapshot/*",
                  "arn:aws:ec2:*:*:volume/*"
                ],
                "sid": "Storage"
              },
              {
                "actions": [
                  "ec2:CreateNetworkInterface"
                ],
                "condition": [
                  {
                    "test": "StringEquals",
                    "values": [
                      "${aws:PrincipalTag/eks:eks-cluster-name}"
                    ],
                    "variable": "aws:RequestTag/eks:eks-cluster-name"
                  },
                  {
                    "test": "StringEquals",
                    "values": [
                      "*"
                    ],
                    "variable": "aws:RequestTag/eks:kubernetes-cni-node-name"
                  }
                ],
                "effect": "Allow",
                "not_actions": [],
                "not_principals": [],
                "not_resources": [],
                "principals": [],
                "resources": [
                  "*"
                ],
                "sid": "Networking"
              },
              {
                "actions": [
                  "ec2:CreateSecurityGroup",
                  "elasticloadbalancing:CreateListener",
                  "elasticloadbalancing:CreateLoadBalancer",
                  "elasticloadbalancing:CreateRule",
                  "elasticloadbalancing:CreateTargetGroup"
                ],
                "condition": [
                  {
                    "test": "StringEquals",
                    "values": [
                      "${aws:PrincipalTag/eks:eks-cluster-name}"
                    ],
                    "variable": "aws:RequestTag/eks:eks-cluster-name"
                  }
                ],
                "effect": "Allow",
                "not_actions": [],
                "not_principals": [],
                "not_resources": [],
                "principals": [],
                "resources": [
                  "*"
                ],
                "sid": "LoadBalancer"
              },
              {
                "actions": [
                  "shield:CreateProtection"
                ],
                "condition": [
                  {
                    "test": "StringEquals",
                    "values": [
                      "${aws:PrincipalTag/eks:eks-cluster-name}"
                    ],
                    "variable": "aws:RequestTag/eks:eks-cluster-name"
                  }
                ],
                "effect": "Allow",
                "not_actions": [],
                "not_principals": [],
                "not_resources": [],
                "principals": [],
                "resources": [
                  "*"
                ],
                "sid": "ShieldProtection"
              },
              {
                "actions": [
                  "shield:TagResource"
                ],
                "condition": [
                  {
                    "test": "StringEquals",
                    "values": [
                      "${aws:PrincipalTag/eks:eks-cluster-name}"
                    ],
                    "variable": "aws:RequestTag/eks:eks-cluster-name"
                  }
                ],
                "effect": "Allow",
                "not_actions": [],
                "not_principals": [],
                "not_resources": [],
                "principals": [],
                "resources": [
                  "arn:aws:shield::*:protection/*"
                ],
                "sid": "ShieldTagResource"
              }
            ],
            "version": "2012-10-17"
          },
          "sensitive_attributes": []
        }
      ]
    },
    {
      "module": "module.retail_app_eks",
      "mode": "data",
      "type": "aws_iam_policy_document",
      "name": "node_assume_role_policy",
      "provider": "provider[\"registry.terraform.io/hashicorp/aws\"]",
      "instances": [
        {
          "index_key": 0,
          "schema_version": 0,
          "attributes": {
            "id": "3518401652",
            "json": "{\n  \"Version\": \"2012-10-17\",\n  \"Statement\": [\n    {\n      \"Sid\": \"EKSAutoNodeAssumeRole\",\n      \"Effect\": \"Allow\",\n      \"Action\": [\n        \"sts:TagSession\",\n        \"sts:AssumeRole\"\n      ],\n      \"Principal\": {\n        \"Service\": \"ec2.amazonaws.com\"\n      }\n    }\n  ]\n}",
            "minified_json": "{\"Version\":\"2012-10-17\",\"Statement\":[{\"Sid\":\"EKSAutoNodeAssumeRole\",\"Effect\":\"Allow\",\"Action\":[\"sts:TagSession\",\"sts:AssumeRole\"],\"Principal\":{\"Service\":\"ec2.amazonaws.com\"}}]}",
            "override_json": null,
            "override_policy_documents": null,
            "policy_id": null,
            "source_json": null,
            "source_policy_documents": null,
            "statement": [
              {
                "actions": [
                  "sts:AssumeRole",
                  "sts:TagSession"
                ],
                "condition": [],
                "effect": "Allow",
                "not_actions": [],
                "not_principals": [],
                "not_resources": [],
                "principals": [
                  {
                    "identifiers": [
                      "ec2.amazonaws.com"
                    ],
                    "type": "Service"
                  }
                ],
                "resources": [],
                "sid": "EKSAutoNodeAssumeRole"
              }
            ],
            "version": "2012-10-17"
          },
          "sensitive_attributes": []
        }
      ]
    },
    {
      "module": "module.retail_app_eks",
      "mode": "data",
      "type": "aws_iam_session_context",
      "name": "current",
      "provider": "provider[\"registry.terraform.io/hashicorp/aws\"]",
      "instances": [
        {
          "index_key": 0,
          "schema_version": 0,
          "attributes": {
            "arn": "arn:aws:iam::195663986124:user/Retail",
            "id": "arn:aws:iam::195663986124:user/Retail",
            "issuer_arn": "arn:aws:iam::195663986124:user/Retail",
            "issuer_id": "",
            "issuer_name": "",
            "session_name": ""
          },
          "sensitive_attributes": []
        }
      ]
    },
    {
      "module": "module.retail_app_eks",
      "mode": "data",
      "type": "aws_partition",
      "name": "current",
      "provider": "provider[\"registry.terraform.io/hashicorp/aws\"]",
      "instances": [
        {
          "index_key": 0,
          "schema_version": 0,
          "attributes": {
            "dns_suffix": "amazonaws.com",
            "id": "aws",
            "partition": "aws",
            "reverse_dns_prefix": "com.amazonaws"
          },
          "sensitive_attributes": []
        }
      ]
    },
    {
      "module": "module.retail_app_eks",
      "mode": "data",
      "type": "tls_certificate",
      "name": "this",
      "provider": "provider[\"registry.terraform.io/hashicorp/tls\"]",
      "instances": [
        {
          "index_key": 0,
          "schema_version": 0,
          "attributes": {
            "certificates": [
              {
                "cert_pem": "-----BEGIN CERTIFICATE-----\nMIIEkjCCA3qgAwIBAgITBn+USionzfP6wq4rAfkI7rnExjANBgkqhkiG9w0BAQsF\nADCBmDELMAkGA1UEBhMCVVMxEDAOBgNVBAgTB0FyaXpvbmExEzARBgNVBAcTClNj\nb3R0c2RhbGUxJTAjBgNVBAoTHFN0YXJmaWVsZCBUZWNobm9sb2dpZXMsIEluYy4x\nOzA5BgNVBAMTMlN0YXJmaWVsZCBTZXJ2aWNlcyBSb290IENlcnRpZmljYXRlIEF1\ndGhvcml0eSAtIEcyMB4XDTE1MDUyNTEyMDAwMFoXDTM3MTIzMTAxMDAwMFowOTEL\nMAkGA1UEBhMCVVMxDzANBgNVBAoTBkFtYXpvbjEZMBcGA1UEAxMQQW1hem9uIFJv\nb3QgQ0EgMTCCASIwDQYJKoZIhvcNAQEBBQADggEPADCCAQoCggEBALJ4gHHKeNXj\nca9HgFB0fW7Y14h29Jlo91ghYPl0hAEvrAIthtOgQ3pOsqTQNroBvo3bSMgHFzZM\n9O6II8c+6zf1tRn4SWiw3te5djgdYZ6k/oI2peVKVuRF4fn9tBb6dNqcmzU5L/qw\nIFAGbHrQgLKm+a/sRxmPUDgH3KKHOVj4utWp+UhnMJbulHheb4mjUcAwhmahRWa6\nVOujw5H5SNz/0egwLX0tdHA114gk957EWW67c4cX8jJGKLhD+rcdqsq08p8kDi1L\n93FcXmn/6pUCyziKrlA4b9v7LWIbxcceVOF34GfID5yHI9Y/QCB/IIDEgEw+OyQm\njgSubJrIqg0CAwEAAaOCATEwggEtMA8GA1UdEwEB/wQFMAMBAf8wDgYDVR0PAQH/\nBAQDAgGGMB0GA1UdDgQWBBSEGMyFNOy8DJSULghZnMeyEE4KCDAfBgNVHSMEGDAW\ngBScXwDfqgHXMCs4iKK4bUqc8hGRgzB4BggrBgEFBQcBAQRsMGowLgYIKwYBBQUH\nMAGGImh0dHA6Ly9vY3NwLnJvb3RnMi5hbWF6b250cnVzdC5jb20wOAYIKwYBBQUH\nMAKGLGh0dHA6Ly9jcnQucm9vdGcyLmFtYXpvbnRydXN0LmNvbS9yb290ZzIuY2Vy\nMD0GA1UdHwQ2MDQwMqAwoC6GLGh0dHA6Ly9jcmwucm9vdGcyLmFtYXpvbnRydXN0\nLmNvbS9yb290ZzIuY3JsMBEGA1UdIAQKMAgwBgYEVR0gADANBgkqhkiG9w0BAQsF\nAAOCAQEAYjdCXLwQtT6LLOkMm2xF4gcAevnFWAu5CIw+7bMlPLVvUOTNNWqnkzSW\nMiGpSESrnO09tKpzbeR/FoCJbM8oAxiDR3mjEH4wW6w7sGDgd9QIpuEdfF7Au/ma\neyKdpwAJfqxGF4PcnCZXmTA5YpaP7dreqsXMGz7KQ2hsVxa81Q4gLv7/wmpdLqBK\nbRRYh5TmOTFffHPLkIhqhBGWJ6bt2YFGpn6jcgAKUj6DiAdjd4lpFw85hdKrCEVN\n0FE6/V1dN2RMfjCyVSRCnTawXZwXgWHxyvkQAiSr6w10kY17RSlQOYiypok1JR4U\nakcjMS9cmvqtmg5iUaQqqcT5NJ0hGA==\n-----END CERTIFICATE-----\n",
                "is_ca": true,
                "issuer": "CN=Starfield Services Root Certificate Authority - G2,O=Starfield Technologies\\, Inc.,L=Scottsdale,ST=Arizona,C=US",
                "max_path_length": -1,
                "not_after": "2037-12-31T01:00:00Z",
                "not_before": "2015-05-25T12:00:00Z",
                "public_key_algorithm": "RSA",
                "serial_number": "144918191876577076464031512351042010504348870",
                "sha1_fingerprint": "06b25927c42a721631c1efd9431e648fa62e1e39",
                "signature_algorithm": "SHA256-RSA",
                "subject": "CN=Amazon Root CA 1,O=Amazon,C=US",
                "version": 3
              },
              {
                "cert_pem": "-----BEGIN CERTIFICATE-----\nMIIEXjCCA0agAwIBAgITB3MSTyqVLj7Rili9uF0bwM5fJzANBgkqhkiG9w0BAQsF\nADA5MQswCQYDVQQGEwJVUzEPMA0GA1UEChMGQW1hem9uMRkwFwYDVQQDExBBbWF6\nb24gUm9vdCBDQSAxMB4XDTIyMDgyMzIyMjYzNVoXDTMwMDgyMzIyMjYzNVowPDEL\nMAkGA1UEBhMCVVMxDzANBgNVBAoTBkFtYXpvbjEcMBoGA1UEAxMTQW1hem9uIFJT\nQSAyMDQ4IE0wNDCCASIwDQYJKoZIhvcNAQEBBQADggEPADCCAQoCggEBAM3pVR6A\nlQOp4xe776FdePXyejgA38mYx1ou9/jrpV6Sfn+/oqBKgwhY6ePsQHHQayWBJdBn\nv4Wz363qRI4XUh9swBFJ11TnZ3LqOMvHmWq2+loA0QPtOfXdJ2fHBLrBrngtJ/GB\n0p5olAVYrSZgvQGP16Rf8ddtNyxEEhYm3HuhmNi+vSeAq1tLYJPAvRCXonTpWdSD\nxY6hvdmxlqTYi82AtBXSfpGQ58HHM0hw0C6aQakghrwWi5fGslLOqzpimNMIsT7c\nqa0GJx6JfKqJqmQQNplO2h8n9ZsFJgBowof01ppdoLAWg6caMOM0om/VILKaa30F\n9W/r8Qjah7ltGVkCAwEAAaOCAVowggFWMBIGA1UdEwEB/wQIMAYBAf8CAQAwDgYD\nVR0PAQH/BAQDAgGGMB0GA1UdJQQWMBQGCCsGAQUFBwMBBggrBgEFBQcDAjAdBgNV\nHQ4EFgQUH1KSYVaCVH+BZtgdPQqqMlyH3QgwHwYDVR0jBBgwFoAUhBjMhTTsvAyU\nlC4IWZzHshBOCggwewYIKwYBBQUHAQEEbzBtMC8GCCsGAQUFBzABhiNodHRwOi8v\nb2NzcC5yb290Y2ExLmFtYXpvbnRydXN0LmNvbTA6BggrBgEFBQcwAoYuaHR0cDov\nL2NydC5yb290Y2ExLmFtYXpvbnRydXN0LmNvbS9yb290Y2ExLmNlcjA/BgNVHR8E\nODA2MDSgMqAwhi5odHRwOi8vY3JsLnJvb3RjYTEuYW1hem9udHJ1c3QuY29tL3Jv\nb3RjYTEuY3JsMBMGA1UdIAQMMAowCAYGZ4EMAQIBMA0GCSqGSIb3DQEBCwUAA4IB\nAQA+1O5UsAaNuW3lHzJtpNGwBnZd9QEYFtxpiAnIaV4qApnGS9OCw5ZPwie7YSlD\nZF5yyFPsFhUC2Q9uJHY/CRV1b5hIiGH0+6+w5PgKiY1MWuWT8VAaJjFxvuhM7a/e\nfN2TIw1Wd6WCl6YRisunjQOrSP+unqC8A540JNyZ1JOE3jVqat3OZBGgMvihdj2w\nY23EpwesrKiQzkHzmvSH67PVW4ycbPy08HVZnBxZ5NrlGG9bwXR3fNTaz+c+Ej6c\n5AnwI3qkOFgSkg3Y75cdFz6pO/olK+e3AqygAcv0WjzmkDPuBjssuZjCHMC56oH3\nGJkV29Di2j5prHJbwZjG1inU\n-----END CERTIFICATE-----\n",
                "is_ca": true,
                "issuer": "CN=Amazon Root CA 1,O=Amazon,C=US",
                "max_path_length": 0,
                "not_after": "2030-08-23T22:26:35Z",
                "not_before": "2022-08-23T22:26:35Z",
                "public_key_algorithm": "RSA",
                "serial_number": "166129359584585245282080020727744908546170663",
                "sha1_fingerprint": "e7b8b5a6743ce1b2f17b041de59558a41472d70c",
                "signature_algorithm": "SHA256-RSA",
                "subject": "CN=Amazon RSA 2048 M04,O=Amazon,C=US",
                "version": 3
              },
              {
                "cert_pem": "-----BEGIN CERTIFICATE-----\nMIIF3DCCBMSgAwIBAgIQDQV9d1Pckakw9/avbXdLkzANBgkqhkiG9w0BAQsFADA8\nMQswCQYDVQQGEwJVUzEPMA0GA1UEChMGQW1hem9uMRwwGgYDVQQDExNBbWF6b24g\nUlNBIDIwNDggTTA0MB4XDTI2MDIwMTAwMDAwMFoXDTI3MDMwMjIzNTk1OVowKDEm\nMCQGA1UEAwwdKi5la3MudXMtd2VzdC0yLmFtYXpvbmF3cy5jb20wggEiMA0GCSqG\nSIb3DQEBAQUAA4IBDwAwggEKAoIBAQDUrtybLxNh6kicFXKyZ80JadVMf81AAUe7\n+uNNPUoirB6E/eJOMYFcpOMRegRr1+Bj5GkIllgpQkblG5FML0JpoV0U7KKJ/KLq\nXcaoMso2Z1enLUrXsp09jWaLC0JAvWVfQ1zywX7l7gDv1VYQUjEMnHjtmIRBDOvI\n6yfIeQ/vamYC4wBUTgYuNDt2M1W6dHlWFSckQj1gAoQJeTF7MFvTxNphD/UuJ+/z\ngVCg5EX5zY4J1m0WdYNYHBO1k86FgkBwPpfl3CoTk+dr/HtNtecEoyXVcar3kGdP\n6XaEQjTpSmnLMwiUdXeaO6y/ycjucTlEdCJymTlQi7oCrrFQkb89AgMBAAGjggLs\nMIIC6DAfBgNVHSMEGDAWgBQfUpJhVoJUf4Fm2B09CqoyXIfdCDAdBgNVHQ4EFgQU\nS6cIgvI3+EyOstSdOMBsAFpq+PAwKAYDVR0RBCEwH4IdKi5la3MudXMtd2VzdC0y\nLmFtYXpvbmF3cy5jb20wEwYDVR0gBAwwCjAIBgZngQwBAgEwDgYDVR0PAQH/BAQD\nAgWgMBMGA1UdJQQMMAoGCCsGAQUFBwMBMDsGA1UdHwQ0MDIwMKAuoCyGKmh0dHA6\nLy9jcmwucjJtMDQuYW1hem9udHJ1c3QuY29tL3IybTA0LmNybDB1BggrBgEFBQcB\nAQRpMGcwLQYIKwYBBQUHMAGGIWh0dHA6Ly9vY3NwLnIybTA0LmFtYXpvbnRydXN0\nLmNvbTA2BggrBgEFBQcwAoYqaHR0cDovL2NydC5yMm0wNC5hbWF6b250cnVzdC5j\nb20vcjJtMDQuY2VyMAwGA1UdEwEB/wQCMAAwggF+BgorBgEEAdZ5AgQCBIIBbgSC\nAWoBaAB2AExj3JjlnB2riPYeij3ero+rRKM3e1+blMP7oZz8wb4mAAABnBadJOkA\nAAQDAEcwRQIhAMefEVRWmXr8K/0vkj+gjXXQTbRXw9CQqnmdz1aetKPiAiBzBfYw\nh9vz9Qhgsn1IUqNClM6X0+0X6ewSuA3gbbFVpAB3AByfaCzp+vBFaVD4G5aKh93b\nMhDYTObIsuOCUkrEz1mfAAABnBadJOgAAAQDAEgwRgIhAJuTj3hURPwYbgM5Ws/z\ngyzFrm6zqJhNm/9URF9ChtSeAiEAzMZR7unXCg/JwSBEztJvfTHX6kmG8E8WPpr1\niaOxvHcAdQBgTJqven93XwHUBvySDciZ6wscffjJUhv6+hd3O5eLyQAAAZwWnSXI\nAAAEAwBGMEQCIFP2mgbUhpxZWXI00D4UfkBddoqj4KYmlFKI3yO7OvEeAiA72WEB\n0YRrnqH9RiMQCRPmpx0Jeb9W0meF5XD3XhuqljANBgkqhkiG9w0BAQsFAAOCAQEA\nyU9ItZOuE69q8N2HTgB3Mn6KVOTbFjvHEAXZg9j+wxLBzvpUmQmkvtg/bw5coOYZ\nkLtI4Lwl0qPMgVB5jWjVMq2CR2wpebMUxfTektNV+831n1Nd0v/J0k1Pw9IX7BNz\nstV5kMcw1UmcWZjRK4DFqiv5hHLl/+Pm/Kkszk80ljNihZhlTRUWA0iQPHrkiwMe\nj1NbGk5QWJUCI9X0OfmfvwKILD383irwt+b78J78clcg4GjixGz8MU4v8GzQwc6x\nGMzH9ui7E7TktJ4XwjAS6ST4Qm+zmZdpnYwnTpSmbF2PztIF2G7zW0Bm1RyjXnun\nCEEHt64OMliW3oLkjdFKbg==\n-----END CERTIFICATE-----\n",
                "is_ca": false,
                "issuer": "CN=Amazon RSA 2048 M04,O=Amazon,C=US",
                "max_path_length": -1,
                "not_after": "2027-03-02T23:59:59Z",
                "not_before": "2026-02-01T00:00:00Z",
                "public_key_algorithm": "RSA",
                "serial_number": "17308470184802283501806495047878134675",
                "sha1_fingerprint": "a84554e91b2f69f6035a36b183074726b12ffa9c",
                "signature_algorithm": "SHA256-RSA",
                "subject": "CN=*.eks.us-west-2.amazonaws.com",
                "version": 3
              }
            ],
            "content": null,
            "id": "f97f646c2cd14cc0db0f757f0fccc96abbbe2af5",
            "url": "https://oidc.eks.us-west-2.amazonaws.com/id/6E80F06ECCC4D63A6EED47D9F289BFBF",
            "verify_chain": true
          },
          "sensitive_attributes": []
        }
      ]
    },
    {
      "module": "module.retail_app_eks",
      "mode": "managed",
      "type": "aws_cloudwatch_log_group",
      "name": "this",
      "provider": "provider[\"registry.terraform.io/hashicorp/aws\"]",
      "instances": [
        {
          "index_key": 0,
          "schema_version": 0,
          "attributes": {
            "arn": "arn:aws:logs:us-west-2:195663986124:log-group:/aws/eks/retail-store-e7ep/cluster",
            "id": "/aws/eks/retail-store-e7ep/cluster",
            "kms_key_id": "",
            "log_group_class": "STANDARD",
            "name": "/aws/eks/retail-store-e7ep/cluster",
            "name_prefix": "",
            "retention_in_days": 90,
            "skip_destroy": false,
            "tags": {
              "CreatedBy": "TrainWithShubhamCommunity",
              "CreatedDate": "2026-08-15",
              "Environment": "dev",
              "ManagedBy": "terraform",
              "Name": "/aws/eks/retail-store-e7ep/cluster",
              "Owner": "AIDAS3DT3PXGO7Z7N6FPX",
              "Project": "retail-store"
            },
            "tags_all": {
              "CreatedBy": "TrainWithShubhamCommunity",
              "CreatedDate": "2026-08-15",
              "Environment": "dev",
              "ManagedBy": "terraform",
              "Name": "/aws/eks/retail-store-e7ep/cluster",
              "Owner": "AIDAS3DT3PXGO7Z7N6FPX",
              "Project": "retail-store"
            }
          },
          "sensitive_attributes": [],
          "private": "bnVsbA==",
          "dependencies": [
            "data.aws_caller_identity.current",
            "random_string.suffix"
          ],
          "create_before_destroy": true
        }
      ]
    },
    {
      "module": "module.retail_app_eks",
      "mode": "managed",
      "type": "aws_ec2_tag",
      "name": "cluster_primary_security_group",
      "provider": "provider[\"registry.terraform.io/hashicorp/aws\"]",
      "instances": [
        {
          "index_key": "CreatedBy",
          "schema_version": 0,
          "attributes": {
            "id": "sg-04ef52d868554e2bd,CreatedBy",
            "key": "CreatedBy",
            "resource_id": "sg-04ef52d868554e2bd",
            "value": "TrainWithShubhamCommunity"
          },
          "sensitive_attributes": [],
          "private": "bnVsbA==",
          "dependencies": [
            "data.aws_availability_zones.available",
            "data.aws_caller_identity.current",
            "module.retail_app_eks.aws_cloudwatch_log_group.this",
            "module.retail_app_eks.aws_eks_cluster.this",
            "module.retail_app_eks.aws_iam_policy.cni_ipv6_policy",
            "module.retail_app_eks.aws_iam_role.eks_auto",
            "module.retail_app_eks.aws_iam_role.this",
            "module.retail_app_eks.aws_iam_role_policy_attachment.this",
            "module.retail_app_eks.aws_security_group.cluster",
            "module.retail_app_eks.aws_security_group.node",
            "module.retail_app_eks.aws_security_group_rule.cluster",
            "module.retail_app_eks.aws_security_group_rule.node",
            "module.retail_app_eks.data.aws_caller_identity.current",
            "module.retail_app_eks.data.aws_iam_policy_document.assume_role_policy",
            "module.retail_app_eks.data.aws_iam_policy_document.cni_ipv6_policy",
            "module.retail_app_eks.data.aws_iam_policy_document.node_assume_role_policy",
            "module.retail_app_eks.data.aws_iam_session_context.current",
            "module.retail_app_eks.data.aws_partition.current",
            "module.retail_app_eks.module.kms.aws_kms_external_key.this",
            "module.retail_app_eks.module.kms.aws_kms_key.this",
            "module.retail_app_eks.module.kms.aws_kms_replica_external_key.this",
            "module.retail_app_eks.module.kms.aws_kms_replica_key.this",
            "module.retail_app_eks.module.kms.data.aws_caller_identity.current",
            "module.retail_app_eks.module.kms.data.aws_iam_policy_document.this",
            "module.retail_app_eks.module.kms.data.aws_partition.current",
            "module.vpc.aws_subnet.private",
            "module.vpc.aws_vpc.this",
            "module.vpc.aws_vpc_ipv4_cidr_block_association.this",
            "random_string.suffix"
          ]
        },
        {
          "index_key": "CreatedDate",
          "schema_version": 0,
          "attributes": {
            "id": "sg-04ef52d868554e2bd,CreatedDate",
            "key": "CreatedDate",
            "resource_id": "sg-04ef52d868554e2bd",
            "value": "2026-08-15"
          },
          "sensitive_attributes": [],
          "private": "bnVsbA==",
          "dependencies": [
            "data.aws_availability_zones.available",
            "data.aws_caller_identity.current",
            "module.retail_app_eks.aws_cloudwatch_log_group.this",
            "module.retail_app_eks.aws_eks_cluster.this",
            "module.retail_app_eks.aws_iam_policy.cni_ipv6_policy",
            "module.retail_app_eks.aws_iam_role.eks_auto",
            "module.retail_app_eks.aws_iam_role.this",
            "module.retail_app_eks.aws_iam_role_policy_attachment.this",
            "module.retail_app_eks.aws_security_group.cluster",
            "module.retail_app_eks.aws_security_group.node",
            "module.retail_app_eks.aws_security_group_rule.cluster",
            "module.retail_app_eks.aws_security_group_rule.node",
            "module.retail_app_eks.data.aws_caller_identity.current",
            "module.retail_app_eks.data.aws_iam_policy_document.assume_role_policy",
            "module.retail_app_eks.data.aws_iam_policy_document.cni_ipv6_policy",
            "module.retail_app_eks.data.aws_iam_policy_document.node_assume_role_policy",
            "module.retail_app_eks.data.aws_iam_session_context.current",
            "module.retail_app_eks.data.aws_partition.current",
            "module.retail_app_eks.module.kms.aws_kms_external_key.this",
            "module.retail_app_eks.module.kms.aws_kms_key.this",
            "module.retail_app_eks.module.kms.aws_kms_replica_external_key.this",
            "module.retail_app_eks.module.kms.aws_kms_replica_key.this",
            "module.retail_app_eks.module.kms.data.aws_caller_identity.current",
            "module.retail_app_eks.module.kms.data.aws_iam_policy_document.this",
            "module.retail_app_eks.module.kms.data.aws_partition.current",
            "module.vpc.aws_subnet.private",
            "module.vpc.aws_vpc.this",
            "module.vpc.aws_vpc_ipv4_cidr_block_association.this",
            "random_string.suffix"
          ]
        },
        {
          "index_key": "Environment",
          "schema_version": 0,
          "attributes": {
            "id": "sg-04ef52d868554e2bd,Environment",
            "key": "Environment",
            "resource_id": "sg-04ef52d868554e2bd",
            "value": "dev"
          },
          "sensitive_attributes": [],
          "private": "bnVsbA==",
          "dependencies": [
            "data.aws_availability_zones.available",
            "data.aws_caller_identity.current",
            "module.retail_app_eks.aws_cloudwatch_log_group.this",
            "module.retail_app_eks.aws_eks_cluster.this",
            "module.retail_app_eks.aws_iam_policy.cni_ipv6_policy",
            "module.retail_app_eks.aws_iam_role.eks_auto",
            "module.retail_app_eks.aws_iam_role.this",
            "module.retail_app_eks.aws_iam_role_policy_attachment.this",
            "module.retail_app_eks.aws_security_group.cluster",
            "module.retail_app_eks.aws_security_group.node",
            "module.retail_app_eks.aws_security_group_rule.cluster",
            "module.retail_app_eks.aws_security_group_rule.node",
            "module.retail_app_eks.data.aws_caller_identity.current",
            "module.retail_app_eks.data.aws_iam_policy_document.assume_role_policy",
            "module.retail_app_eks.data.aws_iam_policy_document.cni_ipv6_policy",
            "module.retail_app_eks.data.aws_iam_policy_document.node_assume_role_policy",
            "module.retail_app_eks.data.aws_iam_session_context.current",
            "module.retail_app_eks.data.aws_partition.current",
            "module.retail_app_eks.module.kms.aws_kms_external_key.this",
            "module.retail_app_eks.module.kms.aws_kms_key.this",
            "module.retail_app_eks.module.kms.aws_kms_replica_external_key.this",
            "module.retail_app_eks.module.kms.aws_kms_replica_key.this",
            "module.retail_app_eks.module.kms.data.aws_caller_identity.current",
            "module.retail_app_eks.module.kms.data.aws_iam_policy_document.this",
            "module.retail_app_eks.module.kms.data.aws_partition.current",
            "module.vpc.aws_subnet.private",
            "module.vpc.aws_vpc.this",
            "module.vpc.aws_vpc_ipv4_cidr_block_association.this",
            "random_string.suffix"
          ]
        },
        {
          "index_key": "ManagedBy",
          "schema_version": 0,
          "attributes": {
            "id": "sg-04ef52d868554e2bd,ManagedBy",
            "key": "ManagedBy",
            "resource_id": "sg-04ef52d868554e2bd",
            "value": "terraform"
          },
          "sensitive_attributes": [],
          "private": "bnVsbA==",
          "dependencies": [
            "data.aws_availability_zones.available",
            "data.aws_caller_identity.current",
            "module.retail_app_eks.aws_cloudwatch_log_group.this",
            "module.retail_app_eks.aws_eks_cluster.this",
            "module.retail_app_eks.aws_iam_policy.cni_ipv6_policy",
            "module.retail_app_eks.aws_iam_role.eks_auto",
            "module.retail_app_eks.aws_iam_role.this",
            "module.retail_app_eks.aws_iam_role_policy_attachment.this",
            "module.retail_app_eks.aws_security_group.cluster",
            "module.retail_app_eks.aws_security_group.node",
            "module.retail_app_eks.aws_security_group_rule.cluster",
            "module.retail_app_eks.aws_security_group_rule.node",
            "module.retail_app_eks.data.aws_caller_identity.current",
            "module.retail_app_eks.data.aws_iam_policy_document.assume_role_policy",
            "module.retail_app_eks.data.aws_iam_policy_document.cni_ipv6_policy",
            "module.retail_app_eks.data.aws_iam_policy_document.node_assume_role_policy",
            "module.retail_app_eks.data.aws_iam_session_context.current",
            "module.retail_app_eks.data.aws_partition.current",
            "module.retail_app_eks.module.kms.aws_kms_external_key.this",
            "module.retail_app_eks.module.kms.aws_kms_key.this",
            "module.retail_app_eks.module.kms.aws_kms_replica_external_key.this",
            "module.retail_app_eks.module.kms.aws_kms_replica_key.this",
            "module.retail_app_eks.module.kms.data.aws_caller_identity.current",
            "module.retail_app_eks.module.kms.data.aws_iam_policy_document.this",
            "module.retail_app_eks.module.kms.data.aws_partition.current",
            "module.vpc.aws_subnet.private",
            "module.vpc.aws_vpc.this",
            "module.vpc.aws_vpc_ipv4_cidr_block_association.this",
            "random_string.suffix"
          ]
        },
        {
          "index_key": "Owner",
          "schema_version": 0,
          "attributes": {
            "id": "sg-04ef52d868554e2bd,Owner",
            "key": "Owner",
            "resource_id": "sg-04ef52d868554e2bd",
            "value": "AIDAS3DT3PXGO7Z7N6FPX"
          },
          "sensitive_attributes": [],
          "private": "bnVsbA==",
          "dependencies": [
            "data.aws_availability_zones.available",
            "data.aws_caller_identity.current",
            "module.retail_app_eks.aws_cloudwatch_log_group.this",
            "module.retail_app_eks.aws_eks_cluster.this",
            "module.retail_app_eks.aws_iam_policy.cni_ipv6_policy",
            "module.retail_app_eks.aws_iam_role.eks_auto",
            "module.retail_app_eks.aws_iam_role.this",
            "module.retail_app_eks.aws_iam_role_policy_attachment.this",
            "module.retail_app_eks.aws_security_group.cluster",
            "module.retail_app_eks.aws_security_group.node",
            "module.retail_app_eks.aws_security_group_rule.cluster",
            "module.retail_app_eks.aws_security_group_rule.node",
            "module.retail_app_eks.data.aws_caller_identity.current",
            "module.retail_app_eks.data.aws_iam_policy_document.assume_role_policy",
            "module.retail_app_eks.data.aws_iam_policy_document.cni_ipv6_policy",
            "module.retail_app_eks.data.aws_iam_policy_document.node_assume_role_policy",
            "module.retail_app_eks.data.aws_iam_session_context.current",
            "module.retail_app_eks.data.aws_partition.current",
            "module.retail_app_eks.module.kms.aws_kms_external_key.this",
            "module.retail_app_eks.module.kms.aws_kms_key.this",
            "module.retail_app_eks.module.kms.aws_kms_replica_external_key.this",
            "module.retail_app_eks.module.kms.aws_kms_replica_key.this",
            "module.retail_app_eks.module.kms.data.aws_caller_identity.current",
            "module.retail_app_eks.module.kms.data.aws_iam_policy_document.this",
            "module.retail_app_eks.module.kms.data.aws_partition.current",
            "module.vpc.aws_subnet.private",
            "module.vpc.aws_vpc.this",
            "module.vpc.aws_vpc_ipv4_cidr_block_association.this",
            "random_string.suffix"
          ]
        },
        {
          "index_key": "Project",
          "schema_version": 0,
          "attributes": {
            "id": "sg-04ef52d868554e2bd,Project",
            "key": "Project",
            "resource_id": "sg-04ef52d868554e2bd",
            "value": "retail-store"
          },
          "sensitive_attributes": [],
          "private": "bnVsbA==",
          "dependencies": [
            "data.aws_availability_zones.available",
            "data.aws_caller_identity.current",
            "module.retail_app_eks.aws_cloudwatch_log_group.this",
            "module.retail_app_eks.aws_eks_cluster.this",
            "module.retail_app_eks.aws_iam_policy.cni_ipv6_policy",
            "module.retail_app_eks.aws_iam_role.eks_auto",
            "module.retail_app_eks.aws_iam_role.this",
            "module.retail_app_eks.aws_iam_role_policy_attachment.this",
            "module.retail_app_eks.aws_security_group.cluster",
            "module.retail_app_eks.aws_security_group.node",
            "module.retail_app_eks.aws_security_group_rule.cluster",
            "module.retail_app_eks.aws_security_group_rule.node",
            "module.retail_app_eks.data.aws_caller_identity.current",
            "module.retail_app_eks.data.aws_iam_policy_document.assume_role_policy",
            "module.retail_app_eks.data.aws_iam_policy_document.cni_ipv6_policy",
            "module.retail_app_eks.data.aws_iam_policy_document.node_assume_role_policy",
            "module.retail_app_eks.data.aws_iam_session_context.current",
            "module.retail_app_eks.data.aws_partition.current",
            "module.retail_app_eks.module.kms.aws_kms_external_key.this",
            "module.retail_app_eks.module.kms.aws_kms_key.this",
            "module.retail_app_eks.module.kms.aws_kms_replica_external_key.this",
            "module.retail_app_eks.module.kms.aws_kms_replica_key.this",
            "module.retail_app_eks.module.kms.data.aws_caller_identity.current",
            "module.retail_app_eks.module.kms.data.aws_iam_policy_document.this",
            "module.retail_app_eks.module.kms.data.aws_partition.current",
            "module.vpc.aws_subnet.private",
            "module.vpc.aws_vpc.this",
            "module.vpc.aws_vpc_ipv4_cidr_block_association.this",
            "random_string.suffix"
          ]
        }
      ]
    },
    {
      "module": "module.retail_app_eks",
      "mode": "managed",
      "type": "aws_eks_access_entry",
      "name": "this",
      "provider": "provider[\"registry.terraform.io/hashicorp/aws\"]",
      "instances": [
        {
          "index_key": "cluster_creator",
          "schema_version": 0,
          "attributes": {
            "access_entry_arn": "arn:aws:eks:us-west-2:195663986124:access-entry/retail-store-e7ep/user/195663986124/Retail/b4d00346-e906-92c6-1f78-1bc3866d9f0c",
            "cluster_name": "retail-store-e7ep",
            "created_at": "2026-08-15T17:52:32Z",
            "id": "retail-store-e7ep:arn:aws:iam::195663986124:user/Retail",
            "kubernetes_groups": [],
            "modified_at": "2026-08-15T17:52:32Z",
            "principal_arn": "arn:aws:iam::195663986124:user/Retail",
            "tags": {
              "CreatedBy": "TrainWithShubhamCommunity",
              "CreatedDate": "2026-08-15",
              "Environment": "dev",
              "ManagedBy": "terraform",
              "Owner": "AIDAS3DT3PXGO7Z7N6FPX",
              "Project": "retail-store"
            },
            "tags_all": {
              "CreatedBy": "TrainWithShubhamCommunity",
              "CreatedDate": "2026-08-15",
              "Environment": "dev",
              "ManagedBy": "terraform",
              "Owner": "AIDAS3DT3PXGO7Z7N6FPX",
              "Project": "retail-store"
            },
            "timeouts": null,
            "type": "STANDARD",
            "user_name": "arn:aws:iam::195663986124:user/Retail"
          },
          "sensitive_attributes": [],
          "private": "eyJlMmJmYjczMC1lY2FhLTExZTYtOGY4OC0zNDM2M2JjN2M0YzAiOnsiY3JlYXRlIjo2MDAwMDAwMDAwMDAsImRlbGV0ZSI6NjAwMDAwMDAwMDAwfX0=",
          "dependencies": [
            "data.aws_availability_zones.available",
            "data.aws_caller_identity.current",
            "module.retail_app_eks.aws_cloudwatch_log_group.this",
            "module.retail_app_eks.aws_eks_cluster.this",
            "module.retail_app_eks.aws_iam_policy.cni_ipv6_policy",
            "module.retail_app_eks.aws_iam_role.eks_auto",
            "module.retail_app_eks.aws_iam_role.this",
            "module.retail_app_eks.aws_iam_role_policy_attachment.this",
            "module.retail_app_eks.aws_security_group.cluster",
            "module.retail_app_eks.aws_security_group.node",
            "module.retail_app_eks.aws_security_group_rule.cluster",
            "module.retail_app_eks.aws_security_group_rule.node",
            "module.retail_app_eks.data.aws_caller_identity.current",
            "module.retail_app_eks.data.aws_iam_policy_document.assume_role_policy",
            "module.retail_app_eks.data.aws_iam_policy_document.cni_ipv6_policy",
            "module.retail_app_eks.data.aws_iam_policy_document.node_assume_role_policy",
            "module.retail_app_eks.data.aws_iam_session_context.current",
            "module.retail_app_eks.data.aws_partition.current",
            "module.retail_app_eks.module.kms.aws_kms_external_key.this",
            "module.retail_app_eks.module.kms.aws_kms_key.this",
            "module.retail_app_eks.module.kms.aws_kms_replica_external_key.this",
            "module.retail_app_eks.module.kms.aws_kms_replica_key.this",
            "module.retail_app_eks.module.kms.data.aws_caller_identity.current",
            "module.retail_app_eks.module.kms.data.aws_iam_policy_document.this",
            "module.retail_app_eks.module.kms.data.aws_partition.current",
            "module.vpc.aws_subnet.private",
            "module.vpc.aws_vpc.this",
            "module.vpc.aws_vpc_ipv4_cidr_block_association.this",
            "random_string.suffix"
          ]
        }
      ]
    },
    {
      "module": "module.retail_app_eks",
      "mode": "managed",
      "type": "aws_eks_access_policy_association",
      "name": "this",
      "provider": "provider[\"registry.terraform.io/hashicorp/aws\"]",
      "instances": [
        {
          "index_key": "cluster_creator_admin",
          "schema_version": 0,
          "attributes": {
            "access_scope": [
              {
                "namespaces": null,
                "type": "cluster"
              }
            ],
            "associated_at": "2026-08-15 17:52:34.083 +0000 UTC",
            "cluster_name": "retail-store-e7ep",
            "id": "retail-store-e7ep#arn:aws:iam::195663986124:user/Retail#arn:aws:eks::aws:cluster-access-policy/AmazonEKSClusterAdminPolicy",
            "modified_at": "2026-08-15 17:52:34.083 +0000 UTC",
            "policy_arn": "arn:aws:eks::aws:cluster-access-policy/AmazonEKSClusterAdminPolicy",
            "principal_arn": "arn:aws:iam::195663986124:user/Retail",
            "timeouts": null
          },
          "sensitive_attributes": [],
          "private": "eyJlMmJmYjczMC1lY2FhLTExZTYtOGY4OC0zNDM2M2JjN2M0YzAiOnsiY3JlYXRlIjo2MDAwMDAwMDAwMDAsImRlbGV0ZSI6NjAwMDAwMDAwMDAwfX0=",
          "dependencies": [
            "data.aws_availability_zones.available",
            "data.aws_caller_identity.current",
            "module.retail_app_eks.aws_cloudwatch_log_group.this",
            "module.retail_app_eks.aws_eks_access_entry.this",
            "module.retail_app_eks.aws_eks_cluster.this",
            "module.retail_app_eks.aws_iam_policy.cni_ipv6_policy",
            "module.retail_app_eks.aws_iam_role.eks_auto",
            "module.retail_app_eks.aws_iam_role.this",
            "module.retail_app_eks.aws_iam_role_policy_attachment.this",
            "module.retail_app_eks.aws_security_group.cluster",
            "module.retail_app_eks.aws_security_group.node",
            "module.retail_app_eks.aws_security_group_rule.cluster",
            "module.retail_app_eks.aws_security_group_rule.node",
            "module.retail_app_eks.data.aws_caller_identity.current",
            "module.retail_app_eks.data.aws_iam_policy_document.assume_role_policy",
            "module.retail_app_eks.data.aws_iam_policy_document.cni_ipv6_policy",
            "module.retail_app_eks.data.aws_iam_policy_document.node_assume_role_policy",
            "module.retail_app_eks.data.aws_iam_session_context.current",
            "module.retail_app_eks.data.aws_partition.current",
            "module.retail_app_eks.module.kms.aws_kms_external_key.this",
            "module.retail_app_eks.module.kms.aws_kms_key.this",
            "module.retail_app_eks.module.kms.aws_kms_replica_external_key.this",
            "module.retail_app_eks.module.kms.aws_kms_replica_key.this",
            "module.retail_app_eks.module.kms.data.aws_caller_identity.current",
            "module.retail_app_eks.module.kms.data.aws_iam_policy_document.this",
            "module.retail_app_eks.module.kms.data.aws_partition.current",
            "module.vpc.aws_subnet.private",
            "module.vpc.aws_vpc.this",
            "module.vpc.aws_vpc_ipv4_cidr_block_association.this",
            "random_string.suffix"
          ]
        }
      ]
    },
    {
      "module": "module.retail_app_eks",
      "mode": "managed",
      "type": "aws_eks_cluster",
      "name": "this",
      "provider": "provider[\"registry.terraform.io/hashicorp/aws\"]",
      "instances": [
        {
          "index_key": 0,
          "schema_version": 1,
          "attributes": {
            "access_config": [
              {
                "authentication_mode": "API_AND_CONFIG_MAP",
                "bootstrap_cluster_creator_admin_permissions": false
              }
            ],
            "arn": "arn:aws:eks:us-west-2:195663986124:cluster/retail-store-e7ep",
            "bootstrap_self_managed_addons": false,
            "certificate_authority": [
              {
                "data": "LS0tLS1CRUdJTiBDRVJUSUZJQ0FURS0tLS0tCk1JSUREakNDQWZhZ0F3SUJBZ0lSQU9qYXNGdEw4cW9MUXNLZUMvanZRNWd3RFFZSktvWklodmNOQVFFTEJRQXcKRlRFVE1CRUdBMVVFQXhNS2EzVmlaWEp1WlhSbGN6QWVGdzB5TmpBNE1UVXhOelF5TURCYUZ3MHpOakE0TVRJeApOelF5TURCYU1CVXhFekFSQmdOVkJBTVRDbXQxWW1WeWJtVjBaWE13Z2dFaU1BMEdDU3FHU0liM0RRRUJBUVVBCkE0SUJEd0F3Z2dFS0FvSUJBUURmd3psM29uM3NFbGVLNUJ2SU10RWgxaHRiTWVZalduUUlJeHVZZnpZU0pJUHAKMUZHY3VuWEFNR3BRakZFdCtqODBDbWliSG1QV0NPWjI2dFZ0d3lSSURNb2g1R09mbnM3WXdyVkRVVHQ1NUJtKwo0L3htN1crS2l1aWtQTDR6dmZncERnQWdxNFBUY29hUUp1MGErOENYQ1luRTZyOUV4Kyt6QXFDNmlaNXE2dFNHCjRqeTN4eFh3QlFZVjhXUm9BOUtUMlpmTjlZRmRHY3ZGbk9YMG9uUlpWNzNYdlZuMHlMTEVMTVczcFNVVHl5T3IKVUt2KzRzQ0hQZ2NNNnhRbXNEMkxYR1I3MzMvbkRLdDBucWFTM0g4aUsyazdIVVM2VmVZNHQycncvOURRdE9rcwpBRExURk9kTVpWWUFuT3o1TmxTc1FTWFVXNnRvbkVhVklCOTRlRU5UQWdNQkFBR2pXVEJYTUE0R0ExVWREd0VCCi93UUVBd0lDcERBUEJnTlZIUk1CQWY4RUJUQURBUUgvTUIwR0ExVWREZ1FXQkJUQVNycExNaWZGY2RPZTY5NXgKK3BOZnJDekx1REFWQmdOVkhSRUVEakFNZ2dwcmRXSmxjbTVsZEdWek1BMEdDU3FHU0liM0RRRUJDd1VBQTRJQgpBUUJpKzA3aDQvUXNzRjRyeHVCeDUvN1Z4dnFqZjBlYUlUUFlraDdXMU9CazZqbmEzZzV5OWprbEVNdU1NUmk0Cm0vSlJLK0xxYUN5QW1TU25xbnBMdm9UK2JLbktPanRJbXdOWk5HUXlZMGFLMnJWKzBWSGNKUUZQamdGM1VKUDMKY3gyaEtZTnB5TUU2cjVGYXd0bXJiNWt6MnVmTVdESzU0aUpwMldiMjJOQ0lvdzVBdFJIMGR6ajRmSUZ3andMdQpSdmN6UXdjNVFYUkZLQlZZL0dJUm5QV3RaaVJRaHV5RFpUMk9KNmEzMy8zSWdCNXliSDdNbld0SDN4Y2ZDVmxBCjdyTDZKYXZIN0x0Wk4yMHBOWURGU3V3VTZtYzZxd3NKNnpiT2RaQm1zdHJmZ1ZVSEI2amdNSWtEc29rSkxDbWwKQ2c0OFN5aGpDK2IvWHdMOVFRdklpZ1JYCi0tLS0tRU5EIENFUlRJRklDQVRFLS0tLS0K"
              }
            ],
            "cluster_id": null,
            "compute_config": [
              {
                "enabled": true,
                "node_pools": [
                  "general-purpose"
                ],
                "node_role_arn": "arn:aws:iam::195663986124:role/retail-store-e7ep-eks-auto-20260815174110620200000003"
              }
            ],
            "created_at": "2026-08-15T17:41:43Z",
            "enabled_cluster_log_types": null,
            "encryption_config": [
              {
                "provider": [
                  {
                    "key_arn": "arn:aws:kms:us-west-2:195663986124:key/d9aa89e9-4354-4078-929a-67251f12913f"
                  }
                ],
                "resources": [
                  "secrets"
                ]
              }
            ],
            "endpoint": "https://6E80F06ECCC4D63A6EED47D9F289BFBF.gr7.us-west-2.eks.amazonaws.com",
            "force_update_version": null,
            "id": "retail-store-e7ep",
            "identity": [
              {
                "oidc": [
                  {
                    "issuer": "https://oidc.eks.us-west-2.amazonaws.com/id/6E80F06ECCC4D63A6EED47D9F289BFBF"
                  }
                ]
              }
            ],
            "kubernetes_network_config": [
              {
                "elastic_load_balancing": [
                  {
                    "enabled": true
                  }
                ],
                "ip_family": "ipv4",
                "service_ipv4_cidr": "172.20.0.0/16",
                "service_ipv6_cidr": ""
              }
            ],
            "name": "retail-store-e7ep",
            "outpost_config": [],
            "platform_version": "eks.45",
            "remote_network_config": [],
            "role_arn": "arn:aws:iam::195663986124:role/retail-store-e7ep-cluster-20260815174110620200000002",
            "status": "ACTIVE",
            "storage_config": [
              {
                "block_storage": [
                  {
                    "enabled": true
                  }
                ]
              }
            ],
            "tags": {
              "CreatedBy": "TrainWithShubhamCommunity",
              "CreatedDate": "2026-08-15",
              "Environment": "dev",
              "ManagedBy": "terraform",
              "Owner": "AIDAS3DT3PXGO7Z7N6FPX",
              "Project": "retail-store",
              "terraform-aws-modules": "eks"
            },
            "tags_all": {
              "CreatedBy": "TrainWithShubhamCommunity",
              "CreatedDate": "2026-08-15",
              "Environment": "dev",
              "ManagedBy": "terraform",
              "Owner": "AIDAS3DT3PXGO7Z7N6FPX",
              "Project": "retail-store",
              "terraform-aws-modules": "eks"
            },
            "timeouts": {
              "create": null,
              "delete": null,
              "update": null
            },
            "upgrade_policy": [
              {
                "support_type": "EXTENDED"
              }
            ],
            "version": "1.33",
            "vpc_config": [
              {
                "cluster_security_group_id": "sg-04ef52d868554e2bd",
                "endpoint_private_access": true,
                "endpoint_public_access": true,
                "public_access_cidrs": [
                  "0.0.0.0/0"
                ],
                "security_group_ids": [
                  "sg-0dc2c684cb556a46a"
                ],
                "subnet_ids": [
                  "subnet-00d5d3b5f0962c0fe",
                  "subnet-05517ae92e72d7b1f",
                  "subnet-0b2756dabb1c7a507"
                ],
                "vpc_id": "vpc-0a659ec6c624d7c05"
              }
            ],
            "zonal_shift_config": []
          },
          "sensitive_attributes": [],
          "private": "eyJlMmJmYjczMC1lY2FhLTExZTYtOGY4OC0zNDM2M2JjN2M0YzAiOnsiY3JlYXRlIjoxODAwMDAwMDAwMDAwLCJkZWxldGUiOjkwMDAwMDAwMDAwMCwidXBkYXRlIjozNjAwMDAwMDAwMDAwfSwic2NoZW1hX3ZlcnNpb24iOiIxIn0=",
          "dependencies": [
            "data.aws_availability_zones.available",
            "data.aws_caller_identity.current",
            "module.retail_app_eks.aws_cloudwatch_log_group.this",
            "module.retail_app_eks.aws_iam_policy.cni_ipv6_policy",
            "module.retail_app_eks.aws_iam_role.eks_auto",
            "module.retail_app_eks.aws_iam_role.this",
            "module.retail_app_eks.aws_iam_role_policy_attachment.this",
            "module.retail_app_eks.aws_security_group.cluster",
            "module.retail_app_eks.aws_security_group.node",
            "module.retail_app_eks.aws_security_group_rule.cluster",
            "module.retail_app_eks.aws_security_group_rule.node",
            "module.retail_app_eks.data.aws_caller_identity.current",
            "module.retail_app_eks.data.aws_iam_policy_document.assume_role_policy",
            "module.retail_app_eks.data.aws_iam_policy_document.cni_ipv6_policy",
            "module.retail_app_eks.data.aws_iam_policy_document.node_assume_role_policy",
            "module.retail_app_eks.data.aws_iam_session_context.current",
            "module.retail_app_eks.data.aws_partition.current",
            "module.retail_app_eks.module.kms.aws_kms_external_key.this",
            "module.retail_app_eks.module.kms.aws_kms_key.this",
            "module.retail_app_eks.module.kms.aws_kms_replica_external_key.this",
            "module.retail_app_eks.module.kms.aws_kms_replica_key.this",
            "module.retail_app_eks.module.kms.data.aws_caller_identity.current",
            "module.retail_app_eks.module.kms.data.aws_iam_policy_document.this",
            "module.retail_app_eks.module.kms.data.aws_partition.current",
            "module.vpc.aws_subnet.private",
            "module.vpc.aws_vpc.this",
            "module.vpc.aws_vpc_ipv4_cidr_block_association.this",
            "random_string.suffix"
          ],
          "create_before_destroy": true
        }
      ]
    },
    {
      "module": "module.retail_app_eks",
      "mode": "managed",
      "type": "aws_iam_openid_connect_provider",
      "name": "oidc_provider",
      "provider": "provider[\"registry.terraform.io/hashicorp/aws\"]",
      "instances": [
        {
          "index_key": 0,
          "schema_version": 0,
          "attributes": {
            "arn": "arn:aws:iam::195663986124:oidc-provider/oidc.eks.us-west-2.amazonaws.com/id/6E80F06ECCC4D63A6EED47D9F289BFBF",
            "client_id_list": [
              "sts.amazonaws.com"
            ],
            "id": "arn:aws:iam::195663986124:oidc-provider/oidc.eks.us-west-2.amazonaws.com/id/6E80F06ECCC4D63A6EED47D9F289BFBF",
            "tags": {
              "CreatedBy": "TrainWithShubhamCommunity",
              "CreatedDate": "2026-08-15",
              "Environment": "dev",
              "ManagedBy": "terraform",
              "Name": "retail-store-e7ep-eks-irsa",
              "Owner": "AIDAS3DT3PXGO7Z7N6FPX",
              "Project": "retail-store"
            },
            "tags_all": {
              "CreatedBy": "TrainWithShubhamCommunity",
              "CreatedDate": "2026-08-15",
              "Environment": "dev",
              "ManagedBy": "terraform",
              "Name": "retail-store-e7ep-eks-irsa",
              "Owner": "AIDAS3DT3PXGO7Z7N6FPX",
              "Project": "retail-store"
            },
            "thumbprint_list": [
              "06b25927c42a721631c1efd9431e648fa62e1e39"
            ],
            "url": "oidc.eks.us-west-2.amazonaws.com/id/6E80F06ECCC4D63A6EED47D9F289BFBF"
          },
          "sensitive_attributes": [],
          "private": "bnVsbA==",
          "dependencies": [
            "data.aws_availability_zones.available",
            "data.aws_caller_identity.current",
            "module.retail_app_eks.aws_cloudwatch_log_group.this",
            "module.retail_app_eks.aws_eks_cluster.this",
            "module.retail_app_eks.aws_iam_policy.cni_ipv6_policy",
            "module.retail_app_eks.aws_iam_role.eks_auto",
            "module.retail_app_eks.aws_iam_role.this",
            "module.retail_app_eks.aws_iam_role_policy_attachment.this",
            "module.retail_app_eks.aws_security_group.cluster",
            "module.retail_app_eks.aws_security_group.node",
            "module.retail_app_eks.aws_security_group_rule.cluster",
            "module.retail_app_eks.aws_security_group_rule.node",
            "module.retail_app_eks.data.aws_caller_identity.current",
            "module.retail_app_eks.data.aws_iam_policy_document.assume_role_policy",
            "module.retail_app_eks.data.aws_iam_policy_document.cni_ipv6_policy",
            "module.retail_app_eks.data.aws_iam_policy_document.node_assume_role_policy",
            "module.retail_app_eks.data.aws_iam_session_context.current",
            "module.retail_app_eks.data.aws_partition.current",
            "module.retail_app_eks.data.tls_certificate.this",
            "module.retail_app_eks.module.kms.aws_kms_external_key.this",
            "module.retail_app_eks.module.kms.aws_kms_key.this",
            "module.retail_app_eks.module.kms.aws_kms_replica_external_key.this",
            "module.retail_app_eks.module.kms.aws_kms_replica_key.this",
            "module.retail_app_eks.module.kms.data.aws_caller_identity.current",
            "module.retail_app_eks.module.kms.data.aws_iam_policy_document.this",
            "module.retail_app_eks.module.kms.data.aws_partition.current",
            "module.vpc.aws_subnet.private",
            "module.vpc.aws_vpc.this",
            "module.vpc.aws_vpc_ipv4_cidr_block_association.this",
            "random_string.suffix"
          ]
        }
      ]
    },
    {
      "module": "module.retail_app_eks",
      "mode": "managed",
      "type": "aws_iam_policy",
      "name": "cluster_encryption",
      "provider": "provider[\"registry.terraform.io/hashicorp/aws\"]",
      "instances": [
        {
          "index_key": 0,
          "schema_version": 0,
          "attributes": {
            "arn": "arn:aws:iam::195663986124:policy/retail-store-e7ep-cluster-ClusterEncryption2026081517413985580000000e",
            "attachment_count": 0,
            "description": "Cluster encryption policy to allow cluster role to utilize CMK provided",
            "id": "arn:aws:iam::195663986124:policy/retail-store-e7ep-cluster-ClusterEncryption2026081517413985580000000e",
            "name": "retail-store-e7ep-cluster-ClusterEncryption2026081517413985580000000e",
            "name_prefix": "retail-store-e7ep-cluster-ClusterEncryption",
            "path": "/",
            "policy": "{\"Statement\":[{\"Action\":[\"kms:Encrypt\",\"kms:Decrypt\",\"kms:ListGrants\",\"kms:DescribeKey\"],\"Effect\":\"Allow\",\"Resource\":\"arn:aws:kms:us-west-2:195663986124:key/d9aa89e9-4354-4078-929a-67251f12913f\"}],\"Version\":\"2012-10-17\"}",
            "policy_id": "ANPAS3DT3PXGHKKYOE47R",
            "tags": {
              "CreatedBy": "TrainWithShubhamCommunity",
              "CreatedDate": "2026-08-15",
              "Environment": "dev",
              "ManagedBy": "terraform",
              "Owner": "AIDAS3DT3PXGO7Z7N6FPX",
              "Project": "retail-store"
            },
            "tags_all": {
              "CreatedBy": "TrainWithShubhamCommunity",
              "CreatedDate": "2026-08-15",
              "Environment": "dev",
              "ManagedBy": "terraform",
              "Owner": "AIDAS3DT3PXGO7Z7N6FPX",
              "Project": "retail-store"
            }
          },
          "sensitive_attributes": [],
          "private": "bnVsbA==",
          "dependencies": [
            "data.aws_caller_identity.current",
            "module.retail_app_eks.aws_iam_role.this",
            "module.retail_app_eks.data.aws_caller_identity.current",
            "module.retail_app_eks.data.aws_iam_policy_document.assume_role_policy",
            "module.retail_app_eks.data.aws_iam_session_context.current",
            "module.retail_app_eks.module.kms.aws_kms_external_key.this",
            "module.retail_app_eks.module.kms.aws_kms_key.this",
            "module.retail_app_eks.module.kms.aws_kms_replica_external_key.this",
            "module.retail_app_eks.module.kms.aws_kms_replica_key.this",
            "module.retail_app_eks.module.kms.data.aws_caller_identity.current",
            "module.retail_app_eks.module.kms.data.aws_iam_policy_document.this",
            "module.retail_app_eks.module.kms.data.aws_partition.current",
            "random_string.suffix"
          ]
        }
      ]
    },
    {
      "module": "module.retail_app_eks",
      "mode": "managed",
      "type": "aws_iam_policy",
      "name": "custom",
      "provider": "provider[\"registry.terraform.io/hashicorp/aws\"]",
      "instances": [
        {
          "index_key": 0,
          "schema_version": 0,
          "attributes": {
            "arn": "arn:aws:iam::195663986124:policy/retail-store-e7ep-cluster-20260815174110568000000001",
            "attachment_count": 0,
            "description": "",
            "id": "arn:aws:iam::195663986124:policy/retail-store-e7ep-cluster-20260815174110568000000001",
            "name": "retail-store-e7ep-cluster-20260815174110568000000001",
            "name_prefix": "retail-store-e7ep-cluster-",
            "path": "/",
            "policy": "{\"Statement\":[{\"Action\":[\"ec2:RunInstances\",\"ec2:CreateLaunchTemplate\",\"ec2:CreateFleet\"],\"Condition\":{\"StringEquals\":{\"aws:RequestTag/eks:eks-cluster-name\":\"${aws:PrincipalTag/eks:eks-cluster-name}\"},\"StringLike\":{\"aws:RequestTag/eks:kubernetes-node-class-name\":\"*\",\"aws:RequestTag/eks:kubernetes-node-pool-name\":\"*\"}},\"Effect\":\"Allow\",\"Resource\":\"*\",\"Sid\":\"Compute\"},{\"Action\":[\"ec2:CreateVolume\",\"ec2:CreateSnapshot\"],\"Condition\":{\"StringEquals\":{\"aws:RequestTag/eks:eks-cluster-name\":\"${aws:PrincipalTag/eks:eks-cluster-name}\"}},\"Effect\":\"Allow\",\"Resource\":[\"arn:aws:ec2:*:*:volume/*\",\"arn:aws:ec2:*:*:snapshot/*\"],\"Sid\":\"Storage\"},{\"Action\":\"ec2:CreateNetworkInterface\",\"Condition\":{\"StringEquals\":{\"aws:RequestTag/eks:eks-cluster-name\":\"${aws:PrincipalTag/eks:eks-cluster-name}\",\"aws:RequestTag/eks:kubernetes-cni-node-name\":\"*\"}},\"Effect\":\"Allow\",\"Resource\":\"*\",\"Sid\":\"Networking\"},{\"Action\":[\"elasticloadbalancing:CreateTargetGroup\",\"elasticloadbalancing:CreateRule\",\"elasticloadbalancing:CreateLoadBalancer\",\"elasticloadbalancing:CreateListener\",\"ec2:CreateSecurityGroup\"],\"Condition\":{\"StringEquals\":{\"aws:RequestTag/eks:eks-cluster-name\":\"${aws:PrincipalTag/eks:eks-cluster-name}\"}},\"Effect\":\"Allow\",\"Resource\":\"*\",\"Sid\":\"LoadBalancer\"},{\"Action\":\"shield:CreateProtection\",\"Condition\":{\"StringEquals\":{\"aws:RequestTag/eks:eks-cluster-name\":\"${aws:PrincipalTag/eks:eks-cluster-name}\"}},\"Effect\":\"Allow\",\"Resource\":\"*\",\"Sid\":\"ShieldProtection\"},{\"Action\":\"shield:TagResource\",\"Condition\":{\"StringEquals\":{\"aws:RequestTag/eks:eks-cluster-name\":\"${aws:PrincipalTag/eks:eks-cluster-name}\"}},\"Effect\":\"Allow\",\"Resource\":\"arn:aws:shield::*:protection/*\",\"Sid\":\"ShieldTagResource\"}],\"Version\":\"2012-10-17\"}",
            "policy_id": "ANPAS3DT3PXGAG7UXYDA4",
            "tags": {
              "CreatedBy": "TrainWithShubhamCommunity",
              "CreatedDate": "2026-08-15",
              "Environment": "dev",
              "ManagedBy": "terraform",
              "Owner": "AIDAS3DT3PXGO7Z7N6FPX",
              "Project": "retail-store"
            },
            "tags_all": {
              "CreatedBy": "TrainWithShubhamCommunity",
              "CreatedDate": "2026-08-15",
              "Environment": "dev",
              "ManagedBy": "terraform",
              "Owner": "AIDAS3DT3PXGO7Z7N6FPX",
              "Project": "retail-store"
            }
          },
          "sensitive_attributes": [],
          "private": "bnVsbA==",
          "dependencies": [
            "data.aws_caller_identity.current",
            "module.retail_app_eks.data.aws_iam_policy_document.custom",
            "module.retail_app_eks.data.aws_partition.current",
            "random_string.suffix"
          ]
        }
      ]
    },
    {
      "module": "module.retail_app_eks",
      "mode": "managed",
      "type": "aws_iam_role",
      "name": "eks_auto",
      "provider": "provider[\"registry.terraform.io/hashicorp/aws\"]",
      "instances": [
        {
          "index_key": 0,
          "schema_version": 0,
          "attributes": {
            "arn": "arn:aws:iam::195663986124:role/retail-store-e7ep-eks-auto-20260815174110620200000003",
            "assume_role_policy": "{\"Statement\":[{\"Action\":[\"sts:TagSession\",\"sts:AssumeRole\"],\"Effect\":\"Allow\",\"Principal\":{\"Service\":\"ec2.amazonaws.com\"},\"Sid\":\"EKSAutoNodeAssumeRole\"}],\"Version\":\"2012-10-17\"}",
            "create_date": "2026-08-15T17:41:11Z",
            "description": "",
            "force_detach_policies": true,
            "id": "retail-store-e7ep-eks-auto-20260815174110620200000003",
            "inline_policy": [],
            "managed_policy_arns": [],
            "max_session_duration": 3600,
            "name": "retail-store-e7ep-eks-auto-20260815174110620200000003",
            "name_prefix": "retail-store-e7ep-eks-auto-",
            "path": "/",
            "permissions_boundary": "",
            "tags": {
              "CreatedBy": "TrainWithShubhamCommunity",
              "CreatedDate": "2026-08-15",
              "Environment": "dev",
              "ManagedBy": "terraform",
              "Owner": "AIDAS3DT3PXGO7Z7N6FPX",
              "Project": "retail-store"
            },
            "tags_all": {
              "CreatedBy": "TrainWithShubhamCommunity",
              "CreatedDate": "2026-08-15",
              "Environment": "dev",
              "ManagedBy": "terraform",
              "Owner": "AIDAS3DT3PXGO7Z7N6FPX",
              "Project": "retail-store"
            },
            "unique_id": "AROAS3DT3PXGDEYPW5HDH"
          },
          "sensitive_attributes": [],
          "private": "bnVsbA==",
          "dependencies": [
            "data.aws_caller_identity.current",
            "module.retail_app_eks.data.aws_iam_policy_document.node_assume_role_policy",
            "random_string.suffix"
          ],
          "create_before_destroy": true
        }
      ]
    },
    {
      "module": "module.retail_app_eks",
      "mode": "managed",
      "type": "aws_iam_role",
      "name": "this",
      "provider": "provider[\"registry.terraform.io/hashicorp/aws\"]",
      "instances": [
        {
          "index_key": 0,
          "schema_version": 0,
          "attributes": {
            "arn": "arn:aws:iam::195663986124:role/retail-store-e7ep-cluster-20260815174110620200000002",
            "assume_role_policy": "{\"Statement\":[{\"Action\":[\"sts:TagSession\",\"sts:AssumeRole\"],\"Effect\":\"Allow\",\"Principal\":{\"Service\":\"eks.amazonaws.com\"},\"Sid\":\"EKSClusterAssumeRole\"}],\"Version\":\"2012-10-17\"}",
            "create_date": "2026-08-15T17:41:11Z",
            "description": "",
            "force_detach_policies": true,
            "id": "retail-store-e7ep-cluster-20260815174110620200000002",
            "inline_policy": [],
            "managed_policy_arns": [],
            "max_session_duration": 3600,
            "name": "retail-store-e7ep-cluster-20260815174110620200000002",
            "name_prefix": "retail-store-e7ep-cluster-",
            "path": "/",
            "permissions_boundary": "",
            "tags": {
              "CreatedBy": "TrainWithShubhamCommunity",
              "CreatedDate": "2026-08-15",
              "Environment": "dev",
              "ManagedBy": "terraform",
              "Owner": "AIDAS3DT3PXGO7Z7N6FPX",
              "Project": "retail-store"
            },
            "tags_all": {
              "CreatedBy": "TrainWithShubhamCommunity",
              "CreatedDate": "2026-08-15",
              "Environment": "dev",
              "ManagedBy": "terraform",
              "Owner": "AIDAS3DT3PXGO7Z7N6FPX",
              "Project": "retail-store"
            },
            "unique_id": "AROAS3DT3PXGKXLOSEWFJ"
          },
          "sensitive_attributes": [],
          "private": "bnVsbA==",
          "dependencies": [
            "data.aws_caller_identity.current",
            "module.retail_app_eks.data.aws_iam_policy_document.assume_role_policy",
            "random_string.suffix"
          ],
          "create_before_destroy": true
        }
      ]
    },
    {
      "module": "module.retail_app_eks",
      "mode": "managed",
      "type": "aws_iam_role_policy_attachment",
      "name": "cluster_encryption",
      "provider": "provider[\"registry.terraform.io/hashicorp/aws\"]",
      "instances": [
        {
          "index_key": 0,
          "schema_version": 0,
          "attributes": {
            "id": "retail-store-e7ep-cluster-20260815174110620200000002-2026081517414099370000000f",
            "policy_arn": "arn:aws:iam::195663986124:policy/retail-store-e7ep-cluster-ClusterEncryption2026081517413985580000000e",
            "role": "retail-store-e7ep-cluster-20260815174110620200000002"
          },
          "sensitive_attributes": [],
          "private": "bnVsbA==",
          "dependencies": [
            "data.aws_caller_identity.current",
            "module.retail_app_eks.aws_iam_policy.cluster_encryption",
            "module.retail_app_eks.aws_iam_role.this",
            "module.retail_app_eks.data.aws_caller_identity.current",
            "module.retail_app_eks.data.aws_iam_policy_document.assume_role_policy",
            "module.retail_app_eks.data.aws_iam_session_context.current",
            "module.retail_app_eks.module.kms.aws_kms_external_key.this",
            "module.retail_app_eks.module.kms.aws_kms_key.this",
            "module.retail_app_eks.module.kms.aws_kms_replica_external_key.this",
            "module.retail_app_eks.module.kms.aws_kms_replica_key.this",
            "module.retail_app_eks.module.kms.data.aws_caller_identity.current",
            "module.retail_app_eks.module.kms.data.aws_iam_policy_document.this",
            "module.retail_app_eks.module.kms.data.aws_partition.current",
            "random_string.suffix"
          ]
        }
      ]
    },
    {
      "module": "module.retail_app_eks",
      "mode": "managed",
      "type": "aws_iam_role_policy_attachment",
      "name": "custom",
      "provider": "provider[\"registry.terraform.io/hashicorp/aws\"]",
      "instances": [
        {
          "index_key": 0,
          "schema_version": 0,
          "attributes": {
            "id": "retail-store-e7ep-cluster-20260815174110620200000002-20260815174112794500000009",
            "policy_arn": "arn:aws:iam::195663986124:policy/retail-store-e7ep-cluster-20260815174110568000000001",
            "role": "retail-store-e7ep-cluster-20260815174110620200000002"
          },
          "sensitive_attributes": [],
          "private": "bnVsbA==",
          "dependencies": [
            "data.aws_caller_identity.current",
            "module.retail_app_eks.aws_iam_policy.custom",
            "module.retail_app_eks.aws_iam_role.this",
            "module.retail_app_eks.data.aws_iam_policy_document.assume_role_policy",
            "module.retail_app_eks.data.aws_iam_policy_document.custom",
            "module.retail_app_eks.data.aws_partition.current",
            "random_string.suffix"
          ]
        }
      ]
    },
    {
      "module": "module.retail_app_eks",
      "mode": "managed",
      "type": "aws_iam_role_policy_attachment",
      "name": "eks_auto",
      "provider": "provider[\"registry.terraform.io/hashicorp/aws\"]",
      "instances": [
        {
          "index_key": "AmazonEC2ContainerRegistryPullOnly",
          "schema_version": 0,
          "attributes": {
            "id": "retail-store-e7ep-eks-auto-20260815174110620200000003-2026081517411281630000000a",
            "policy_arn": "arn:aws:iam::aws:policy/AmazonEC2ContainerRegistryPullOnly",
            "role": "retail-store-e7ep-eks-auto-20260815174110620200000003"
          },
          "sensitive_attributes": [],
          "private": "bnVsbA==",
          "dependencies": [
            "data.aws_caller_identity.current",
            "module.retail_app_eks.aws_iam_role.eks_auto",
            "module.retail_app_eks.data.aws_iam_policy_document.node_assume_role_policy",
            "module.retail_app_eks.data.aws_partition.current",
            "random_string.suffix"
          ]
        },
        {
          "index_key": "AmazonEKSWorkerNodeMinimalPolicy",
          "schema_version": 0,
          "attributes": {
            "id": "retail-store-e7ep-eks-auto-20260815174110620200000003-2026081517411318250000000d",
            "policy_arn": "arn:aws:iam::aws:policy/AmazonEKSWorkerNodeMinimalPolicy",
            "role": "retail-store-e7ep-eks-auto-20260815174110620200000003"
          },
          "sensitive_attributes": [],
          "private": "bnVsbA==",
          "dependencies": [
            "data.aws_caller_identity.current",
            "module.retail_app_eks.aws_iam_role.eks_auto",
            "module.retail_app_eks.data.aws_iam_policy_document.node_assume_role_policy",
            "module.retail_app_eks.data.aws_partition.current",
            "random_string.suffix"
          ]
        }
      ]
    },
    {
      "module": "module.retail_app_eks",
      "mode": "managed",
      "type": "aws_iam_role_policy_attachment",
      "name": "this",
      "provider": "provider[\"registry.terraform.io/hashicorp/aws\"]",
      "instances": [
        {
          "index_key": "AmazonEKSBlockStoragePolicy",
          "schema_version": 0,
          "attributes": {
            "id": "retail-store-e7ep-cluster-20260815174110620200000002-20260815174112559400000007",
            "policy_arn": "arn:aws:iam::aws:policy/AmazonEKSBlockStoragePolicy",
            "role": "retail-store-e7ep-cluster-20260815174110620200000002"
          },
          "sensitive_attributes": [],
          "private": "bnVsbA==",
          "dependencies": [
            "data.aws_caller_identity.current",
            "module.retail_app_eks.aws_iam_role.this",
            "module.retail_app_eks.data.aws_iam_policy_document.assume_role_policy",
            "module.retail_app_eks.data.aws_partition.current",
            "random_string.suffix"
          ],
          "create_before_destroy": true
        },
        {
          "index_key": "AmazonEKSClusterPolicy",
          "schema_version": 0,
          "attributes": {
            "id": "retail-store-e7ep-cluster-20260815174110620200000002-2026081517411304710000000c",
            "policy_arn": "arn:aws:iam::aws:policy/AmazonEKSClusterPolicy",
            "role": "retail-store-e7ep-cluster-20260815174110620200000002"
          },
          "sensitive_attributes": [],
          "private": "bnVsbA==",
          "dependencies": [
            "data.aws_caller_identity.current",
            "module.retail_app_eks.aws_iam_role.this",
            "module.retail_app_eks.data.aws_iam_policy_document.assume_role_policy",
            "module.retail_app_eks.data.aws_partition.current",
            "random_string.suffix"
          ],
          "create_before_destroy": true
        },
        {
          "index_key": "AmazonEKSComputePolicy",
          "schema_version": 0,
          "attributes": {
            "id": "retail-store-e7ep-cluster-20260815174110620200000002-20260815174112576400000008",
            "policy_arn": "arn:aws:iam::aws:policy/AmazonEKSComputePolicy",
            "role": "retail-store-e7ep-cluster-20260815174110620200000002"
          },
          "sensitive_attributes": [],
          "private": "bnVsbA==",
          "dependencies": [
            "data.aws_caller_identity.current",
            "module.retail_app_eks.aws_iam_role.this",
            "module.retail_app_eks.data.aws_iam_policy_document.assume_role_policy",
            "module.retail_app_eks.data.aws_partition.current",
            "random_string.suffix"
          ],
          "create_before_destroy": true
        },
        {
          "index_key": "AmazonEKSLoadBalancingPolicy",
          "schema_version": 0,
          "attributes": {
            "id": "retail-store-e7ep-cluster-20260815174110620200000002-2026081517411286640000000b",
            "policy_arn": "arn:aws:iam::aws:policy/AmazonEKSLoadBalancingPolicy",
            "role": "retail-store-e7ep-cluster-20260815174110620200000002"
          },
          "sensitive_attributes": [],
          "private": "bnVsbA==",
          "dependencies": [
            "data.aws_caller_identity.current",
            "module.retail_app_eks.aws_iam_role.this",
            "module.retail_app_eks.data.aws_iam_policy_document.assume_role_policy",
            "module.retail_app_eks.data.aws_partition.current",
            "random_string.suffix"
          ],
          "create_before_destroy": true
        },
        {
          "index_key": "AmazonEKSNetworkingPolicy",
          "schema_version": 0,
          "attributes": {
            "id": "retail-store-e7ep-cluster-20260815174110620200000002-20260815174112541500000006",
            "policy_arn": "arn:aws:iam::aws:policy/AmazonEKSNetworkingPolicy",
            "role": "retail-store-e7ep-cluster-20260815174110620200000002"
          },
          "sensitive_attributes": [],
          "private": "bnVsbA==",
          "dependencies": [
            "data.aws_caller_identity.current",
            "module.retail_app_eks.aws_iam_role.this",
            "module.retail_app_eks.data.aws_iam_policy_document.assume_role_policy",
            "module.retail_app_eks.data.aws_partition.current",
            "random_string.suffix"
          ],
          "create_before_destroy": true
        }
      ]
    },
    {
      "module": "module.retail_app_eks",
      "mode": "managed",
      "type": "aws_security_group",
      "name": "cluster",
      "provider": "provider[\"registry.terraform.io/hashicorp/aws\"]",
      "instances": [
        {
          "index_key": 0,
          "schema_version": 1,
          "attributes": {
            "arn": "arn:aws:ec2:us-west-2:195663986124:security-group/sg-0dc2c684cb556a46a",
            "description": "EKS cluster security group",
            "egress": [],
            "id": "sg-0dc2c684cb556a46a",
            "ingress": [],
            "name": "retail-store-e7ep-cluster-20260815174110620200000004",
            "name_prefix": "retail-store-e7ep-cluster-",
            "owner_id": "195663986124",
            "revoke_rules_on_delete": false,
            "tags": {
              "CreatedBy": "TrainWithShubhamCommunity",
              "CreatedDate": "2026-08-15",
              "Environment": "dev",
              "ManagedBy": "terraform",
              "Name": "retail-store-e7ep-cluster",
              "Owner": "AIDAS3DT3PXGO7Z7N6FPX",
              "Project": "retail-store"
            },
            "tags_all": {
              "CreatedBy": "TrainWithShubhamCommunity",
              "CreatedDate": "2026-08-15",
              "Environment": "dev",
              "ManagedBy": "terraform",
              "Name": "retail-store-e7ep-cluster",
              "Owner": "AIDAS3DT3PXGO7Z7N6FPX",
              "Project": "retail-store"
            },
            "timeouts": null,
            "vpc_id": "vpc-0a659ec6c624d7c05"
          },
          "sensitive_attributes": [],
          "private": "eyJlMmJmYjczMC1lY2FhLTExZTYtOGY4OC0zNDM2M2JjN2M0YzAiOnsiY3JlYXRlIjo2MDAwMDAwMDAwMDAsImRlbGV0ZSI6OTAwMDAwMDAwMDAwfSwic2NoZW1hX3ZlcnNpb24iOiIxIn0=",
          "dependencies": [
            "data.aws_caller_identity.current",
            "module.vpc.aws_vpc.this",
            "random_string.suffix"
          ],
          "create_before_destroy": true
        }
      ]
    },
    {
      "module": "module.retail_app_eks",
      "mode": "managed",
      "type": "aws_security_group",
      "name": "node",
      "provider": "provider[\"registry.terraform.io/hashicorp/aws\"]",
      "instances": [
        {
          "index_key": 0,
          "schema_version": 1,
          "attributes": {
            "arn": "arn:aws:ec2:us-west-2:195663986124:security-group/sg-07b0014aeaac5ea1b",
            "description": "EKS node shared security group",
            "egress": [],
            "id": "sg-07b0014aeaac5ea1b",
            "ingress": [],
            "name": "retail-store-e7ep-node-20260815174110620200000005",
            "name_prefix": "retail-store-e7ep-node-",
            "owner_id": "195663986124",
            "revoke_rules_on_delete": false,
            "tags": {
              "CreatedBy": "TrainWithShubhamCommunity",
              "CreatedDate": "2026-08-15",
              "Environment": "dev",
              "ManagedBy": "terraform",
              "Name": "retail-store-e7ep-node",
              "Owner": "AIDAS3DT3PXGO7Z7N6FPX",
              "Project": "retail-store",
              "kubernetes.io/cluster/retail-store-e7ep": "owned"
            },
            "tags_all": {
              "CreatedBy": "TrainWithShubhamCommunity",
              "CreatedDate": "2026-08-15",
              "Environment": "dev",
              "ManagedBy": "terraform",
              "Name": "retail-store-e7ep-node",
              "Owner": "AIDAS3DT3PXGO7Z7N6FPX",
              "Project": "retail-store",
              "kubernetes.io/cluster/retail-store-e7ep": "owned"
            },
            "timeouts": null,
            "vpc_id": "vpc-0a659ec6c624d7c05"
          },
          "sensitive_attributes": [],
          "private": "eyJlMmJmYjczMC1lY2FhLTExZTYtOGY4OC0zNDM2M2JjN2M0YzAiOnsiY3JlYXRlIjo2MDAwMDAwMDAwMDAsImRlbGV0ZSI6OTAwMDAwMDAwMDAwfSwic2NoZW1hX3ZlcnNpb24iOiIxIn0=",
          "dependencies": [
            "data.aws_caller_identity.current",
            "module.vpc.aws_vpc.this",
            "random_string.suffix"
          ],
          "create_before_destroy": true
        }
      ]
    },
    {
      "module": "module.retail_app_eks",
      "mode": "managed",
      "type": "aws_security_group_rule",
      "name": "cluster",
      "provider": "provider[\"registry.terraform.io/hashicorp/aws\"]",
      "instances": [
        {
          "index_key": "ingress_nodes_443",
          "schema_version": 2,
          "attributes": {
            "cidr_blocks": null,
            "description": "Node groups to cluster API",
            "from_port": 443,
            "id": "sgrule-3696952381",
            "ipv6_cidr_blocks": null,
            "prefix_list_ids": null,
            "protocol": "tcp",
            "security_group_id": "sg-0dc2c684cb556a46a",
            "security_group_rule_id": "sgr-0bf6b5b50e6d8523f",
            "self": false,
            "source_security_group_id": "sg-07b0014aeaac5ea1b",
            "timeouts": null,
            "to_port": 443,
            "type": "ingress"
          },
          "sensitive_attributes": [],
          "private": "eyJlMmJmYjczMC1lY2FhLTExZTYtOGY4OC0zNDM2M2JjN2M0YzAiOnsiY3JlYXRlIjozMDAwMDAwMDAwMDB9LCJzY2hlbWFfdmVyc2lvbiI6IjIifQ==",
          "dependencies": [
            "data.aws_caller_identity.current",
            "module.retail_app_eks.aws_security_group.cluster",
            "module.retail_app_eks.aws_security_group.node",
            "module.vpc.aws_vpc.this",
            "random_string.suffix"
          ],
          "create_before_destroy": true
        }
      ]
    },
    {
      "module": "module.retail_app_eks",
      "mode": "managed",
      "type": "aws_security_group_rule",
      "name": "node",
      "provider": "provider[\"registry.terraform.io/hashicorp/aws\"]",
      "instances": [
        {
          "index_key": "egress_all",
          "schema_version": 2,
          "attributes": {
            "cidr_blocks": [
              "0.0.0.0/0"
            ],
            "description": "Allow all egress",
            "from_port": 0,
            "id": "sgrule-2745243403",
            "ipv6_cidr_blocks": null,
            "prefix_list_ids": [],
            "protocol": "-1",
            "security_group_id": "sg-07b0014aeaac5ea1b",
            "security_group_rule_id": "sgr-02baedfaa9df91cb4",
            "self": false,
            "source_security_group_id": null,
            "timeouts": null,
            "to_port": 0,
            "type": "egress"
          },
          "sensitive_attributes": [],
          "private": "eyJlMmJmYjczMC1lY2FhLTExZTYtOGY4OC0zNDM2M2JjN2M0YzAiOnsiY3JlYXRlIjozMDAwMDAwMDAwMDB9LCJzY2hlbWFfdmVyc2lvbiI6IjIifQ==",
          "dependencies": [
            "data.aws_caller_identity.current",
            "module.retail_app_eks.aws_security_group.cluster",
            "module.retail_app_eks.aws_security_group.node",
            "module.vpc.aws_vpc.this",
            "random_string.suffix"
          ],
          "create_before_destroy": true
        },
        {
          "index_key": "ingress_cluster_443",
          "schema_version": 2,
          "attributes": {
            "cidr_blocks": null,
            "description": "Cluster API to node groups",
            "from_port": 443,
            "id": "sgrule-3077264961",
            "ipv6_cidr_blocks": null,
            "prefix_list_ids": [],
            "protocol": "tcp",
            "security_group_id": "sg-07b0014aeaac5ea1b",
            "security_group_rule_id": "sgr-04b614420675f8538",
            "self": false,
            "source_security_group_id": "sg-0dc2c684cb556a46a",
            "timeouts": null,
            "to_port": 443,
            "type": "ingress"
          },
          "sensitive_attributes": [],
          "private": "eyJlMmJmYjczMC1lY2FhLTExZTYtOGY4OC0zNDM2M2JjN2M0YzAiOnsiY3JlYXRlIjozMDAwMDAwMDAwMDB9LCJzY2hlbWFfdmVyc2lvbiI6IjIifQ==",
          "dependencies": [
            "data.aws_caller_identity.current",
            "module.retail_app_eks.aws_security_group.cluster",
            "module.retail_app_eks.aws_security_group.node",
            "module.vpc.aws_vpc.this",
            "random_string.suffix"
          ],
          "create_before_destroy": true
        },
        {
          "index_key": "ingress_cluster_4443_webhook",
          "schema_version": 2,
          "attributes": {
            "cidr_blocks": null,
            "description": "Cluster API to node 4443/tcp webhook",
            "from_port": 4443,
            "id": "sgrule-2815771816",
            "ipv6_cidr_blocks": null,
            "prefix_list_ids": [],
            "protocol": "tcp",
            "security_group_id": "sg-07b0014aeaac5ea1b",
            "security_group_rule_id": "sgr-0311f381d9dcedc49",
            "self": false,
            "source_security_group_id": "sg-0dc2c684cb556a46a",
            "timeouts": null,
            "to_port": 4443,
            "type": "ingress"
          },
          "sensitive_attributes": [],
          "private": "eyJlMmJmYjczMC1lY2FhLTExZTYtOGY4OC0zNDM2M2JjN2M0YzAiOnsiY3JlYXRlIjozMDAwMDAwMDAwMDB9LCJzY2hlbWFfdmVyc2lvbiI6IjIifQ==",
          "dependencies": [
            "data.aws_caller_identity.current",
            "module.retail_app_eks.aws_security_group.cluster",
            "module.retail_app_eks.aws_security_group.node",
            "module.vpc.aws_vpc.this",
            "random_string.suffix"
          ],
          "create_before_destroy": true
        },
        {
          "index_key": "ingress_cluster_6443_webhook",
          "schema_version": 2,
          "attributes": {
            "cidr_blocks": null,
            "description": "Cluster API to node 6443/tcp webhook",
            "from_port": 6443,
            "id": "sgrule-1855398718",
            "ipv6_cidr_blocks": null,
            "prefix_list_ids": [],
            "protocol": "tcp",
            "security_group_id": "sg-07b0014aeaac5ea1b",
            "security_group_rule_id": "sgr-0a526e9907e658171",
            "self": false,
            "source_security_group_id": "sg-0dc2c684cb556a46a",
            "timeouts": null,
            "to_port": 6443,
            "type": "ingress"
          },
          "sensitive_attributes": [],
          "private": "eyJlMmJmYjczMC1lY2FhLTExZTYtOGY4OC0zNDM2M2JjN2M0YzAiOnsiY3JlYXRlIjozMDAwMDAwMDAwMDB9LCJzY2hlbWFfdmVyc2lvbiI6IjIifQ==",
          "dependencies": [
            "data.aws_caller_identity.current",
            "module.retail_app_eks.aws_security_group.cluster",
            "module.retail_app_eks.aws_security_group.node",
            "module.vpc.aws_vpc.this",
            "random_string.suffix"
          ],
          "create_before_destroy": true
        },
        {
          "index_key": "ingress_cluster_8443_webhook",
          "schema_version": 2,
          "attributes": {
            "cidr_blocks": null,
            "description": "Cluster API to node 8443/tcp webhook",
            "from_port": 8443,
            "id": "sgrule-2110463775",
            "ipv6_cidr_blocks": null,
            "prefix_list_ids": [],
            "protocol": "tcp",
            "security_group_id": "sg-07b0014aeaac5ea1b",
            "security_group_rule_id": "sgr-08c4224dbf52c58f0",
            "self": false,
            "source_security_group_id": "sg-0dc2c684cb556a46a",
            "timeouts": null,
            "to_port": 8443,
            "type": "ingress"
          },
          "sensitive_attributes": [],
          "private": "eyJlMmJmYjczMC1lY2FhLTExZTYtOGY4OC0zNDM2M2JjN2M0YzAiOnsiY3JlYXRlIjozMDAwMDAwMDAwMDB9LCJzY2hlbWFfdmVyc2lvbiI6IjIifQ==",
          "dependencies": [
            "data.aws_caller_identity.current",
            "module.retail_app_eks.aws_security_group.cluster",
            "module.retail_app_eks.aws_security_group.node",
            "module.vpc.aws_vpc.this",
            "random_string.suffix"
          ],
          "create_before_destroy": true
        },
        {
          "index_key": "ingress_cluster_9443_webhook",
          "schema_version": 2,
          "attributes": {
            "cidr_blocks": null,
            "description": "Cluster API to node 9443/tcp webhook",
            "from_port": 9443,
            "id": "sgrule-426388692",
            "ipv6_cidr_blocks": null,
            "prefix_list_ids": [],
            "protocol": "tcp",
            "security_group_id": "sg-07b0014aeaac5ea1b",
            "security_group_rule_id": "sgr-0cb755874611df4c9",
            "self": false,
            "source_security_group_id": "sg-0dc2c684cb556a46a",
            "timeouts": null,
            "to_port": 9443,
            "type": "ingress"
          },
          "sensitive_attributes": [],
          "private": "eyJlMmJmYjczMC1lY2FhLTExZTYtOGY4OC0zNDM2M2JjN2M0YzAiOnsiY3JlYXRlIjozMDAwMDAwMDAwMDB9LCJzY2hlbWFfdmVyc2lvbiI6IjIifQ==",
          "dependencies": [
            "data.aws_caller_identity.current",
            "module.retail_app_eks.aws_security_group.cluster",
            "module.retail_app_eks.aws_security_group.node",
            "module.vpc.aws_vpc.this",
            "random_string.suffix"
          ],
          "create_before_destroy": true
        },
        {
          "index_key": "ingress_cluster_kubelet",
          "schema_version": 2,
          "attributes": {
            "cidr_blocks": null,
            "description": "Cluster API to node kubelets",
            "from_port": 10250,
            "id": "sgrule-1622588021",
            "ipv6_cidr_blocks": null,
            "prefix_list_ids": [],
            "protocol": "tcp",
            "security_group_id": "sg-07b0014aeaac5ea1b",
            "security_group_rule_id": "sgr-0073dc619748b91fd",
            "self": false,
            "source_security_group_id": "sg-0dc2c684cb556a46a",
            "timeouts": null,
            "to_port": 10250,
            "type": "ingress"
          },
          "sensitive_attributes": [],
          "private": "eyJlMmJmYjczMC1lY2FhLTExZTYtOGY4OC0zNDM2M2JjN2M0YzAiOnsiY3JlYXRlIjozMDAwMDAwMDAwMDB9LCJzY2hlbWFfdmVyc2lvbiI6IjIifQ==",
          "dependencies": [
            "data.aws_caller_identity.current",
            "module.retail_app_eks.aws_security_group.cluster",
            "module.retail_app_eks.aws_security_group.node",
            "module.vpc.aws_vpc.this",
            "random_string.suffix"
          ],
          "create_before_destroy": true
        },
        {
          "index_key": "ingress_nodes_ephemeral",
          "schema_version": 2,
          "attributes": {
            "cidr_blocks": null,
            "description": "Node to node ingress on ephemeral ports",
            "from_port": 1025,
            "id": "sgrule-3679840919",
            "ipv6_cidr_blocks": null,
            "prefix_list_ids": [],
            "protocol": "tcp",
            "security_group_id": "sg-07b0014aeaac5ea1b",
            "security_group_rule_id": "sgr-0911a7ea355839117",
            "self": true,
            "source_security_group_id": null,
            "timeouts": null,
            "to_port": 65535,
            "type": "ingress"
          },
          "sensitive_attributes": [],
          "private": "eyJlMmJmYjczMC1lY2FhLTExZTYtOGY4OC0zNDM2M2JjN2M0YzAiOnsiY3JlYXRlIjozMDAwMDAwMDAwMDB9LCJzY2hlbWFfdmVyc2lvbiI6IjIifQ==",
          "dependencies": [
            "data.aws_caller_identity.current",
            "module.retail_app_eks.aws_security_group.cluster",
            "module.retail_app_eks.aws_security_group.node",
            "module.vpc.aws_vpc.this",
            "random_string.suffix"
          ],
          "create_before_destroy": true
        },
        {
          "index_key": "ingress_self_coredns_tcp",
          "schema_version": 2,
          "attributes": {
            "cidr_blocks": null,
            "description": "Node to node CoreDNS",
            "from_port": 53,
            "id": "sgrule-3986962542",
            "ipv6_cidr_blocks": null,
            "prefix_list_ids": [],
            "protocol": "tcp",
            "security_group_id": "sg-07b0014aeaac5ea1b",
            "security_group_rule_id": "sgr-01e35549f404c61ad",
            "self": true,
            "source_security_group_id": null,
            "timeouts": null,
            "to_port": 53,
            "type": "ingress"
          },
          "sensitive_attributes": [],
          "private": "eyJlMmJmYjczMC1lY2FhLTExZTYtOGY4OC0zNDM2M2JjN2M0YzAiOnsiY3JlYXRlIjozMDAwMDAwMDAwMDB9LCJzY2hlbWFfdmVyc2lvbiI6IjIifQ==",
          "dependencies": [
            "data.aws_caller_identity.current",
            "module.retail_app_eks.aws_security_group.cluster",
            "module.retail_app_eks.aws_security_group.node",
            "module.vpc.aws_vpc.this",
            "random_string.suffix"
          ],
          "create_before_destroy": true
        },
        {
          "index_key": "ingress_self_coredns_udp",
          "schema_version": 2,
          "attributes": {
            "cidr_blocks": null,
            "description": "Node to node CoreDNS UDP",
            "from_port": 53,
            "id": "sgrule-1241226113",
            "ipv6_cidr_blocks": null,
            "prefix_list_ids": [],
            "protocol": "udp",
            "security_group_id": "sg-07b0014aeaac5ea1b",
            "security_group_rule_id": "sgr-0e4457ff3a3a69442",
            "self": true,
            "source_security_group_id": null,
            "timeouts": null,
            "to_port": 53,
            "type": "ingress"
          },
          "sensitive_attributes": [],
          "private": "eyJlMmJmYjczMC1lY2FhLTExZTYtOGY4OC0zNDM2M2JjN2M0YzAiOnsiY3JlYXRlIjozMDAwMDAwMDAwMDB9LCJzY2hlbWFfdmVyc2lvbiI6IjIifQ==",
          "dependencies": [
            "data.aws_caller_identity.current",
            "module.retail_app_eks.aws_security_group.cluster",
            "module.retail_app_eks.aws_security_group.node",
            "module.vpc.aws_vpc.this",
            "random_string.suffix"
          ],
          "create_before_destroy": true
        }
      ]
    },
    {
      "module": "module.retail_app_eks",
      "mode": "managed",
      "type": "time_sleep",
      "name": "this",
      "provider": "provider[\"registry.terraform.io/hashicorp/time\"]",
      "instances": [
        {
          "index_key": 0,
          "schema_version": 0,
          "attributes": {
            "create_duration": "30s",
            "destroy_duration": null,
            "id": "2026-08-15T17:53:02Z",
            "triggers": {
              "cluster_certificate_authority_data": "LS0tLS1CRUdJTiBDRVJUSUZJQ0FURS0tLS0tCk1JSUREakNDQWZhZ0F3SUJBZ0lSQU9qYXNGdEw4cW9MUXNLZUMvanZRNWd3RFFZSktvWklodmNOQVFFTEJRQXcKRlRFVE1CRUdBMVVFQXhNS2EzVmlaWEp1WlhSbGN6QWVGdzB5TmpBNE1UVXhOelF5TURCYUZ3MHpOakE0TVRJeApOelF5TURCYU1CVXhFekFSQmdOVkJBTVRDbXQxWW1WeWJtVjBaWE13Z2dFaU1BMEdDU3FHU0liM0RRRUJBUVVBCkE0SUJEd0F3Z2dFS0FvSUJBUURmd3psM29uM3NFbGVLNUJ2SU10RWgxaHRiTWVZalduUUlJeHVZZnpZU0pJUHAKMUZHY3VuWEFNR3BRakZFdCtqODBDbWliSG1QV0NPWjI2dFZ0d3lSSURNb2g1R09mbnM3WXdyVkRVVHQ1NUJtKwo0L3htN1crS2l1aWtQTDR6dmZncERnQWdxNFBUY29hUUp1MGErOENYQ1luRTZyOUV4Kyt6QXFDNmlaNXE2dFNHCjRqeTN4eFh3QlFZVjhXUm9BOUtUMlpmTjlZRmRHY3ZGbk9YMG9uUlpWNzNYdlZuMHlMTEVMTVczcFNVVHl5T3IKVUt2KzRzQ0hQZ2NNNnhRbXNEMkxYR1I3MzMvbkRLdDBucWFTM0g4aUsyazdIVVM2VmVZNHQycncvOURRdE9rcwpBRExURk9kTVpWWUFuT3o1TmxTc1FTWFVXNnRvbkVhVklCOTRlRU5UQWdNQkFBR2pXVEJYTUE0R0ExVWREd0VCCi93UUVBd0lDcERBUEJnTlZIUk1CQWY4RUJUQURBUUgvTUIwR0ExVWREZ1FXQkJUQVNycExNaWZGY2RPZTY5NXgKK3BOZnJDekx1REFWQmdOVkhSRUVEakFNZ2dwcmRXSmxjbTVsZEdWek1BMEdDU3FHU0liM0RRRUJDd1VBQTRJQgpBUUJpKzA3aDQvUXNzRjRyeHVCeDUvN1Z4dnFqZjBlYUlUUFlraDdXMU9CazZqbmEzZzV5OWprbEVNdU1NUmk0Cm0vSlJLK0xxYUN5QW1TU25xbnBMdm9UK2JLbktPanRJbXdOWk5HUXlZMGFLMnJWKzBWSGNKUUZQamdGM1VKUDMKY3gyaEtZTnB5TUU2cjVGYXd0bXJiNWt6MnVmTVdESzU0aUpwMldiMjJOQ0lvdzVBdFJIMGR6ajRmSUZ3andMdQpSdmN6UXdjNVFYUkZLQlZZL0dJUm5QV3RaaVJRaHV5RFpUMk9KNmEzMy8zSWdCNXliSDdNbld0SDN4Y2ZDVmxBCjdyTDZKYXZIN0x0Wk4yMHBOWURGU3V3VTZtYzZxd3NKNnpiT2RaQm1zdHJmZ1ZVSEI2amdNSWtEc29rSkxDbWwKQ2c0OFN5aGpDK2IvWHdMOVFRdklpZ1JYCi0tLS0tRU5EIENFUlRJRklDQVRFLS0tLS0K",
              "cluster_endpoint": "https://6E80F06ECCC4D63A6EED47D9F289BFBF.gr7.us-west-2.eks.amazonaws.com",
              "cluster_name": "retail-store-e7ep",
              "cluster_service_cidr": "172.20.0.0/16",
              "cluster_version": "1.33"
            }
          },
          "sensitive_attributes": [],
          "dependencies": [
            "data.aws_availability_zones.available",
            "data.aws_caller_identity.current",
            "module.retail_app_eks.aws_cloudwatch_log_group.this",
            "module.retail_app_eks.aws_eks_cluster.this",
            "module.retail_app_eks.aws_iam_policy.cni_ipv6_policy",
            "module.retail_app_eks.aws_iam_role.eks_auto",
            "module.retail_app_eks.aws_iam_role.this",
            "module.retail_app_eks.aws_iam_role_policy_attachment.this",
            "module.retail_app_eks.aws_security_group.cluster",
            "module.retail_app_eks.aws_security_group.node",
            "module.retail_app_eks.aws_security_group_rule.cluster",
            "module.retail_app_eks.aws_security_group_rule.node",
            "module.retail_app_eks.data.aws_caller_identity.current",
            "module.retail_app_eks.data.aws_iam_policy_document.assume_role_policy",
            "module.retail_app_eks.data.aws_iam_policy_document.cni_ipv6_policy",
            "module.retail_app_eks.data.aws_iam_policy_document.node_assume_role_policy",
            "module.retail_app_eks.data.aws_iam_session_context.current",
            "module.retail_app_eks.data.aws_partition.current",
            "module.retail_app_eks.module.kms.aws_kms_external_key.this",
            "module.retail_app_eks.module.kms.aws_kms_key.this",
            "module.retail_app_eks.module.kms.aws_kms_replica_external_key.this",
            "module.retail_app_eks.module.kms.aws_kms_replica_key.this",
            "module.retail_app_eks.module.kms.data.aws_caller_identity.current",
            "module.retail_app_eks.module.kms.data.aws_iam_policy_document.this",
            "module.retail_app_eks.module.kms.data.aws_partition.current",
            "module.vpc.aws_subnet.private",
            "module.vpc.aws_vpc.this",
            "module.vpc.aws_vpc_ipv4_cidr_block_association.this",
            "random_string.suffix"
          ],
          "create_before_destroy": true
        }
      ]
    },
    {
      "module": "module.retail_app_eks.module.kms",
      "mode": "data",
      "type": "aws_caller_identity",
      "name": "current",
      "provider": "provider[\"registry.terraform.io/hashicorp/aws\"]",
      "instances": [
        {
          "index_key": 0,
          "schema_version": 0,
          "attributes": {
            "account_id": "195663986124",
            "arn": "arn:aws:iam::195663986124:user/Retail",
            "id": "195663986124",
            "user_id": "AIDAS3DT3PXGO7Z7N6FPX"
          },
          "sensitive_attributes": []
        }
      ]
    },
    {
      "module": "module.retail_app_eks.module.kms",
      "mode": "data",
      "type": "aws_iam_policy_document",
      "name": "this",
      "provider": "provider[\"registry.terraform.io/hashicorp/aws\"]",
      "instances": [
        {
          "index_key": 0,
          "schema_version": 0,
          "attributes": {
            "id": "575074225",
            "json": "{\n  \"Version\": \"2012-10-17\",\n  \"Statement\": [\n    {\n      \"Sid\": \"Default\",\n      \"Effect\": \"Allow\",\n      \"Action\": \"kms:*\",\n      \"Resource\": \"*\",\n      \"Principal\": {\n        \"AWS\": \"arn:aws:iam::195663986124:root\"\n      }\n    },\n    {\n      \"Sid\": \"KeyAdministration\",\n      \"Effect\": \"Allow\",\n      \"Action\": [\n        \"kms:Update*\",\n        \"kms:UntagResource\",\n        \"kms:TagResource\",\n        \"kms:ScheduleKeyDeletion\",\n        \"kms:Revoke*\",\n        \"kms:ReplicateKey\",\n        \"kms:Put*\",\n        \"kms:List*\",\n        \"kms:ImportKeyMaterial\",\n        \"kms:Get*\",\n        \"kms:Enable*\",\n        \"kms:Disable*\",\n        \"kms:Describe*\",\n        \"kms:Delete*\",\n        \"kms:Create*\",\n        \"kms:CancelKeyDeletion\"\n      ],\n      \"Resource\": \"*\",\n      \"Principal\": {\n        \"AWS\": \"arn:aws:iam::195663986124:user/Retail\"\n      }\n    },\n    {\n      \"Sid\": \"KeyUsage\",\n      \"Effect\": \"Allow\",\n      \"Action\": [\n        \"kms:ReEncrypt*\",\n        \"kms:GenerateDataKey*\",\n        \"kms:Encrypt\",\n        \"kms:DescribeKey\",\n        \"kms:Decrypt\"\n      ],\n      \"Resource\": \"*\",\n      \"Principal\": {\n        \"AWS\": \"arn:aws:iam::195663986124:role/retail-store-e7ep-cluster-20260815174110620200000002\"\n      }\n    }\n  ]\n}",
            "minified_json": "{\"Version\":\"2012-10-17\",\"Statement\":[{\"Sid\":\"Default\",\"Effect\":\"Allow\",\"Action\":\"kms:*\",\"Resource\":\"*\",\"Principal\":{\"AWS\":\"arn:aws:iam::195663986124:root\"}},{\"Sid\":\"KeyAdministration\",\"Effect\":\"Allow\",\"Action\":[\"kms:Update*\",\"kms:UntagResource\",\"kms:TagResource\",\"kms:ScheduleKeyDeletion\",\"kms:Revoke*\",\"kms:ReplicateKey\",\"kms:Put*\",\"kms:List*\",\"kms:ImportKeyMaterial\",\"kms:Get*\",\"kms:Enable*\",\"kms:Disable*\",\"kms:Describe*\",\"kms:Delete*\",\"kms:Create*\",\"kms:CancelKeyDeletion\"],\"Resource\":\"*\",\"Principal\":{\"AWS\":\"arn:aws:iam::195663986124:user/Retail\"}},{\"Sid\":\"KeyUsage\",\"Effect\":\"Allow\",\"Action\":[\"kms:ReEncrypt*\",\"kms:GenerateDataKey*\",\"kms:Encrypt\",\"kms:DescribeKey\",\"kms:Decrypt\"],\"Resource\":\"*\",\"Principal\":{\"AWS\":\"arn:aws:iam::195663986124:role/retail-store-e7ep-cluster-20260815174110620200000002\"}}]}",
            "override_json": null,
            "override_policy_documents": null,
            "policy_id": null,
            "source_json": null,
            "source_policy_documents": null,
            "statement": [
              {
                "actions": [
                  "kms:*"
                ],
                "condition": [],
                "effect": "Allow",
                "not_actions": [],
                "not_principals": [],
                "not_resources": [],
                "principals": [
                  {
                    "identifiers": [
                      "arn:aws:iam::195663986124:root"
                    ],
                    "type": "AWS"
                  }
                ],
                "resources": [
                  "*"
                ],
                "sid": "Default"
              },
              {
                "actions": [
                  "kms:CancelKeyDeletion",
                  "kms:Create*",
                  "kms:Delete*",
                  "kms:Describe*",
                  "kms:Disable*",
                  "kms:Enable*",
                  "kms:Get*",
                  "kms:ImportKeyMaterial",
                  "kms:List*",
                  "kms:Put*",
                  "kms:ReplicateKey",
                  "kms:Revoke*",
                  "kms:ScheduleKeyDeletion",
                  "kms:TagResource",
                  "kms:UntagResource",
                  "kms:Update*"
                ],
                "condition": [],
                "effect": "Allow",
                "not_actions": [],
                "not_principals": [],
                "not_resources": [],
                "principals": [
                  {
                    "identifiers": [
                      "arn:aws:iam::195663986124:user/Retail"
                    ],
                    "type": "AWS"
                  }
                ],
                "resources": [
                  "*"
                ],
                "sid": "KeyAdministration"
              },
              {
                "actions": [
                  "kms:Decrypt",
                  "kms:DescribeKey",
                  "kms:Encrypt",
                  "kms:GenerateDataKey*",
                  "kms:ReEncrypt*"
                ],
                "condition": [],
                "effect": "Allow",
                "not_actions": [],
                "not_principals": [],
                "not_resources": [],
                "principals": [
                  {
                    "identifiers": [
                      "arn:aws:iam::195663986124:role/retail-store-e7ep-cluster-20260815174110620200000002"
                    ],
                    "type": "AWS"
                  }
                ],
                "resources": [
                  "*"
                ],
                "sid": "KeyUsage"
              }
            ],
            "version": "2012-10-17"
          },
          "sensitive_attributes": []
        }
      ]
    },
    {
      "module": "module.retail_app_eks.module.kms",
      "mode": "data",
      "type": "aws_partition",
      "name": "current",
      "provider": "provider[\"registry.terraform.io/hashicorp/aws\"]",
      "instances": [
        {
          "index_key": 0,
          "schema_version": 0,
          "attributes": {
            "dns_suffix": "amazonaws.com",
            "id": "aws",
            "partition": "aws",
            "reverse_dns_prefix": "com.amazonaws"
          },
          "sensitive_attributes": []
        }
      ]
    },
    {
      "module": "module.retail_app_eks.module.kms",
      "mode": "managed",
      "type": "aws_kms_alias",
      "name": "this",
      "provider": "provider[\"registry.terraform.io/hashicorp/aws\"]",
      "instances": [
        {
          "index_key": "cluster",
          "schema_version": 0,
          "attributes": {
            "arn": "arn:aws:kms:us-west-2:195663986124:alias/eks/retail-store-e7ep",
            "id": "alias/eks/retail-store-e7ep",
            "name": "alias/eks/retail-store-e7ep",
            "name_prefix": "",
            "target_key_arn": "arn:aws:kms:us-west-2:195663986124:key/d9aa89e9-4354-4078-929a-67251f12913f",
            "target_key_id": "d9aa89e9-4354-4078-929a-67251f12913f"
          },
          "sensitive_attributes": [],
          "private": "bnVsbA==",
          "dependencies": [
            "data.aws_caller_identity.current",
            "module.retail_app_eks.aws_iam_role.this",
            "module.retail_app_eks.data.aws_caller_identity.current",
            "module.retail_app_eks.data.aws_iam_policy_document.assume_role_policy",
            "module.retail_app_eks.data.aws_iam_session_context.current",
            "module.retail_app_eks.module.kms.aws_kms_external_key.this",
            "module.retail_app_eks.module.kms.aws_kms_key.this",
            "module.retail_app_eks.module.kms.aws_kms_replica_external_key.this",
            "module.retail_app_eks.module.kms.aws_kms_replica_key.this",
            "module.retail_app_eks.module.kms.data.aws_caller_identity.current",
            "module.retail_app_eks.module.kms.data.aws_iam_policy_document.this",
            "module.retail_app_eks.module.kms.data.aws_partition.current",
            "random_string.suffix"
          ]
        }
      ]
    },
    {
      "module": "module.retail_app_eks.module.kms",
      "mode": "managed",
      "type": "aws_kms_key",
      "name": "this",
      "provider": "provider[\"registry.terraform.io/hashicorp/aws\"]",
      "instances": [
        {
          "index_key": 0,
          "schema_version": 0,
          "attributes": {
            "arn": "arn:aws:kms:us-west-2:195663986124:key/d9aa89e9-4354-4078-929a-67251f12913f",
            "bypass_policy_lockout_safety_check": false,
            "custom_key_store_id": "",
            "customer_master_key_spec": "SYMMETRIC_DEFAULT",
            "deletion_window_in_days": 7,
            "description": "EKS cluster retail-store-e7ep encryption key",
            "enable_key_rotation": true,
            "id": "d9aa89e9-4354-4078-929a-67251f12913f",
            "is_enabled": true,
            "key_id": "d9aa89e9-4354-4078-929a-67251f12913f",
            "key_usage": "ENCRYPT_DECRYPT",
            "multi_region": false,
            "policy": "{\"Statement\":[{\"Action\":\"kms:*\",\"Effect\":\"Allow\",\"Principal\":{\"AWS\":\"arn:aws:iam::195663986124:root\"},\"Resource\":\"*\",\"Sid\":\"Default\"},{\"Action\":[\"kms:Update*\",\"kms:UntagResource\",\"kms:TagResource\",\"kms:ScheduleKeyDeletion\",\"kms:Revoke*\",\"kms:ReplicateKey\",\"kms:Put*\",\"kms:List*\",\"kms:ImportKeyMaterial\",\"kms:Get*\",\"kms:Enable*\",\"kms:Disable*\",\"kms:Describe*\",\"kms:Delete*\",\"kms:Create*\",\"kms:CancelKeyDeletion\"],\"Effect\":\"Allow\",\"Principal\":{\"AWS\":\"arn:aws:iam::195663986124:user/Retail\"},\"Resource\":\"*\",\"Sid\":\"KeyAdministration\"},{\"Action\":[\"kms:ReEncrypt*\",\"kms:GenerateDataKey*\",\"kms:Encrypt\",\"kms:DescribeKey\",\"kms:Decrypt\"],\"Effect\":\"Allow\",\"Principal\":{\"AWS\":\"arn:aws:iam::195663986124:role/retail-store-e7ep-cluster-20260815174110620200000002\"},\"Resource\":\"*\",\"Sid\":\"KeyUsage\"}],\"Version\":\"2012-10-17\"}",
            "rotation_period_in_days": 365,
            "tags": {
              "CreatedBy": "TrainWithShubhamCommunity",
              "CreatedDate": "2026-08-15",
              "Environment": "dev",
              "ManagedBy": "terraform",
              "Owner": "AIDAS3DT3PXGO7Z7N6FPX",
              "Project": "retail-store",
              "terraform-aws-modules": "eks"
            },
            "tags_all": {
              "CreatedBy": "TrainWithShubhamCommunity",
              "CreatedDate": "2026-08-15",
              "Environment": "dev",
              "ManagedBy": "terraform",
              "Owner": "AIDAS3DT3PXGO7Z7N6FPX",
              "Project": "retail-store",
              "terraform-aws-modules": "eks"
            },
            "timeouts": null,
            "xks_key_id": ""
          },
          "sensitive_attributes": [],
          "private": "eyJlMmJmYjczMC1lY2FhLTExZTYtOGY4OC0zNDM2M2JjN2M0YzAiOnsiY3JlYXRlIjoxMjAwMDAwMDAwMDB9fQ==",
          "dependencies": [
            "data.aws_caller_identity.current",
            "module.retail_app_eks.aws_iam_role.this",
            "module.retail_app_eks.data.aws_caller_identity.current",
            "module.retail_app_eks.data.aws_iam_policy_document.assume_role_policy",
            "module.retail_app_eks.data.aws_iam_session_context.current",
            "module.retail_app_eks.module.kms.data.aws_caller_identity.current",
            "module.retail_app_eks.module.kms.data.aws_iam_policy_document.this",
            "module.retail_app_eks.module.kms.data.aws_partition.current",
            "random_string.suffix"
          ],
          "create_before_destroy": true
        }
      ]
    },
    {
      "module": "module.vpc",
      "mode": "managed",
      "type": "aws_default_network_acl",
      "name": "this",
      "provider": "provider[\"registry.terraform.io/hashicorp/aws\"]",
      "instances": [
        {
          "index_key": 0,
          "schema_version": 0,
          "attributes": {
            "arn": "arn:aws:ec2:us-west-2:195663986124:network-acl/acl-06d79ac94ff1641f3",
            "default_network_acl_id": "acl-06d79ac94ff1641f3",
            "egress": [
              {
                "action": "allow",
                "cidr_block": "",
                "from_port": 0,
                "icmp_code": null,
                "icmp_type": null,
                "ipv6_cidr_block": "::/0",
                "protocol": "-1",
                "rule_no": 101,
                "to_port": 0
              },
              {
                "action": "allow",
                "cidr_block": "0.0.0.0/0",
                "from_port": 0,
                "icmp_code": null,
                "icmp_type": null,
                "ipv6_cidr_block": "",
                "protocol": "-1",
                "rule_no": 100,
                "to_port": 0
              }
            ],
            "id": "acl-06d79ac94ff1641f3",
            "ingress": [
              {
                "action": "allow",
                "cidr_block": "",
                "from_port": 0,
                "icmp_code": null,
                "icmp_type": null,
                "ipv6_cidr_block": "::/0",
                "protocol": "-1",
                "rule_no": 101,
                "to_port": 0
              },
              {
                "action": "allow",
                "cidr_block": "0.0.0.0/0",
                "from_port": 0,
                "icmp_code": null,
                "icmp_type": null,
                "ipv6_cidr_block": "",
                "protocol": "-1",
                "rule_no": 100,
                "to_port": 0
              }
            ],
            "owner_id": "195663986124",
            "subnet_ids": [
              "subnet-00d5d3b5f0962c0fe",
              "subnet-030a9020e7a068654",
              "subnet-03e1470ae8b6a57dd",
              "subnet-05517ae92e72d7b1f",
              "subnet-0cefd4ff2644f859c"
            ],
            "tags": {
              "CreatedBy": "TrainWithShubhamCommunity",
              "CreatedDate": "2026-08-15",
              "Environment": "dev",
              "ManagedBy": "terraform",
              "Name": "retail-store-default-nacl",
              "Owner": "AIDAS3DT3PXGO7Z7N6FPX",
              "Project": "retail-store"
            },
            "tags_all": {
              "CreatedBy": "TrainWithShubhamCommunity",
              "CreatedDate": "2026-08-15",
              "Environment": "dev",
              "ManagedBy": "terraform",
              "Name": "retail-store-default-nacl",
              "Owner": "AIDAS3DT3PXGO7Z7N6FPX",
              "Project": "retail-store"
            },
            "vpc_id": "vpc-0a659ec6c624d7c05"
          },
          "sensitive_attributes": [],
          "private": "bnVsbA==",
          "dependencies": [
            "data.aws_caller_identity.current",
            "module.vpc.aws_vpc.this"
          ]
        }
      ]
    },
    {
      "module": "module.vpc",
      "mode": "managed",
      "type": "aws_default_route_table",
      "name": "default",
      "provider": "provider[\"registry.terraform.io/hashicorp/aws\"]",
      "instances": [
        {
          "index_key": 0,
          "schema_version": 0,
          "attributes": {
            "arn": "arn:aws:ec2:us-west-2:195663986124:route-table/rtb-00dfaeac56f5b481e",
            "default_route_table_id": "rtb-00dfaeac56f5b481e",
            "id": "rtb-00dfaeac56f5b481e",
            "owner_id": "195663986124",
            "propagating_vgws": null,
            "route": [],
            "tags": {
              "CreatedBy": "TrainWithShubhamCommunity",
              "CreatedDate": "2026-08-15",
              "Environment": "dev",
              "ManagedBy": "terraform",
              "Name": "retail-store-default-rt",
              "Owner": "AIDAS3DT3PXGO7Z7N6FPX",
              "Project": "retail-store"
            },
            "tags_all": {
              "CreatedBy": "TrainWithShubhamCommunity",
              "CreatedDate": "2026-08-15",
              "Environment": "dev",
              "ManagedBy": "terraform",
              "Name": "retail-store-default-rt",
              "Owner": "AIDAS3DT3PXGO7Z7N6FPX",
              "Project": "retail-store"
            },
            "timeouts": {
              "create": "5m",
              "update": "5m"
            },
            "vpc_id": "vpc-0a659ec6c624d7c05"
          },
          "sensitive_attributes": [],
          "private": "eyJlMmJmYjczMC1lY2FhLTExZTYtOGY4OC0zNDM2M2JjN2M0YzAiOnsiY3JlYXRlIjozMDAwMDAwMDAwMDAsInVwZGF0ZSI6MzAwMDAwMDAwMDAwfX0=",
          "dependencies": [
            "data.aws_caller_identity.current",
            "module.vpc.aws_vpc.this"
          ]
        }
      ]
    },
    {
      "module": "module.vpc",
      "mode": "managed",
      "type": "aws_default_security_group",
      "name": "this",
      "provider": "provider[\"registry.terraform.io/hashicorp/aws\"]",
      "instances": [
        {
          "index_key": 0,
          "schema_version": 1,
          "attributes": {
            "arn": "arn:aws:ec2:us-west-2:195663986124:security-group/sg-0ab8cdb7b2599d1d4",
            "description": "default VPC security group",
            "egress": [],
            "id": "sg-0ab8cdb7b2599d1d4",
            "ingress": [],
            "name": "default",
            "name_prefix": "",
            "owner_id": "195663986124",
            "revoke_rules_on_delete": false,
            "tags": {
              "CreatedBy": "TrainWithShubhamCommunity",
              "CreatedDate": "2026-08-15",
              "Environment": "dev",
              "ManagedBy": "terraform",
              "Name": "retail-store-default-sg",
              "Owner": "AIDAS3DT3PXGO7Z7N6FPX",
              "Project": "retail-store"
            },
            "tags_all": {
              "CreatedBy": "TrainWithShubhamCommunity",
              "CreatedDate": "2026-08-15",
              "Environment": "dev",
              "ManagedBy": "terraform",
              "Name": "retail-store-default-sg",
              "Owner": "AIDAS3DT3PXGO7Z7N6FPX",
              "Project": "retail-store"
            },
            "vpc_id": "vpc-0a659ec6c624d7c05"
          },
          "sensitive_attributes": [],
          "private": "eyJzY2hlbWFfdmVyc2lvbiI6IjEifQ==",
          "dependencies": [
            "data.aws_caller_identity.current",
            "module.vpc.aws_vpc.this"
          ]
        }
      ]
    },
    {
      "module": "module.vpc",
      "mode": "managed",
      "type": "aws_eip",
      "name": "nat",
      "provider": "provider[\"registry.terraform.io/hashicorp/aws\"]",
      "instances": [
        {
          "index_key": 0,
          "schema_version": 0,
          "attributes": {
            "address": null,
            "allocation_id": "eipalloc-05d4f7dc54cef4775",
            "arn": "arn:aws:ec2:us-west-2:195663986124:elastic-ip/eipalloc-05d4f7dc54cef4775",
            "associate_with_private_ip": null,
            "association_id": "",
            "carrier_ip": "",
            "customer_owned_ip": "",
            "customer_owned_ipv4_pool": "",
            "domain": "vpc",
            "id": "eipalloc-05d4f7dc54cef4775",
            "instance": "",
            "ipam_pool_id": null,
            "network_border_group": "us-west-2",
            "network_interface": "",
            "private_dns": null,
            "private_ip": "",
            "ptr_record": "",
            "public_dns": "ec2-35-161-55-192.us-west-2.compute.amazonaws.com",
            "public_ip": "35.161.55.192",
            "public_ipv4_pool": "amazon",
            "tags": {
              "CreatedBy": "TrainWithShubhamCommunity",
              "CreatedDate": "2026-08-15",
              "Environment": "dev",
              "ManagedBy": "terraform",
              "Name": "retail-store-vpc-us-west-2a",
              "Owner": "AIDAS3DT3PXGO7Z7N6FPX",
              "Project": "retail-store"
            },
            "tags_all": {
              "CreatedBy": "TrainWithShubhamCommunity",
              "CreatedDate": "2026-08-15",
              "Environment": "dev",
              "ManagedBy": "terraform",
              "Name": "retail-store-vpc-us-west-2a",
              "Owner": "AIDAS3DT3PXGO7Z7N6FPX",
              "Project": "retail-store"
            },
            "timeouts": null,
            "vpc": true
          },
          "sensitive_attributes": [],
          "private": "eyJlMmJmYjczMC1lY2FhLTExZTYtOGY4OC0zNDM2M2JjN2M0YzAiOnsiZGVsZXRlIjoxODAwMDAwMDAwMDAsInJlYWQiOjkwMDAwMDAwMDAwMCwidXBkYXRlIjozMDAwMDAwMDAwMDB9fQ==",
          "dependencies": [
            "data.aws_availability_zones.available",
            "data.aws_caller_identity.current",
            "module.vpc.aws_internet_gateway.this",
            "module.vpc.aws_vpc.this",
            "module.vpc.aws_vpc_ipv4_cidr_block_association.this"
          ]
        }
      ]
    },
    {
      "module": "module.vpc",
      "mode": "managed",
      "type": "aws_internet_gateway",
      "name": "this",
      "provider": "provider[\"registry.terraform.io/hashicorp/aws\"]",
      "instances": [
        {
          "index_key": 0,
          "schema_version": 0,
          "attributes": {
            "arn": "arn:aws:ec2:us-west-2:195663986124:internet-gateway/igw-01d54d99556038814",
            "id": "igw-01d54d99556038814",
            "owner_id": "195663986124",
            "tags": {
              "CreatedBy": "TrainWithShubhamCommunity",
              "CreatedDate": "2026-08-15",
              "Environment": "dev",
              "ManagedBy": "terraform",
              "Name": "retail-store-vpc",
              "Owner": "AIDAS3DT3PXGO7Z7N6FPX",
              "Project": "retail-store"
            },
            "tags_all": {
              "CreatedBy": "TrainWithShubhamCommunity",
              "CreatedDate": "2026-08-15",
              "Environment": "dev",
              "ManagedBy": "terraform",
              "Name": "retail-store-vpc",
              "Owner": "AIDAS3DT3PXGO7Z7N6FPX",
              "Project": "retail-store"
            },
            "timeouts": null,
            "vpc_id": "vpc-0a659ec6c624d7c05"
          },
          "sensitive_attributes": [],
          "private": "eyJlMmJmYjczMC1lY2FhLTExZTYtOGY4OC0zNDM2M2JjN2M0YzAiOnsiY3JlYXRlIjoxMjAwMDAwMDAwMDAwLCJkZWxldGUiOjEyMDAwMDAwMDAwMDAsInVwZGF0ZSI6MTIwMDAwMDAwMDAwMH19",
          "dependencies": [
            "data.aws_availability_zones.available",
            "data.aws_caller_identity.current",
            "module.vpc.aws_vpc.this",
            "module.vpc.aws_vpc_ipv4_cidr_block_association.this"
          ]
        }
      ]
    },
    {
      "module": "module.vpc",
      "mode": "managed",
      "type": "aws_nat_gateway",
      "name": "this",
      "provider": "provider[\"registry.terraform.io/hashicorp/aws\"]",
      "instances": [
        {
          "index_key": 0,
          "schema_version": 0,
          "attributes": {
            "allocation_id": "eipalloc-05d4f7dc54cef4775",
            "association_id": "eipassoc-0a2123d2b7481ea56",
            "connectivity_type": "public",
            "id": "nat-07a82578009a80913",
            "network_interface_id": "eni-01c1a4b874495af81",
            "private_ip": "10.0.0.103",
            "public_ip": "35.161.55.192",
            "secondary_allocation_ids": null,
            "secondary_private_ip_address_count": 0,
            "secondary_private_ip_addresses": [],
            "subnet_id": "subnet-030a9020e7a068654",
            "tags": {
              "CreatedBy": "TrainWithShubhamCommunity",
              "CreatedDate": "2026-08-15",
              "Environment": "dev",
              "ManagedBy": "terraform",
              "Name": "retail-store-vpc-us-west-2a",
              "Owner": "AIDAS3DT3PXGO7Z7N6FPX",
              "Project": "retail-store"
            },
            "tags_all": {
              "CreatedBy": "TrainWithShubhamCommunity",
              "CreatedDate": "2026-08-15",
              "Environment": "dev",
              "ManagedBy": "terraform",
              "Name": "retail-store-vpc-us-west-2a",
              "Owner": "AIDAS3DT3PXGO7Z7N6FPX",
              "Project": "retail-store"
            },
            "timeouts": null
          },
          "sensitive_attributes": [],
          "private": "eyJlMmJmYjczMC1lY2FhLTExZTYtOGY4OC0zNDM2M2JjN2M0YzAiOnsiY3JlYXRlIjo2MDAwMDAwMDAwMDAsImRlbGV0ZSI6MTgwMDAwMDAwMDAwMCwidXBkYXRlIjo2MDAwMDAwMDAwMDB9fQ==",
          "dependencies": [
            "data.aws_availability_zones.available",
            "data.aws_caller_identity.current",
            "module.vpc.aws_eip.nat",
            "module.vpc.aws_internet_gateway.this",
            "module.vpc.aws_subnet.public",
            "module.vpc.aws_vpc.this",
            "module.vpc.aws_vpc_ipv4_cidr_block_association.this",
            "random_string.suffix"
          ]
        }
      ]
    },
    {
      "module": "module.vpc",
      "mode": "managed",
      "type": "aws_route",
      "name": "private_nat_gateway",
      "provider": "provider[\"registry.terraform.io/hashicorp/aws\"]",
      "instances": [
        {
          "index_key": 0,
          "schema_version": 0,
          "attributes": {
            "carrier_gateway_id": "",
            "core_network_arn": "",
            "destination_cidr_block": "0.0.0.0/0",
            "destination_ipv6_cidr_block": "",
            "destination_prefix_list_id": "",
            "egress_only_gateway_id": "",
            "gateway_id": "",
            "id": "r-rtb-0894c84fef5fcbe0d1080289494",
            "instance_id": "",
            "instance_owner_id": "",
            "local_gateway_id": "",
            "nat_gateway_id": "nat-07a82578009a80913",
            "network_interface_id": "",
            "origin": "CreateRoute",
            "route_table_id": "rtb-0894c84fef5fcbe0d",
            "state": "active",
            "timeouts": {
              "create": "5m",
              "delete": null,
              "update": null
            },
            "transit_gateway_id": "",
            "vpc_endpoint_id": "",
            "vpc_peering_connection_id": ""
          },
          "sensitive_attributes": [],
          "private": "eyJlMmJmYjczMC1lY2FhLTExZTYtOGY4OC0zNDM2M2JjN2M0YzAiOnsiY3JlYXRlIjozMDAwMDAwMDAwMDAsImRlbGV0ZSI6MzAwMDAwMDAwMDAwLCJ1cGRhdGUiOjEyMDAwMDAwMDAwMH19",
          "dependencies": [
            "data.aws_availability_zones.available",
            "data.aws_caller_identity.current",
            "module.vpc.aws_eip.nat",
            "module.vpc.aws_internet_gateway.this",
            "module.vpc.aws_nat_gateway.this",
            "module.vpc.aws_route_table.private",
            "module.vpc.aws_subnet.public",
            "module.vpc.aws_vpc.this",
            "module.vpc.aws_vpc_ipv4_cidr_block_association.this",
            "random_string.suffix"
          ]
        }
      ]
    },
    {
      "module": "module.vpc",
      "mode": "managed",
      "type": "aws_route",
      "name": "public_internet_gateway",
      "provider": "provider[\"registry.terraform.io/hashicorp/aws\"]",
      "instances": [
        {
          "index_key": 0,
          "schema_version": 0,
          "attributes": {
            "carrier_gateway_id": "",
            "core_network_arn": "",
            "destination_cidr_block": "0.0.0.0/0",
            "destination_ipv6_cidr_block": "",
            "destination_prefix_list_id": "",
            "egress_only_gateway_id": "",
            "gateway_id": "igw-01d54d99556038814",
            "id": "r-rtb-00784669fe36ec4db1080289494",
            "instance_id": "",
            "instance_owner_id": "",
            "local_gateway_id": "",
            "nat_gateway_id": "",
            "network_interface_id": "",
            "origin": "CreateRoute",
            "route_table_id": "rtb-00784669fe36ec4db",
            "state": "active",
            "timeouts": {
              "create": "5m",
              "delete": null,
              "update": null
            },
            "transit_gateway_id": "",
            "vpc_endpoint_id": "",
            "vpc_peering_connection_id": ""
          },
          "sensitive_attributes": [],
          "private": "eyJlMmJmYjczMC1lY2FhLTExZTYtOGY4OC0zNDM2M2JjN2M0YzAiOnsiY3JlYXRlIjozMDAwMDAwMDAwMDAsImRlbGV0ZSI6MzAwMDAwMDAwMDAwLCJ1cGRhdGUiOjEyMDAwMDAwMDAwMH19",
          "dependencies": [
            "data.aws_availability_zones.available",
            "data.aws_caller_identity.current",
            "module.vpc.aws_internet_gateway.this",
            "module.vpc.aws_route_table.public",
            "module.vpc.aws_vpc.this",
            "module.vpc.aws_vpc_ipv4_cidr_block_association.this"
          ]
        }
      ]
    },
    {
      "module": "module.vpc",
      "mode": "managed",
      "type": "aws_route_table",
      "name": "private",
      "provider": "provider[\"registry.terraform.io/hashicorp/aws\"]",
      "instances": [
        {
          "index_key": 0,
          "schema_version": 0,
          "attributes": {
            "arn": "arn:aws:ec2:us-west-2:195663986124:route-table/rtb-0894c84fef5fcbe0d",
            "id": "rtb-0894c84fef5fcbe0d",
            "owner_id": "195663986124",
            "propagating_vgws": [],
            "route": [],
            "tags": {
              "CreatedBy": "TrainWithShubhamCommunity",
              "CreatedDate": "2026-08-15",
              "Environment": "dev",
              "ManagedBy": "terraform",
              "Name": "retail-store-vpc-private",
              "Owner": "AIDAS3DT3PXGO7Z7N6FPX",
              "Project": "retail-store"
            },
            "tags_all": {
              "CreatedBy": "TrainWithShubhamCommunity",
              "CreatedDate": "2026-08-15",
              "Environment": "dev",
              "ManagedBy": "terraform",
              "Name": "retail-store-vpc-private",
              "Owner": "AIDAS3DT3PXGO7Z7N6FPX",
              "Project": "retail-store"
            },
            "timeouts": null,
            "vpc_id": "vpc-0a659ec6c624d7c05"
          },
          "sensitive_attributes": [],
          "private": "eyJlMmJmYjczMC1lY2FhLTExZTYtOGY4OC0zNDM2M2JjN2M0YzAiOnsiY3JlYXRlIjozMDAwMDAwMDAwMDAsImRlbGV0ZSI6MzAwMDAwMDAwMDAwLCJ1cGRhdGUiOjEyMDAwMDAwMDAwMH19",
          "dependencies": [
            "data.aws_availability_zones.available",
            "data.aws_caller_identity.current",
            "module.vpc.aws_vpc.this",
            "module.vpc.aws_vpc_ipv4_cidr_block_association.this"
          ]
        }
      ]
    },
    {
      "module": "module.vpc",
      "mode": "managed",
      "type": "aws_route_table",
      "name": "public",
      "provider": "provider[\"registry.terraform.io/hashicorp/aws\"]",
      "instances": [
        {
          "index_key": 0,
          "schema_version": 0,
          "attributes": {
            "arn": "arn:aws:ec2:us-west-2:195663986124:route-table/rtb-00784669fe36ec4db",
            "id": "rtb-00784669fe36ec4db",
            "owner_id": "195663986124",
            "propagating_vgws": [],
            "route": [],
            "tags": {
              "CreatedBy": "TrainWithShubhamCommunity",
              "CreatedDate": "2026-08-15",
              "Environment": "dev",
              "ManagedBy": "terraform",
              "Name": "retail-store-vpc-public",
              "Owner": "AIDAS3DT3PXGO7Z7N6FPX",
              "Project": "retail-store"
            },
            "tags_all": {
              "CreatedBy": "TrainWithShubhamCommunity",
              "CreatedDate": "2026-08-15",
              "Environment": "dev",
              "ManagedBy": "terraform",
              "Name": "retail-store-vpc-public",
              "Owner": "AIDAS3DT3PXGO7Z7N6FPX",
              "Project": "retail-store"
            },
            "timeouts": null,
            "vpc_id": "vpc-0a659ec6c624d7c05"
          },
          "sensitive_attributes": [],
          "private": "eyJlMmJmYjczMC1lY2FhLTExZTYtOGY4OC0zNDM2M2JjN2M0YzAiOnsiY3JlYXRlIjozMDAwMDAwMDAwMDAsImRlbGV0ZSI6MzAwMDAwMDAwMDAwLCJ1cGRhdGUiOjEyMDAwMDAwMDAwMH19",
          "dependencies": [
            "data.aws_availability_zones.available",
            "data.aws_caller_identity.current",
            "module.vpc.aws_vpc.this",
            "module.vpc.aws_vpc_ipv4_cidr_block_association.this"
          ]
        }
      ]
    },
    {
      "module": "module.vpc",
      "mode": "managed",
      "type": "aws_route_table_association",
      "name": "private",
      "provider": "provider[\"registry.terraform.io/hashicorp/aws\"]",
      "instances": [
        {
          "index_key": 0,
          "schema_version": 0,
          "attributes": {
            "gateway_id": "",
            "id": "rtbassoc-0cc59f1c39c1492b2",
            "route_table_id": "rtb-0894c84fef5fcbe0d",
            "subnet_id": "subnet-05517ae92e72d7b1f",
            "timeouts": null
          },
          "sensitive_attributes": [],
          "private": "eyJlMmJmYjczMC1lY2FhLTExZTYtOGY4OC0zNDM2M2JjN2M0YzAiOnsiY3JlYXRlIjozMDAwMDAwMDAwMDAsImRlbGV0ZSI6MzAwMDAwMDAwMDAwLCJ1cGRhdGUiOjEyMDAwMDAwMDAwMH19",
          "dependencies": [
            "data.aws_availability_zones.available",
            "data.aws_caller_identity.current",
            "module.vpc.aws_route_table.private",
            "module.vpc.aws_subnet.private",
            "module.vpc.aws_vpc.this",
            "module.vpc.aws_vpc_ipv4_cidr_block_association.this",
            "random_string.suffix"
          ]
        },
        {
          "index_key": 1,
          "schema_version": 0,
          "attributes": {
            "gateway_id": "",
            "id": "rtbassoc-01f952acdd9075865",
            "route_table_id": "rtb-0894c84fef5fcbe0d",
            "subnet_id": "subnet-0b2756dabb1c7a507",
            "timeouts": null
          },
          "sensitive_attributes": [],
          "private": "eyJlMmJmYjczMC1lY2FhLTExZTYtOGY4OC0zNDM2M2JjN2M0YzAiOnsiY3JlYXRlIjozMDAwMDAwMDAwMDAsImRlbGV0ZSI6MzAwMDAwMDAwMDAwLCJ1cGRhdGUiOjEyMDAwMDAwMDAwMH19",
          "dependencies": [
            "data.aws_availability_zones.available",
            "data.aws_caller_identity.current",
            "module.vpc.aws_route_table.private",
            "module.vpc.aws_subnet.private",
            "module.vpc.aws_vpc.this",
            "module.vpc.aws_vpc_ipv4_cidr_block_association.this",
            "random_string.suffix"
          ]
        },
        {
          "index_key": 2,
          "schema_version": 0,
          "attributes": {
            "gateway_id": "",
            "id": "rtbassoc-012f7e1a4867a15f8",
            "route_table_id": "rtb-0894c84fef5fcbe0d",
            "subnet_id": "subnet-00d5d3b5f0962c0fe",
            "timeouts": null
          },
          "sensitive_attributes": [],
          "private": "eyJlMmJmYjczMC1lY2FhLTExZTYtOGY4OC0zNDM2M2JjN2M0YzAiOnsiY3JlYXRlIjozMDAwMDAwMDAwMDAsImRlbGV0ZSI6MzAwMDAwMDAwMDAwLCJ1cGRhdGUiOjEyMDAwMDAwMDAwMH19",
          "dependencies": [
            "data.aws_availability_zones.available",
            "data.aws_caller_identity.current",
            "module.vpc.aws_route_table.private",
            "module.vpc.aws_subnet.private",
            "module.vpc.aws_vpc.this",
            "module.vpc.aws_vpc_ipv4_cidr_block_association.this",
            "random_string.suffix"
          ]
        }
      ]
    },
    {
      "module": "module.vpc",
      "mode": "managed",
      "type": "aws_route_table_association",
      "name": "public",
      "provider": "provider[\"registry.terraform.io/hashicorp/aws\"]",
      "instances": [
        {
          "index_key": 0,
          "schema_version": 0,
          "attributes": {
            "gateway_id": "",
            "id": "rtbassoc-03ec73ddb4cc799aa",
            "route_table_id": "rtb-00784669fe36ec4db",
            "subnet_id": "subnet-030a9020e7a068654",
            "timeouts": null
          },
          "sensitive_attributes": [],
          "private": "eyJlMmJmYjczMC1lY2FhLTExZTYtOGY4OC0zNDM2M2JjN2M0YzAiOnsiY3JlYXRlIjozMDAwMDAwMDAwMDAsImRlbGV0ZSI6MzAwMDAwMDAwMDAwLCJ1cGRhdGUiOjEyMDAwMDAwMDAwMH19",
          "dependencies": [
            "data.aws_availability_zones.available",
            "data.aws_caller_identity.current",
            "module.vpc.aws_route_table.public",
            "module.vpc.aws_subnet.public",
            "module.vpc.aws_vpc.this",
            "module.vpc.aws_vpc_ipv4_cidr_block_association.this",
            "random_string.suffix"
          ]
        },
        {
          "index_key": 1,
          "schema_version": 0,
          "attributes": {
            "gateway_id": "",
            "id": "rtbassoc-09195b931e3eb2bd1",
            "route_table_id": "rtb-00784669fe36ec4db",
            "subnet_id": "subnet-03e1470ae8b6a57dd",
            "timeouts": null
          },
          "sensitive_attributes": [],
          "private": "eyJlMmJmYjczMC1lY2FhLTExZTYtOGY4OC0zNDM2M2JjN2M0YzAiOnsiY3JlYXRlIjozMDAwMDAwMDAwMDAsImRlbGV0ZSI6MzAwMDAwMDAwMDAwLCJ1cGRhdGUiOjEyMDAwMDAwMDAwMH19",
          "dependencies": [
            "data.aws_availability_zones.available",
            "data.aws_caller_identity.current",
            "module.vpc.aws_route_table.public",
            "module.vpc.aws_subnet.public",
            "module.vpc.aws_vpc.this",
            "module.vpc.aws_vpc_ipv4_cidr_block_association.this",
            "random_string.suffix"
          ]
        },
        {
          "index_key": 2,
          "schema_version": 0,
          "attributes": {
            "gateway_id": "",
            "id": "rtbassoc-0855349f95be3c024",
            "route_table_id": "rtb-00784669fe36ec4db",
            "subnet_id": "subnet-0cefd4ff2644f859c",
            "timeouts": null
          },
          "sensitive_attributes": [],
          "private": "eyJlMmJmYjczMC1lY2FhLTExZTYtOGY4OC0zNDM2M2JjN2M0YzAiOnsiY3JlYXRlIjozMDAwMDAwMDAwMDAsImRlbGV0ZSI6MzAwMDAwMDAwMDAwLCJ1cGRhdGUiOjEyMDAwMDAwMDAwMH19",
          "dependencies": [
            "data.aws_availability_zones.available",
            "data.aws_caller_identity.current",
            "module.vpc.aws_route_table.public",
            "module.vpc.aws_subnet.public",
            "module.vpc.aws_vpc.this",
            "module.vpc.aws_vpc_ipv4_cidr_block_association.this",
            "random_string.suffix"
          ]
        }
      ]
    },
    {
      "module": "module.vpc",
      "mode": "managed",
      "type": "aws_subnet",
      "name": "private",
      "provider": "provider[\"registry.terraform.io/hashicorp/aws\"]",
      "instances": [
        {
          "index_key": 0,
          "schema_version": 1,
          "attributes": {
            "arn": "arn:aws:ec2:us-west-2:195663986124:subnet/subnet-05517ae92e72d7b1f",
            "assign_ipv6_address_on_creation": false,
            "availability_zone": "us-west-2a",
            "availability_zone_id": "usw2-az2",
            "cidr_block": "10.0.10.0/24",
            "customer_owned_ipv4_pool": "",
            "enable_dns64": false,
            "enable_lni_at_device_index": 0,
            "enable_resource_name_dns_a_record_on_launch": false,
            "enable_resource_name_dns_aaaa_record_on_launch": false,
            "id": "subnet-05517ae92e72d7b1f",
            "ipv6_cidr_block": "",
            "ipv6_cidr_block_association_id": "",
            "ipv6_native": false,
            "map_customer_owned_ip_on_launch": false,
            "map_public_ip_on_launch": false,
            "outpost_arn": "",
            "owner_id": "195663986124",
            "private_dns_hostname_type_on_launch": "ip-name",
            "tags": {
              "CreatedBy": "TrainWithShubhamCommunity",
              "CreatedDate": "2026-08-15",
              "Environment": "dev",
              "ManagedBy": "terraform",
              "Name": "retail-store-vpc-private-us-west-2a",
              "Owner": "AIDAS3DT3PXGO7Z7N6FPX",
              "Project": "retail-store",
              "kubernetes.io/cluster/retail-store-e7ep": "shared",
              "kubernetes.io/role/internal-elb": "1"
            },
            "tags_all": {
              "CreatedBy": "TrainWithShubhamCommunity",
              "CreatedDate": "2026-08-15",
              "Environment": "dev",
              "ManagedBy": "terraform",
              "Name": "retail-store-vpc-private-us-west-2a",
              "Owner": "AIDAS3DT3PXGO7Z7N6FPX",
              "Project": "retail-store",
              "kubernetes.io/cluster/retail-store-e7ep": "shared",
              "kubernetes.io/role/internal-elb": "1"
            },
            "timeouts": null,
            "vpc_id": "vpc-0a659ec6c624d7c05"
          },
          "sensitive_attributes": [],
          "private": "eyJlMmJmYjczMC1lY2FhLTExZTYtOGY4OC0zNDM2M2JjN2M0YzAiOnsiY3JlYXRlIjo2MDAwMDAwMDAwMDAsImRlbGV0ZSI6MTIwMDAwMDAwMDAwMH0sInNjaGVtYV92ZXJzaW9uIjoiMSJ9",
          "dependencies": [
            "data.aws_availability_zones.available",
            "data.aws_caller_identity.current",
            "module.vpc.aws_vpc.this",
            "module.vpc.aws_vpc_ipv4_cidr_block_association.this",
            "random_string.suffix"
          ],
          "create_before_destroy": true
        },
        {
          "index_key": 1,
          "schema_version": 1,
          "attributes": {
            "arn": "arn:aws:ec2:us-west-2:195663986124:subnet/subnet-0b2756dabb1c7a507",
            "assign_ipv6_address_on_creation": false,
            "availability_zone": "us-west-2b",
            "availability_zone_id": "usw2-az1",
            "cidr_block": "10.0.11.0/24",
            "customer_owned_ipv4_pool": "",
            "enable_dns64": false,
            "enable_lni_at_device_index": 0,
            "enable_resource_name_dns_a_record_on_launch": false,
            "enable_resource_name_dns_aaaa_record_on_launch": false,
            "id": "subnet-0b2756dabb1c7a507",
            "ipv6_cidr_block": "",
            "ipv6_cidr_block_association_id": "",
            "ipv6_native": false,
            "map_customer_owned_ip_on_launch": false,
            "map_public_ip_on_launch": false,
            "outpost_arn": "",
            "owner_id": "195663986124",
            "private_dns_hostname_type_on_launch": "ip-name",
            "tags": {
              "CreatedBy": "TrainWithShubhamCommunity",
              "CreatedDate": "2026-08-15",
              "Environment": "dev",
              "ManagedBy": "terraform",
              "Name": "retail-store-vpc-private-us-west-2b",
              "Owner": "AIDAS3DT3PXGO7Z7N6FPX",
              "Project": "retail-store",
              "kubernetes.io/cluster/retail-store-e7ep": "shared",
              "kubernetes.io/role/internal-elb": "1"
            },
            "tags_all": {
              "CreatedBy": "TrainWithShubhamCommunity",
              "CreatedDate": "2026-08-15",
              "Environment": "dev",
              "ManagedBy": "terraform",
              "Name": "retail-store-vpc-private-us-west-2b",
              "Owner": "AIDAS3DT3PXGO7Z7N6FPX",
              "Project": "retail-store",
              "kubernetes.io/cluster/retail-store-e7ep": "shared",
              "kubernetes.io/role/internal-elb": "1"
            },
            "timeouts": null,
            "vpc_id": "vpc-0a659ec6c624d7c05"
          },
          "sensitive_attributes": [],
          "private": "eyJlMmJmYjczMC1lY2FhLTExZTYtOGY4OC0zNDM2M2JjN2M0YzAiOnsiY3JlYXRlIjo2MDAwMDAwMDAwMDAsImRlbGV0ZSI6MTIwMDAwMDAwMDAwMH0sInNjaGVtYV92ZXJzaW9uIjoiMSJ9",
          "dependencies": [
            "data.aws_availability_zones.available",
            "data.aws_caller_identity.current",
            "module.vpc.aws_vpc.this",
            "module.vpc.aws_vpc_ipv4_cidr_block_association.this",
            "random_string.suffix"
          ],
          "create_before_destroy": true
        },
        {
          "index_key": 2,
          "schema_version": 1,
          "attributes": {
            "arn": "arn:aws:ec2:us-west-2:195663986124:subnet/subnet-00d5d3b5f0962c0fe",
            "assign_ipv6_address_on_creation": false,
            "availability_zone": "us-west-2c",
            "availability_zone_id": "usw2-az3",
            "cidr_block": "10.0.12.0/24",
            "customer_owned_ipv4_pool": "",
            "enable_dns64": false,
            "enable_lni_at_device_index": 0,
            "enable_resource_name_dns_a_record_on_launch": false,
            "enable_resource_name_dns_aaaa_record_on_launch": false,
            "id": "subnet-00d5d3b5f0962c0fe",
            "ipv6_cidr_block": "",
            "ipv6_cidr_block_association_id": "",
            "ipv6_native": false,
            "map_customer_owned_ip_on_launch": false,
            "map_public_ip_on_launch": false,
            "outpost_arn": "",
            "owner_id": "195663986124",
            "private_dns_hostname_type_on_launch": "ip-name",
            "tags": {
              "CreatedBy": "TrainWithShubhamCommunity",
              "CreatedDate": "2026-08-15",
              "Environment": "dev",
              "ManagedBy": "terraform",
              "Name": "retail-store-vpc-private-us-west-2c",
              "Owner": "AIDAS3DT3PXGO7Z7N6FPX",
              "Project": "retail-store",
              "kubernetes.io/cluster/retail-store-e7ep": "shared",
              "kubernetes.io/role/internal-elb": "1"
            },
            "tags_all": {
              "CreatedBy": "TrainWithShubhamCommunity",
              "CreatedDate": "2026-08-15",
              "Environment": "dev",
              "ManagedBy": "terraform",
              "Name": "retail-store-vpc-private-us-west-2c",
              "Owner": "AIDAS3DT3PXGO7Z7N6FPX",
              "Project": "retail-store",
              "kubernetes.io/cluster/retail-store-e7ep": "shared",
              "kubernetes.io/role/internal-elb": "1"
            },
            "timeouts": null,
            "vpc_id": "vpc-0a659ec6c624d7c05"
          },
          "sensitive_attributes": [],
          "private": "eyJlMmJmYjczMC1lY2FhLTExZTYtOGY4OC0zNDM2M2JjN2M0YzAiOnsiY3JlYXRlIjo2MDAwMDAwMDAwMDAsImRlbGV0ZSI6MTIwMDAwMDAwMDAwMH0sInNjaGVtYV92ZXJzaW9uIjoiMSJ9",
          "dependencies": [
            "data.aws_availability_zones.available",
            "data.aws_caller_identity.current",
            "module.vpc.aws_vpc.this",
            "module.vpc.aws_vpc_ipv4_cidr_block_association.this",
            "random_string.suffix"
          ],
          "create_before_destroy": true
        }
      ]
    },
    {
      "module": "module.vpc",
      "mode": "managed",
      "type": "aws_subnet",
      "name": "public",
      "provider": "provider[\"registry.terraform.io/hashicorp/aws\"]",
      "instances": [
        {
          "index_key": 0,
          "schema_version": 1,
          "attributes": {
            "arn": "arn:aws:ec2:us-west-2:195663986124:subnet/subnet-030a9020e7a068654",
            "assign_ipv6_address_on_creation": false,
            "availability_zone": "us-west-2a",
            "availability_zone_id": "usw2-az2",
            "cidr_block": "10.0.0.0/24",
            "customer_owned_ipv4_pool": "",
            "enable_dns64": false,
            "enable_lni_at_device_index": 0,
            "enable_resource_name_dns_a_record_on_launch": false,
            "enable_resource_name_dns_aaaa_record_on_launch": false,
            "id": "subnet-030a9020e7a068654",
            "ipv6_cidr_block": "",
            "ipv6_cidr_block_association_id": "",
            "ipv6_native": false,
            "map_customer_owned_ip_on_launch": false,
            "map_public_ip_on_launch": false,
            "outpost_arn": "",
            "owner_id": "195663986124",
            "private_dns_hostname_type_on_launch": "ip-name",
            "tags": {
              "CreatedBy": "TrainWithShubhamCommunity",
              "CreatedDate": "2026-08-15",
              "Environment": "dev",
              "ManagedBy": "terraform",
              "Name": "retail-store-vpc-public-us-west-2a",
              "Owner": "AIDAS3DT3PXGO7Z7N6FPX",
              "Project": "retail-store",
              "kubernetes.io/cluster/retail-store-e7ep": "shared",
              "kubernetes.io/role/elb": "1"
            },
            "tags_all": {
              "CreatedBy": "TrainWithShubhamCommunity",
              "CreatedDate": "2026-08-15",
              "Environment": "dev",
              "ManagedBy": "terraform",
              "Name": "retail-store-vpc-public-us-west-2a",
              "Owner": "AIDAS3DT3PXGO7Z7N6FPX",
              "Project": "retail-store",
              "kubernetes.io/cluster/retail-store-e7ep": "shared",
              "kubernetes.io/role/elb": "1"
            },
            "timeouts": null,
            "vpc_id": "vpc-0a659ec6c624d7c05"
          },
          "sensitive_attributes": [],
          "private": "eyJlMmJmYjczMC1lY2FhLTExZTYtOGY4OC0zNDM2M2JjN2M0YzAiOnsiY3JlYXRlIjo2MDAwMDAwMDAwMDAsImRlbGV0ZSI6MTIwMDAwMDAwMDAwMH0sInNjaGVtYV92ZXJzaW9uIjoiMSJ9",
          "dependencies": [
            "data.aws_availability_zones.available",
            "data.aws_caller_identity.current",
            "module.vpc.aws_vpc.this",
            "module.vpc.aws_vpc_ipv4_cidr_block_association.this",
            "random_string.suffix"
          ]
        },
        {
          "index_key": 1,
          "schema_version": 1,
          "attributes": {
            "arn": "arn:aws:ec2:us-west-2:195663986124:subnet/subnet-03e1470ae8b6a57dd",
            "assign_ipv6_address_on_creation": false,
            "availability_zone": "us-west-2b",
            "availability_zone_id": "usw2-az1",
            "cidr_block": "10.0.1.0/24",
            "customer_owned_ipv4_pool": "",
            "enable_dns64": false,
            "enable_lni_at_device_index": 0,
            "enable_resource_name_dns_a_record_on_launch": false,
            "enable_resource_name_dns_aaaa_record_on_launch": false,
            "id": "subnet-03e1470ae8b6a57dd",
            "ipv6_cidr_block": "",
            "ipv6_cidr_block_association_id": "",
            "ipv6_native": false,
            "map_customer_owned_ip_on_launch": false,
            "map_public_ip_on_launch": false,
            "outpost_arn": "",
            "owner_id": "195663986124",
            "private_dns_hostname_type_on_launch": "ip-name",
            "tags": {
              "CreatedBy": "TrainWithShubhamCommunity",
              "CreatedDate": "2026-08-15",
              "Environment": "dev",
              "ManagedBy": "terraform",
              "Name": "retail-store-vpc-public-us-west-2b",
              "Owner": "AIDAS3DT3PXGO7Z7N6FPX",
              "Project": "retail-store",
              "kubernetes.io/cluster/retail-store-e7ep": "shared",
              "kubernetes.io/role/elb": "1"
            },
            "tags_all": {
              "CreatedBy": "TrainWithShubhamCommunity",
              "CreatedDate": "2026-08-15",
              "Environment": "dev",
              "ManagedBy": "terraform",
              "Name": "retail-store-vpc-public-us-west-2b",
              "Owner": "AIDAS3DT3PXGO7Z7N6FPX",
              "Project": "retail-store",
              "kubernetes.io/cluster/retail-store-e7ep": "shared",
              "kubernetes.io/role/elb": "1"
            },
            "timeouts": null,
            "vpc_id": "vpc-0a659ec6c624d7c05"
          },
          "sensitive_attributes": [],
          "private": "eyJlMmJmYjczMC1lY2FhLTExZTYtOGY4OC0zNDM2M2JjN2M0YzAiOnsiY3JlYXRlIjo2MDAwMDAwMDAwMDAsImRlbGV0ZSI6MTIwMDAwMDAwMDAwMH0sInNjaGVtYV92ZXJzaW9uIjoiMSJ9",
          "dependencies": [
            "data.aws_availability_zones.available",
            "data.aws_caller_identity.current",
            "module.vpc.aws_vpc.this",
            "module.vpc.aws_vpc_ipv4_cidr_block_association.this",
            "random_string.suffix"
          ]
        },
        {
          "index_key": 2,
          "schema_version": 1,
          "attributes": {
            "arn": "arn:aws:ec2:us-west-2:195663986124:subnet/subnet-0cefd4ff2644f859c",
            "assign_ipv6_address_on_creation": false,
            "availability_zone": "us-west-2c",
            "availability_zone_id": "usw2-az3",
            "cidr_block": "10.0.2.0/24",
            "customer_owned_ipv4_pool": "",
            "enable_dns64": false,
            "enable_lni_at_device_index": 0,
            "enable_resource_name_dns_a_record_on_launch": false,
            "enable_resource_name_dns_aaaa_record_on_launch": false,
            "id": "subnet-0cefd4ff2644f859c",
            "ipv6_cidr_block": "",
            "ipv6_cidr_block_association_id": "",
            "ipv6_native": false,
            "map_customer_owned_ip_on_launch": false,
            "map_public_ip_on_launch": false,
            "outpost_arn": "",
            "owner_id": "195663986124",
            "private_dns_hostname_type_on_launch": "ip-name",
            "tags": {
              "CreatedBy": "TrainWithShubhamCommunity",
              "CreatedDate": "2026-08-15",
              "Environment": "dev",
              "ManagedBy": "terraform",
              "Name": "retail-store-vpc-public-us-west-2c",
              "Owner": "AIDAS3DT3PXGO7Z7N6FPX",
              "Project": "retail-store",
              "kubernetes.io/cluster/retail-store-e7ep": "shared",
              "kubernetes.io/role/elb": "1"
            },
            "tags_all": {
              "CreatedBy": "TrainWithShubhamCommunity",
              "CreatedDate": "2026-08-15",
              "Environment": "dev",
              "ManagedBy": "terraform",
              "Name": "retail-store-vpc-public-us-west-2c",
              "Owner": "AIDAS3DT3PXGO7Z7N6FPX",
              "Project": "retail-store",
              "kubernetes.io/cluster/retail-store-e7ep": "shared",
              "kubernetes.io/role/elb": "1"
            },
            "timeouts": null,
            "vpc_id": "vpc-0a659ec6c624d7c05"
          },
          "sensitive_attributes": [],
          "private": "eyJlMmJmYjczMC1lY2FhLTExZTYtOGY4OC0zNDM2M2JjN2M0YzAiOnsiY3JlYXRlIjo2MDAwMDAwMDAwMDAsImRlbGV0ZSI6MTIwMDAwMDAwMDAwMH0sInNjaGVtYV92ZXJzaW9uIjoiMSJ9",
          "dependencies": [
            "data.aws_availability_zones.available",
            "data.aws_caller_identity.current",
            "module.vpc.aws_vpc.this",
            "module.vpc.aws_vpc_ipv4_cidr_block_association.this",
            "random_string.suffix"
          ]
        }
      ]
    },
    {
      "module": "module.vpc",
      "mode": "managed",
      "type": "aws_vpc",
      "name": "this",
      "provider": "provider[\"registry.terraform.io/hashicorp/aws\"]",
      "instances": [
        {
          "index_key": 0,
          "schema_version": 1,
          "attributes": {
            "arn": "arn:aws:ec2:us-west-2:195663986124:vpc/vpc-0a659ec6c624d7c05",
            "assign_generated_ipv6_cidr_block": false,
            "cidr_block": "10.0.0.0/16",
            "default_network_acl_id": "acl-06d79ac94ff1641f3",
            "default_route_table_id": "rtb-00dfaeac56f5b481e",
            "default_security_group_id": "sg-0ab8cdb7b2599d1d4",
            "dhcp_options_id": "dopt-0bff19c1ed86abee6",
            "enable_dns_hostnames": true,
            "enable_dns_support": true,
            "enable_network_address_usage_metrics": false,
            "id": "vpc-0a659ec6c624d7c05",
            "instance_tenancy": "default",
            "ipv4_ipam_pool_id": null,
            "ipv4_netmask_length": null,
            "ipv6_association_id": "",
            "ipv6_cidr_block": "",
            "ipv6_cidr_block_network_border_group": "",
            "ipv6_ipam_pool_id": "",
            "ipv6_netmask_length": 0,
            "main_route_table_id": "rtb-00dfaeac56f5b481e",
            "owner_id": "195663986124",
            "tags": {
              "CreatedBy": "TrainWithShubhamCommunity",
              "CreatedDate": "2026-08-15",
              "Environment": "dev",
              "ManagedBy": "terraform",
              "Name": "retail-store-vpc",
              "Owner": "AIDAS3DT3PXGO7Z7N6FPX",
              "Project": "retail-store"
            },
            "tags_all": {
              "CreatedBy": "TrainWithShubhamCommunity",
              "CreatedDate": "2026-08-15",
              "Environment": "dev",
              "ManagedBy": "terraform",
              "Name": "retail-store-vpc",
              "Owner": "AIDAS3DT3PXGO7Z7N6FPX",
              "Project": "retail-store"
            }
          },
          "sensitive_attributes": [],
          "private": "eyJzY2hlbWFfdmVyc2lvbiI6IjEifQ==",
          "dependencies": [
            "data.aws_caller_identity.current"
          ],
          "create_before_destroy": true
        }
      ]
    }
  ],
  "check_results": [
    {
      "object_kind": "resource",
      "config_addr": "module.retail_app_eks.module.self_managed_node_group.module.user_data.null_resource.validate_cluster_service_cidr",
      "status": "pass",
      "objects": null
    },
    {
      "object_kind": "resource",
      "config_addr": "module.retail_app_eks.module.eks_managed_node_group.module.user_data.null_resource.validate_cluster_service_cidr",
      "status": "pass",
      "objects": null
    },
    {
      "object_kind": "var",
      "config_addr": "module.retail_app_eks.module.self_managed_node_group.var.platform",
      "status": "pass",
      "objects": null
    }
  ]
}
